// !$*UTF8*$!
{
	archiveVersion = 1;
	classes = {
	};
	objectVersion = 54;
	objects = {

/* Begin PBXBuildFile section */
		8402F3D11F7ACF4600BAE922 /* AVFoundation.framework in Frameworks */ = {isa = PBXBuildFile; fileRef = 8402F3D01F7ACF4600BAE922 /* AVFoundation.framework */; };
		8402F3D31F7ACF5D00BAE922 /* CoreImage.framework in Frameworks */ = {isa = PBXBuildFile; fileRef = 8402F3D21F7ACF5D00BAE922 /* CoreImage.framework */; };
		8402F3D51F7ACF6900BAE922 /* CoreFoundation.framework in Frameworks */ = {isa = PBXBuildFile; fileRef = 8402F3D41F7ACF6900BAE922 /* CoreFoundation.framework */; };
		8402F3D71F7ACF8E00BAE922 /* CoreVideo.framework in Frameworks */ = {isa = PBXBuildFile; fileRef = 8402F3D61F7ACF8D00BAE922 /* CoreVideo.framework */; };
		8402F3D91F7ACFAA00BAE922 /* CoreMedia.framework in Frameworks */ = {isa = PBXBuildFile; fileRef = 8402F3D81F7ACFAA00BAE922 /* CoreMedia.framework */; };
		A9C265882B4DD7FD00E4DAB9 /* data-zip in Resources */ = {isa = PBXBuildFile; fileRef = A9C265872B4DD7FD00E4DAB9 /* data-zip */; };
		A9C2658A2B4DD82A00E4DAB9 /* docengine.xcframework in Frameworks */ = {isa = PBXBuildFile; fileRef = A9C265892B4DD82A00E4DAB9 /* docengine.xcframework */; };
		A9C266392B4DD9D900E4DAB9 /* se_image.mm in Sources */ = {isa = PBXBuildFile; fileRef = A9C265A12B4DD9D900E4DAB9 /* se_image.mm */; };
		A9C2663A2B4DD9D900E4DAB9 /* strings_set_iterator.mm in Sources */ = {isa = PBXBuildFile; fileRef = A9C265A32B4DD9D900E4DAB9 /* strings_set_iterator.mm */; };
		A9C2663B2B4DD9D900E4DAB9 /* strings_map_iterator.mm in Sources */ = {isa = PBXBuildFile; fileRef = A9C265A42B4DD9D900E4DAB9 /* strings_map_iterator.mm */; };
		A9C2663C2B4DD9D900E4DAB9 /* strings_vector_iterator.mm in Sources */ = {isa = PBXBuildFile; fileRef = A9C265A52B4DD9D900E4DAB9 /* strings_vector_iterator.mm */; };
		A9C2663D2B4DD9D900E4DAB9 /* point.mm in Sources */ = {isa = PBXBuildFile; fileRef = A9C265A72B4DD9D900E4DAB9 /* point.mm */; };
		A9C2663E2B4DD9D900E4DAB9 /* quads_map_iterator.mm in Sources */ = {isa = PBXBuildFile; fileRef = A9C265A82B4DD9D900E4DAB9 /* quads_map_iterator.mm */; };
		A9C2663F2B4DD9D900E4DAB9 /* projective_transform.mm in Sources */ = {isa = PBXBuildFile; fileRef = A9C265A92B4DD9D900E4DAB9 /* projective_transform.mm */; };
		A9C266402B4DD9D900E4DAB9 /* quad.mm in Sources */ = {isa = PBXBuildFile; fileRef = A9C265AA2B4DD9D900E4DAB9 /* quad.mm */; };
		A9C266412B4DD9D900E4DAB9 /* rect.mm in Sources */ = {isa = PBXBuildFile; fileRef = A9C265AB2B4DD9D900E4DAB9 /* rect.mm */; };
		A9C266422B4DD9D900E4DAB9 /* size.mm in Sources */ = {isa = PBXBuildFile; fileRef = A9C265AC2B4DD9D900E4DAB9 /* size.mm */; };
		A9C266432B4DD9D900E4DAB9 /* poly.mm in Sources */ = {isa = PBXBuildFile; fileRef = A9C265AD2B4DD9D900E4DAB9 /* poly.mm */; };
		A9C266442B4DD9D900E4DAB9 /* se_common_proxy.mm in Sources */ = {isa = PBXBuildFile; fileRef = A9C265AE2B4DD9D900E4DAB9 /* se_common_proxy.mm */; };
		A9C266452B4DD9D900E4DAB9 /* set.mm in Sources */ = {isa = PBXBuildFile; fileRef = A9C265B02B4DD9D900E4DAB9 /* set.mm */; };
		A9C266462B4DD9D900E4DAB9 /* ocr_char_variant.mm in Sources */ = {isa = PBXBuildFile; fileRef = A9C265B22B4DD9D900E4DAB9 /* ocr_char_variant.mm */; };
		A9C266472B4DD9D900E4DAB9 /* ocr_char.mm in Sources */ = {isa = PBXBuildFile; fileRef = A9C265B32B4DD9D900E4DAB9 /* ocr_char.mm */; };
		A9C266482B4DD9D900E4DAB9 /* ocr_string.mm in Sources */ = {isa = PBXBuildFile; fileRef = A9C265B42B4DD9D900E4DAB9 /* ocr_string.mm */; };
		A9C266492B4DD9D900E4DAB9 /* byte_string.mm in Sources */ = {isa = PBXBuildFile; fileRef = A9C265B52B4DD9D900E4DAB9 /* byte_string.mm */; };
		A9C2664A2B4DD9D900E4DAB9 /* serializer.mm in Sources */ = {isa = PBXBuildFile; fileRef = A9C265B72B4DD9D900E4DAB9 /* serializer.mm */; };
		A9C2664B2B4DD9D900E4DAB9 /* params.mm in Sources */ = {isa = PBXBuildFile; fileRef = A9C265B82B4DD9D900E4DAB9 /* params.mm */; };
		B1C705BC2CDBA31A00B3A649 /* base_object_info.mm in Sources */ = {isa = PBXBuildFile; fileRef = B1C7056C2CDBA31A00B3A649 /* base_object_info.mm */; };
		B1C705BD2CDBA31A00B3A649 /* basic_object.mm in Sources */ = {isa = PBXBuildFile; fileRef = B1C7056D2CDBA31A00B3A649 /* basic_object.mm */; };
		B1C705BE2CDBA31A00B3A649 /* cross_slice_iter.mm in Sources */ = {isa = PBXBuildFile; fileRef = B1C7056F2CDBA31A00B3A649 /* cross_slice_iter.mm */; };
		B1C705BF2CDBA31A00B3A649 /* iter_obj.mm in Sources */ = {isa = PBXBuildFile; fileRef = B1C705702CDBA31A00B3A649 /* iter_obj.mm */; };
		B1C705C02CDBA31A00B3A649 /* slice_iter_obj.mm in Sources */ = {isa = PBXBuildFile; fileRef = B1C705712CDBA31A00B3A649 /* slice_iter_obj.mm */; };
		B1C705C12CDBA31A00B3A649 /* document.mm in Sources */ = {isa = PBXBuildFile; fileRef = B1C705732CDBA31A00B3A649 /* document.mm */; };
		B1C705C22CDBA31A00B3A649 /* info.mm in Sources */ = {isa = PBXBuildFile; fileRef = B1C705752CDBA31A00B3A649 /* info.mm */; };
		B1C705C32CDBA31A00B3A649 /* iter_doc.mm in Sources */ = {isa = PBXBuildFile; fileRef = B1C705772CDBA31A00B3A649 /* iter_doc.mm */; };
		B1C705C42CDBA31A00B3A649 /* slice_iter_doc.mm in Sources */ = {isa = PBXBuildFile; fileRef = B1C705782CDBA31A00B3A649 /* slice_iter_doc.mm */; };
		B1C705C52CDBA31A00B3A649 /* doc_engine.mm in Sources */ = {isa = PBXBuildFile; fileRef = B1C7057A2CDBA31A00B3A649 /* doc_engine.mm */; };
		B1C705C62CDBA31A00B3A649 /* processing_args.mm in Sources */ = {isa = PBXBuildFile; fileRef = B1C7057C2CDBA31A00B3A649 /* processing_args.mm */; };
		B1C705C72CDBA31A00B3A649 /* doc_container.mm in Sources */ = {isa = PBXBuildFile; fileRef = B1C7057E2CDBA31A00B3A649 /* doc_container.mm */; };
		B1C705C82CDBA31A00B3A649 /* doc_barcode_field.mm in Sources */ = {isa = PBXBuildFile; fileRef = B1C705802CDBA31A00B3A649 /* doc_barcode_field.mm */; };
		B1C705C92CDBA31A00B3A649 /* doc_base_field_info.mm in Sources */ = {isa = PBXBuildFile; fileRef = B1C705812CDBA31A00B3A649 /* doc_base_field_info.mm */; };
		B1C705CA2CDBA31A00B3A649 /* doc_checkbox_field.mm in Sources */ = {isa = PBXBuildFile; fileRef = B1C705822CDBA31A00B3A649 /* doc_checkbox_field.mm */; };
		B1C705CB2CDBA31A00B3A649 /* doc_image_field.mm in Sources */ = {isa = PBXBuildFile; fileRef = B1C705832CDBA31A00B3A649 /* doc_image_field.mm */; };
		B1C705CC2CDBA31A00B3A649 /* doc_table_field.mm in Sources */ = {isa = PBXBuildFile; fileRef = B1C705842CDBA31A00B3A649 /* doc_table_field.mm */; };
		B1C705CD2CDBA31A00B3A649 /* doc_text_field.mm in Sources */ = {isa = PBXBuildFile; fileRef = B1C705852CDBA31A00B3A649 /* doc_text_field.mm */; };
		B1C705CE2CDBA31A00B3A649 /* forensic.mm in Sources */ = {isa = PBXBuildFile; fileRef = B1C705862CDBA31A00B3A649 /* forensic.mm */; };
		B1C705CF2CDBA31A00B3A649 /* barcode_iterator.mm in Sources */ = {isa = PBXBuildFile; fileRef = B1C705882CDBA31A00B3A649 /* barcode_iterator.mm */; };
		B1C705D02CDBA31A00B3A649 /* checkbox_iterator.mm in Sources */ = {isa = PBXBuildFile; fileRef = B1C705892CDBA31A00B3A649 /* checkbox_iterator.mm */; };
		B1C705D12CDBA31A00B3A649 /* forensic_iterator.mm in Sources */ = {isa = PBXBuildFile; fileRef = B1C7058A2CDBA31A00B3A649 /* forensic_iterator.mm */; };
		B1C705D22CDBA31A00B3A649 /* image_iterator.mm in Sources */ = {isa = PBXBuildFile; fileRef = B1C7058B2CDBA31A00B3A649 /* image_iterator.mm */; };
		B1C705D32CDBA31A00B3A649 /* table_iterator.mm in Sources */ = {isa = PBXBuildFile; fileRef = B1C7058C2CDBA31A00B3A649 /* table_iterator.mm */; };
		B1C705D42CDBA31A00B3A649 /* text_iterator.mm in Sources */ = {isa = PBXBuildFile; fileRef = B1C7058D2CDBA31A00B3A649 /* text_iterator.mm */; };
		B1C705D52CDBA31A00B3A649 /* graphical.mm in Sources */ = {isa = PBXBuildFile; fileRef = B1C7058F2CDBA31A00B3A649 /* graphical.mm */; };
		B1C705D62CDBA31A00B3A649 /* doc_barcode_obj.mm in Sources */ = {isa = PBXBuildFile; fileRef = B1C705912CDBA31A00B3A649 /* doc_barcode_obj.mm */; };
		B1C705D72CDBA31A00B3A649 /* doc_checkbox_obj.mm in Sources */ = {isa = PBXBuildFile; fileRef = B1C705922CDBA31A00B3A649 /* doc_checkbox_obj.mm */; };
		B1C705D82CDBA31A00B3A649 /* doc_image_obj.mm in Sources */ = {isa = PBXBuildFile; fileRef = B1C705932CDBA31A00B3A649 /* doc_image_obj.mm */; };
		B1C705D92CDBA31A00B3A649 /* doc_mark_obj.mm in Sources */ = {isa = PBXBuildFile; fileRef = B1C705942CDBA31A00B3A649 /* doc_mark_obj.mm */; };
		B1C705DA2CDBA31A00B3A649 /* doc_table_obj.mm in Sources */ = {isa = PBXBuildFile; fileRef = B1C705952CDBA31A00B3A649 /* doc_table_obj.mm */; };
		B1C705DB2CDBA31A00B3A649 /* doc_text_obj.mm in Sources */ = {isa = PBXBuildFile; fileRef = B1C705962CDBA31A00B3A649 /* doc_text_obj.mm */; };
		B1C705DC2CDBA31A00B3A649 /* line.mm in Sources */ = {isa = PBXBuildFile; fileRef = B1C705972CDBA31A00B3A649 /* line.mm */; };
		B1C705DD2CDBA31A00B3A649 /* meta.mm in Sources */ = {isa = PBXBuildFile; fileRef = B1C705982CDBA31A00B3A649 /* meta.mm */; };
		B1C705DE2CDBA31A00B3A649 /* multi_string_text.mm in Sources */ = {isa = PBXBuildFile; fileRef = B1C705992CDBA31A00B3A649 /* multi_string_text.mm */; };
		B1C705DF2CDBA31A00B3A649 /* template.mm in Sources */ = {isa = PBXBuildFile; fileRef = B1C7059A2CDBA31A00B3A649 /* template.mm */; };
		B1C705E02CDBA31A00B3A649 /* zone.mm in Sources */ = {isa = PBXBuildFile; fileRef = B1C7059B2CDBA31A00B3A649 /* zone.mm */; };
		B1C705E12CDBA31A00B3A649 /* doc_obj_collection.mm in Sources */ = {isa = PBXBuildFile; fileRef = B1C7059D2CDBA31A00B3A649 /* doc_obj_collection.mm */; };
		B1C705E22CDBA31A00B3A649 /* iter_obj_collections.mm in Sources */ = {isa = PBXBuildFile; fileRef = B1C7059F2CDBA31A00B3A649 /* iter_obj_collections.mm */; };
		B1C705E32CDBA31A00B3A649 /* slice_iter_obj_collections.mm in Sources */ = {isa = PBXBuildFile; fileRef = B1C705A02CDBA31A00B3A649 /* slice_iter_obj_collections.mm */; };
		B1C705E42CDBA31A00B3A649 /* doc_physical_document.mm in Sources */ = {isa = PBXBuildFile; fileRef = B1C705A22CDBA31A00B3A649 /* doc_physical_document.mm */; };
		B1C705E52CDBA31A00B3A649 /* doc_physical_document_iterators.mm in Sources */ = {isa = PBXBuildFile; fileRef = B1C705A42CDBA31A00B3A649 /* doc_physical_document_iterators.mm */; };
		B1C705E62CDBA31A00B3A649 /* processing_settings.mm in Sources */ = {isa = PBXBuildFile; fileRef = B1C705A62CDBA31A00B3A649 /* processing_settings.mm */; };
		B1C705E72CDBA31A00B3A649 /* doc_result.mm in Sources */ = {isa = PBXBuildFile; fileRef = B1C705A82CDBA31A00B3A649 /* doc_result.mm */; };
		B1C705E82CDBA31A00B3A649 /* doc_session.mm in Sources */ = {isa = PBXBuildFile; fileRef = B1C705AA2CDBA31A00B3A649 /* doc_session.mm */; };
		B1C705E92CDBA31A00B3A649 /* doc_session_settings.mm in Sources */ = {isa = PBXBuildFile; fileRef = B1C705AC2CDBA31A00B3A649 /* doc_session_settings.mm */; };
		B1C705EA2CDBA31A00B3A649 /* tags_collection.mm in Sources */ = {isa = PBXBuildFile; fileRef = B1C705AE2CDBA31A00B3A649 /* tags_collection.mm */; };
		B1C705EB2CDBA31A00B3A649 /* doc_video_session.mm in Sources */ = {isa = PBXBuildFile; fileRef = B1C705B02CDBA31A00B3A649 /* doc_video_session.mm */; };
		B1C705EC2CDBA31A00B3A649 /* view.mm in Sources */ = {isa = PBXBuildFile; fileRef = B1C705B22CDBA31A00B3A649 /* view.mm */; };
		B1C705ED2CDBA31A00B3A649 /* doc_view_collection.mm in Sources */ = {isa = PBXBuildFile; fileRef = B1C705B42CDBA31A00B3A649 /* doc_view_collection.mm */; };
		B1C705EE2CDBA31A00B3A649 /* doc_view_iter.mm in Sources */ = {isa = PBXBuildFile; fileRef = B1C705B62CDBA31A00B3A649 /* doc_view_iter.mm */; };
		B1C705EF2CDBA31A00B3A649 /* doc_view_slice_iter.mm in Sources */ = {isa = PBXBuildFile; fileRef = B1C705B72CDBA31A00B3A649 /* doc_view_slice_iter.mm */; };
		B1C705F02CDBA31A00B3A649 /* doc_proxy.mm in Sources */ = {isa = PBXBuildFile; fileRef = B1C705B92CDBA31A00B3A649 /* doc_proxy.mm */; };
		F206C4BB26B92C3C000B1621 /* SmartDocSampleViewController.swift in Sources */ = {isa = PBXBuildFile; fileRef = F206C4B126B92C3C000B1621 /* SmartDocSampleViewController.swift */; };
		F206C4BC26B92C3C000B1621 /* DocumentTypesListController.swift in Sources */ = {isa = PBXBuildFile; fileRef = F206C4B326B92C3C000B1621 /* DocumentTypesListController.swift */; };
		F206C4BD26B92C3C000B1621 /* DocumentTypeCell.swift in Sources */ = {isa = PBXBuildFile; fileRef = F206C4B426B92C3C000B1621 /* DocumentTypeCell.swift */; };
		F206C4BE26B92C3C000B1621 /* SmartDocSampleAppDelegate.swift in Sources */ = {isa = PBXBuildFile; fileRef = F206C4B526B92C3C000B1621 /* SmartDocSampleAppDelegate.swift */; };
		F206C4BF26B92C3C000B1621 /* FieldNameLabel.swift in Sources */ = {isa = PBXBuildFile; fileRef = F206C4B726B92C3C000B1621 /* FieldNameLabel.swift */; };
		F206C4C026B92C3C000B1621 /* ImageViewCell.swift in Sources */ = {isa = PBXBuildFile; fileRef = F206C4B826B92C3C000B1621 /* ImageViewCell.swift */; };
		F206C4C126B92C3C000B1621 /* TextFieldCell.swift in Sources */ = {isa = PBXBuildFile; fileRef = F206C4B926B92C3C000B1621 /* TextFieldCell.swift */; };
		F206C4D026B92C56000B1621 /* SmartDocEngineInstance.mm in Sources */ = {isa = PBXBuildFile; fileRef = F206C4CC26B92C56000B1621 /* SmartDocEngineInstance.mm */; };
/* End PBXBuildFile section */

/* Begin PBXFileReference section */
		8402F2F81F7ACC9F00BAE922 /* SESmartDocumentEngineSample.app */ = {isa = PBXFileReference; explicitFileType = wrapper.application; includeInIndex = 0; path = SESmartDocumentEngineSample.app; sourceTree = BUILT_PRODUCTS_DIR; };
		8402F3D01F7ACF4600BAE922 /* AVFoundation.framework */ = {isa = PBXFileReference; lastKnownFileType = wrapper.framework; name = AVFoundation.framework; path = System/Library/Frameworks/AVFoundation.framework; sourceTree = SDKROOT; };
		8402F3D21F7ACF5D00BAE922 /* CoreImage.framework */ = {isa = PBXFileReference; lastKnownFileType = wrapper.framework; name = CoreImage.framework; path = System/Library/Frameworks/CoreImage.framework; sourceTree = SDKROOT; };
		8402F3D41F7ACF6900BAE922 /* CoreFoundation.framework */ = {isa = PBXFileReference; lastKnownFileType = wrapper.framework; name = CoreFoundation.framework; path = System/Library/Frameworks/CoreFoundation.framework; sourceTree = SDKROOT; };
		8402F3D61F7ACF8D00BAE922 /* CoreVideo.framework */ = {isa = PBXFileReference; lastKnownFileType = wrapper.framework; name = CoreVideo.framework; path = System/Library/Frameworks/CoreVideo.framework; sourceTree = SDKROOT; };
		8402F3D81F7ACFAA00BAE922 /* CoreMedia.framework */ = {isa = PBXFileReference; lastKnownFileType = wrapper.framework; name = CoreMedia.framework; path = System/Library/Frameworks/CoreMedia.framework; sourceTree = SDKROOT; };
		A9C265872B4DD7FD00E4DAB9 /* data-zip */ = {isa = PBXFileReference; lastKnownFileType = folder; name = "data-zip"; path = "../../SESmartDocCore/data-zip"; sourceTree = "<group>"; };
		A9C265892B4DD82A00E4DAB9 /* docengine.xcframework */ = {isa = PBXFileReference; lastKnownFileType = wrapper.xcframework; name = docengine.xcframework; path = ../../SESmartDocCore/lib/docengine.xcframework; sourceTree = "<group>"; };
		A9C2658F2B4DD9D900E4DAB9 /* se_strings_set_impl.h */ = {isa = PBXFileReference; fileEncoding = 4; lastKnownFileType = sourcecode.c.h; path = se_strings_set_impl.h; sourceTree = "<group>"; };
		A9C265902B4DD9D900E4DAB9 /* se_strings_iterator_impl.h */ = {isa = PBXFileReference; fileEncoding = 4; lastKnownFileType = sourcecode.c.h; path = se_strings_iterator_impl.h; sourceTree = "<group>"; };
		A9C265912B4DD9D900E4DAB9 /* se_image_impl.h */ = {isa = PBXFileReference; fileEncoding = 4; lastKnownFileType = sourcecode.c.h; path = se_image_impl.h; sourceTree = "<group>"; };
		A9C265922B4DD9D900E4DAB9 /* se_geometry_impl.h */ = {isa = PBXFileReference; fileEncoding = 4; lastKnownFileType = sourcecode.c.h; path = se_geometry_impl.h; sourceTree = "<group>"; };
		A9C265932B4DD9D900E4DAB9 /* se_common_proxy_impl.h */ = {isa = PBXFileReference; fileEncoding = 4; lastKnownFileType = sourcecode.c.h; path = se_common_proxy_impl.h; sourceTree = "<group>"; };
		A9C265942B4DD9D900E4DAB9 /* se_string_impl.h */ = {isa = PBXFileReference; fileEncoding = 4; lastKnownFileType = sourcecode.c.h; path = se_string_impl.h; sourceTree = "<group>"; };
		A9C265952B4DD9D900E4DAB9 /* se_serialization_impl.h */ = {isa = PBXFileReference; fileEncoding = 4; lastKnownFileType = sourcecode.c.h; path = se_serialization_impl.h; sourceTree = "<group>"; };
		A9C265982B4DD9D900E4DAB9 /* se_strings_iterator.h */ = {isa = PBXFileReference; fileEncoding = 4; lastKnownFileType = sourcecode.c.h; path = se_strings_iterator.h; sourceTree = "<group>"; };
		A9C265992B4DD9D900E4DAB9 /* se_common.h */ = {isa = PBXFileReference; fileEncoding = 4; lastKnownFileType = sourcecode.c.h; path = se_common.h; sourceTree = "<group>"; };
		A9C2659A2B4DD9D900E4DAB9 /* se_strings_set.h */ = {isa = PBXFileReference; fileEncoding = 4; lastKnownFileType = sourcecode.c.h; path = se_strings_set.h; sourceTree = "<group>"; };
		A9C2659B2B4DD9D900E4DAB9 /* se_string.h */ = {isa = PBXFileReference; fileEncoding = 4; lastKnownFileType = sourcecode.c.h; path = se_string.h; sourceTree = "<group>"; };
		A9C2659C2B4DD9D900E4DAB9 /* se_serialization.h */ = {isa = PBXFileReference; fileEncoding = 4; lastKnownFileType = sourcecode.c.h; path = se_serialization.h; sourceTree = "<group>"; };
		A9C2659D2B4DD9D900E4DAB9 /* se_geometry.h */ = {isa = PBXFileReference; fileEncoding = 4; lastKnownFileType = sourcecode.c.h; path = se_geometry.h; sourceTree = "<group>"; };
		A9C2659E2B4DD9D900E4DAB9 /* se_image.h */ = {isa = PBXFileReference; fileEncoding = 4; lastKnownFileType = sourcecode.c.h; path = se_image.h; sourceTree = "<group>"; };
		A9C265A12B4DD9D900E4DAB9 /* se_image.mm */ = {isa = PBXFileReference; fileEncoding = 4; lastKnownFileType = sourcecode.cpp.objcpp; path = se_image.mm; sourceTree = "<group>"; };
		A9C265A32B4DD9D900E4DAB9 /* strings_set_iterator.mm */ = {isa = PBXFileReference; fileEncoding = 4; lastKnownFileType = sourcecode.cpp.objcpp; path = strings_set_iterator.mm; sourceTree = "<group>"; };
		A9C265A42B4DD9D900E4DAB9 /* strings_map_iterator.mm */ = {isa = PBXFileReference; fileEncoding = 4; lastKnownFileType = sourcecode.cpp.objcpp; path = strings_map_iterator.mm; sourceTree = "<group>"; };
		A9C265A52B4DD9D900E4DAB9 /* strings_vector_iterator.mm */ = {isa = PBXFileReference; fileEncoding = 4; lastKnownFileType = sourcecode.cpp.objcpp; path = strings_vector_iterator.mm; sourceTree = "<group>"; };
		A9C265A72B4DD9D900E4DAB9 /* point.mm */ = {isa = PBXFileReference; fileEncoding = 4; lastKnownFileType = sourcecode.cpp.objcpp; path = point.mm; sourceTree = "<group>"; };
		A9C265A82B4DD9D900E4DAB9 /* quads_map_iterator.mm */ = {isa = PBXFileReference; fileEncoding = 4; lastKnownFileType = sourcecode.cpp.objcpp; path = quads_map_iterator.mm; sourceTree = "<group>"; };
		A9C265A92B4DD9D900E4DAB9 /* projective_transform.mm */ = {isa = PBXFileReference; fileEncoding = 4; lastKnownFileType = sourcecode.cpp.objcpp; path = projective_transform.mm; sourceTree = "<group>"; };
		A9C265AA2B4DD9D900E4DAB9 /* quad.mm */ = {isa = PBXFileReference; fileEncoding = 4; lastKnownFileType = sourcecode.cpp.objcpp; path = quad.mm; sourceTree = "<group>"; };
		A9C265AB2B4DD9D900E4DAB9 /* rect.mm */ = {isa = PBXFileReference; fileEncoding = 4; lastKnownFileType = sourcecode.cpp.objcpp; path = rect.mm; sourceTree = "<group>"; };
		A9C265AC2B4DD9D900E4DAB9 /* size.mm */ = {isa = PBXFileReference; fileEncoding = 4; lastKnownFileType = sourcecode.cpp.objcpp; path = size.mm; sourceTree = "<group>"; };
		A9C265AD2B4DD9D900E4DAB9 /* poly.mm */ = {isa = PBXFileReference; fileEncoding = 4; lastKnownFileType = sourcecode.cpp.objcpp; path = poly.mm; sourceTree = "<group>"; };
		A9C265AE2B4DD9D900E4DAB9 /* se_common_proxy.mm */ = {isa = PBXFileReference; fileEncoding = 4; lastKnownFileType = sourcecode.cpp.objcpp; path = se_common_proxy.mm; sourceTree = "<group>"; };
		A9C265B02B4DD9D900E4DAB9 /* set.mm */ = {isa = PBXFileReference; fileEncoding = 4; lastKnownFileType = sourcecode.cpp.objcpp; path = set.mm; sourceTree = "<group>"; };
		A9C265B22B4DD9D900E4DAB9 /* ocr_char_variant.mm */ = {isa = PBXFileReference; fileEncoding = 4; lastKnownFileType = sourcecode.cpp.objcpp; path = ocr_char_variant.mm; sourceTree = "<group>"; };
		A9C265B32B4DD9D900E4DAB9 /* ocr_char.mm */ = {isa = PBXFileReference; fileEncoding = 4; lastKnownFileType = sourcecode.cpp.objcpp; path = ocr_char.mm; sourceTree = "<group>"; };
		A9C265B42B4DD9D900E4DAB9 /* ocr_string.mm */ = {isa = PBXFileReference; fileEncoding = 4; lastKnownFileType = sourcecode.cpp.objcpp; path = ocr_string.mm; sourceTree = "<group>"; };
		A9C265B52B4DD9D900E4DAB9 /* byte_string.mm */ = {isa = PBXFileReference; fileEncoding = 4; lastKnownFileType = sourcecode.cpp.objcpp; path = byte_string.mm; sourceTree = "<group>"; };
		A9C265B72B4DD9D900E4DAB9 /* serializer.mm */ = {isa = PBXFileReference; fileEncoding = 4; lastKnownFileType = sourcecode.cpp.objcpp; path = serializer.mm; sourceTree = "<group>"; };
		A9C265B82B4DD9D900E4DAB9 /* params.mm */ = {isa = PBXFileReference; fileEncoding = 4; lastKnownFileType = sourcecode.cpp.objcpp; path = params.mm; sourceTree = "<group>"; };
		B1C705342CDBA31A00B3A649 /* doc_basic_object.h */ = {isa = PBXFileReference; fileEncoding = 4; lastKnownFileType = sourcecode.c.h; path = doc_basic_object.h; sourceTree = "<group>"; };
		B1C705352CDBA31A00B3A649 /* doc_basic_objects_iterator.h */ = {isa = PBXFileReference; fileEncoding = 4; lastKnownFileType = sourcecode.c.h; path = doc_basic_objects_iterator.h; sourceTree = "<group>"; };
		B1C705362CDBA31A00B3A649 /* doc_document_info.h */ = {isa = PBXFileReference; fileEncoding = 4; lastKnownFileType = sourcecode.c.h; path = doc_document_info.h; sourceTree = "<group>"; };
		B1C705372CDBA31A00B3A649 /* doc_document.h */ = {isa = PBXFileReference; fileEncoding = 4; lastKnownFileType = sourcecode.c.h; path = doc_document.h; sourceTree = "<group>"; };
		B1C705382CDBA31A00B3A649 /* doc_documents_iterator.h */ = {isa = PBXFileReference; fileEncoding = 4; lastKnownFileType = sourcecode.c.h; path = doc_documents_iterator.h; sourceTree = "<group>"; };
		B1C705392CDBA31A00B3A649 /* doc_engine.h */ = {isa = PBXFileReference; fileEncoding = 4; lastKnownFileType = sourcecode.c.h; path = doc_engine.h; sourceTree = "<group>"; };
		B1C7053A2CDBA31A00B3A649 /* doc_external_processor.h */ = {isa = PBXFileReference; fileEncoding = 4; lastKnownFileType = sourcecode.c.h; path = doc_external_processor.h; sourceTree = "<group>"; };
		B1C7053B2CDBA31A00B3A649 /* doc_feedback.h */ = {isa = PBXFileReference; fileEncoding = 4; lastKnownFileType = sourcecode.c.h; path = doc_feedback.h; sourceTree = "<group>"; };
		B1C7053C2CDBA31A00B3A649 /* doc_fields_iterators.h */ = {isa = PBXFileReference; fileEncoding = 4; lastKnownFileType = sourcecode.c.h; path = doc_fields_iterators.h; sourceTree = "<group>"; };
		B1C7053D2CDBA31A00B3A649 /* doc_fields.h */ = {isa = PBXFileReference; fileEncoding = 4; lastKnownFileType = sourcecode.c.h; path = doc_fields.h; sourceTree = "<group>"; };
		B1C7053E2CDBA31A00B3A649 /* doc_forward_declarations.h */ = {isa = PBXFileReference; fileEncoding = 4; lastKnownFileType = sourcecode.c.h; path = doc_forward_declarations.h; sourceTree = "<group>"; };
		B1C7053F2CDBA31A00B3A649 /* doc_graphical_structure.h */ = {isa = PBXFileReference; fileEncoding = 4; lastKnownFileType = sourcecode.c.h; path = doc_graphical_structure.h; sourceTree = "<group>"; };
		B1C705402CDBA31A00B3A649 /* doc_objects_collection.h */ = {isa = PBXFileReference; fileEncoding = 4; lastKnownFileType = sourcecode.c.h; path = doc_objects_collection.h; sourceTree = "<group>"; };
		B1C705412CDBA31A00B3A649 /* doc_objects_collections_iterator.h */ = {isa = PBXFileReference; fileEncoding = 4; lastKnownFileType = sourcecode.c.h; path = doc_objects_collections_iterator.h; sourceTree = "<group>"; };
		B1C705422CDBA31A00B3A649 /* doc_objects.h */ = {isa = PBXFileReference; fileEncoding = 4; lastKnownFileType = sourcecode.c.h; path = doc_objects.h; sourceTree = "<group>"; };
		B1C705432CDBA31A00B3A649 /* doc_physical_document_iterators.h */ = {isa = PBXFileReference; fileEncoding = 4; lastKnownFileType = sourcecode.c.h; path = doc_physical_document_iterators.h; sourceTree = "<group>"; };
		B1C705442CDBA31A00B3A649 /* doc_physical_document.h */ = {isa = PBXFileReference; fileEncoding = 4; lastKnownFileType = sourcecode.c.h; path = doc_physical_document.h; sourceTree = "<group>"; };
		B1C705452CDBA31A00B3A649 /* doc_processing_settings.h */ = {isa = PBXFileReference; fileEncoding = 4; lastKnownFileType = sourcecode.c.h; path = doc_processing_settings.h; sourceTree = "<group>"; };
		B1C705462CDBA31A00B3A649 /* doc_result.h */ = {isa = PBXFileReference; fileEncoding = 4; lastKnownFileType = sourcecode.c.h; path = doc_result.h; sourceTree = "<group>"; };
		B1C705472CDBA31A00B3A649 /* doc_session_settings.h */ = {isa = PBXFileReference; fileEncoding = 4; lastKnownFileType = sourcecode.c.h; path = doc_session_settings.h; sourceTree = "<group>"; };
		B1C705482CDBA31A00B3A649 /* doc_session.h */ = {isa = PBXFileReference; fileEncoding = 4; lastKnownFileType = sourcecode.c.h; path = doc_session.h; sourceTree = "<group>"; };
		B1C705492CDBA31A00B3A649 /* doc_tags_collection.h */ = {isa = PBXFileReference; fileEncoding = 4; lastKnownFileType = sourcecode.c.h; path = doc_tags_collection.h; sourceTree = "<group>"; };
		B1C7054A2CDBA31A00B3A649 /* doc_video_session.h */ = {isa = PBXFileReference; fileEncoding = 4; lastKnownFileType = sourcecode.c.h; path = doc_video_session.h; sourceTree = "<group>"; };
		B1C7054B2CDBA31A00B3A649 /* doc_view.h */ = {isa = PBXFileReference; fileEncoding = 4; lastKnownFileType = sourcecode.c.h; path = doc_view.h; sourceTree = "<group>"; };
		B1C7054C2CDBA31A00B3A649 /* doc_views_collection.h */ = {isa = PBXFileReference; fileEncoding = 4; lastKnownFileType = sourcecode.c.h; path = doc_views_collection.h; sourceTree = "<group>"; };
		B1C7054D2CDBA31A00B3A649 /* doc_views_iterator.h */ = {isa = PBXFileReference; fileEncoding = 4; lastKnownFileType = sourcecode.c.h; path = doc_views_iterator.h; sourceTree = "<group>"; };
		B1C705502CDBA31A00B3A649 /* doc_basic_object_impl.h */ = {isa = PBXFileReference; fileEncoding = 4; lastKnownFileType = sourcecode.c.h; path = doc_basic_object_impl.h; sourceTree = "<group>"; };
		B1C705512CDBA31A00B3A649 /* doc_basic_objects_iterator_impl.h */ = {isa = PBXFileReference; fileEncoding = 4; lastKnownFileType = sourcecode.c.h; path = doc_basic_objects_iterator_impl.h; sourceTree = "<group>"; };
		B1C705522CDBA31A00B3A649 /* doc_document_impl.h */ = {isa = PBXFileReference; fileEncoding = 4; lastKnownFileType = sourcecode.c.h; path = doc_document_impl.h; sourceTree = "<group>"; };
		B1C705532CDBA31A00B3A649 /* doc_document_info_impl.h */ = {isa = PBXFileReference; fileEncoding = 4; lastKnownFileType = sourcecode.c.h; path = doc_document_info_impl.h; sourceTree = "<group>"; };
		B1C705542CDBA31A00B3A649 /* doc_documents_iterator_impl.h */ = {isa = PBXFileReference; fileEncoding = 4; lastKnownFileType = sourcecode.c.h; path = doc_documents_iterator_impl.h; sourceTree = "<group>"; };
		B1C705552CDBA31A00B3A649 /* doc_engine_impl.h */ = {isa = PBXFileReference; fileEncoding = 4; lastKnownFileType = sourcecode.c.h; path = doc_engine_impl.h; sourceTree = "<group>"; };
		B1C705562CDBA31A00B3A649 /* doc_external_processor_impl.h */ = {isa = PBXFileReference; fileEncoding = 4; lastKnownFileType = sourcecode.c.h; path = doc_external_processor_impl.h; sourceTree = "<group>"; };
		B1C705572CDBA31A00B3A649 /* doc_feedback_impl.h */ = {isa = PBXFileReference; fileEncoding = 4; lastKnownFileType = sourcecode.c.h; path = doc_feedback_impl.h; sourceTree = "<group>"; };
		B1C705582CDBA31A00B3A649 /* doc_fields_impl.h */ = {isa = PBXFileReference; fileEncoding = 4; lastKnownFileType = sourcecode.c.h; path = doc_fields_impl.h; sourceTree = "<group>"; };
		B1C705592CDBA31A00B3A649 /* doc_fields_iterators_impl.h */ = {isa = PBXFileReference; fileEncoding = 4; lastKnownFileType = sourcecode.c.h; path = doc_fields_iterators_impl.h; sourceTree = "<group>"; };
		B1C7055A2CDBA31A00B3A649 /* doc_graphical_structure_impl.h */ = {isa = PBXFileReference; fileEncoding = 4; lastKnownFileType = sourcecode.c.h; path = doc_graphical_structure_impl.h; sourceTree = "<group>"; };
		B1C7055B2CDBA31A00B3A649 /* doc_objects_collection_impl.h */ = {isa = PBXFileReference; fileEncoding = 4; lastKnownFileType = sourcecode.c.h; path = doc_objects_collection_impl.h; sourceTree = "<group>"; };
		B1C7055C2CDBA31A00B3A649 /* doc_objects_collections_iterator_impl.h */ = {isa = PBXFileReference; fileEncoding = 4; lastKnownFileType = sourcecode.c.h; path = doc_objects_collections_iterator_impl.h; sourceTree = "<group>"; };
		B1C7055D2CDBA31A00B3A649 /* doc_objects_impl.h */ = {isa = PBXFileReference; fileEncoding = 4; lastKnownFileType = sourcecode.c.h; path = doc_objects_impl.h; sourceTree = "<group>"; };
		B1C7055E2CDBA31A00B3A649 /* doc_physical_document_impl.h */ = {isa = PBXFileReference; fileEncoding = 4; lastKnownFileType = sourcecode.c.h; path = doc_physical_document_impl.h; sourceTree = "<group>"; };
		B1C7055F2CDBA31A00B3A649 /* doc_physical_document_iterators_impl.h */ = {isa = PBXFileReference; fileEncoding = 4; lastKnownFileType = sourcecode.c.h; path = doc_physical_document_iterators_impl.h; sourceTree = "<group>"; };
		B1C705602CDBA31A00B3A649 /* doc_processing_settings_impl.h */ = {isa = PBXFileReference; fileEncoding = 4; lastKnownFileType = sourcecode.c.h; path = doc_processing_settings_impl.h; sourceTree = "<group>"; };
		B1C705612CDBA31A00B3A649 /* doc_proxy_impl.h */ = {isa = PBXFileReference; fileEncoding = 4; lastKnownFileType = sourcecode.c.h; path = doc_proxy_impl.h; sourceTree = "<group>"; };
		B1C705622CDBA31A00B3A649 /* doc_result_impl.h */ = {isa = PBXFileReference; fileEncoding = 4; lastKnownFileType = sourcecode.c.h; path = doc_result_impl.h; sourceTree = "<group>"; };
		B1C705632CDBA31A00B3A649 /* doc_session_impl.h */ = {isa = PBXFileReference; fileEncoding = 4; lastKnownFileType = sourcecode.c.h; path = doc_session_impl.h; sourceTree = "<group>"; };
		B1C705642CDBA31A00B3A649 /* doc_session_settings_impl.h */ = {isa = PBXFileReference; fileEncoding = 4; lastKnownFileType = sourcecode.c.h; path = doc_session_settings_impl.h; sourceTree = "<group>"; };
		B1C705652CDBA31A00B3A649 /* doc_tags_collection_impl.h */ = {isa = PBXFileReference; fileEncoding = 4; lastKnownFileType = sourcecode.c.h; path = doc_tags_collection_impl.h; sourceTree = "<group>"; };
		B1C705662CDBA31A00B3A649 /* doc_video_session_impl.h */ = {isa = PBXFileReference; fileEncoding = 4; lastKnownFileType = sourcecode.c.h; path = doc_video_session_impl.h; sourceTree = "<group>"; };
		B1C705672CDBA31A00B3A649 /* doc_view_impl.h */ = {isa = PBXFileReference; fileEncoding = 4; lastKnownFileType = sourcecode.c.h; path = doc_view_impl.h; sourceTree = "<group>"; };
		B1C705682CDBA31A00B3A649 /* doc_views_collection_impl.h */ = {isa = PBXFileReference; fileEncoding = 4; lastKnownFileType = sourcecode.c.h; path = doc_views_collection_impl.h; sourceTree = "<group>"; };
		B1C705692CDBA31A00B3A649 /* doc_views_iterator_impl.h */ = {isa = PBXFileReference; fileEncoding = 4; lastKnownFileType = sourcecode.c.h; path = doc_views_iterator_impl.h; sourceTree = "<group>"; };
		B1C7056C2CDBA31A00B3A649 /* base_object_info.mm */ = {isa = PBXFileReference; fileEncoding = 4; lastKnownFileType = sourcecode.cpp.objcpp; path = base_object_info.mm; sourceTree = "<group>"; };
		B1C7056D2CDBA31A00B3A649 /* basic_object.mm */ = {isa = PBXFileReference; fileEncoding = 4; lastKnownFileType = sourcecode.cpp.objcpp; path = basic_object.mm; sourceTree = "<group>"; };
		B1C7056F2CDBA31A00B3A649 /* cross_slice_iter.mm */ = {isa = PBXFileReference; fileEncoding = 4; lastKnownFileType = sourcecode.cpp.objcpp; path = cross_slice_iter.mm; sourceTree = "<group>"; };
		B1C705702CDBA31A00B3A649 /* iter_obj.mm */ = {isa = PBXFileReference; fileEncoding = 4; lastKnownFileType = sourcecode.cpp.objcpp; path = iter_obj.mm; sourceTree = "<group>"; };
		B1C705712CDBA31A00B3A649 /* slice_iter_obj.mm */ = {isa = PBXFileReference; fileEncoding = 4; lastKnownFileType = sourcecode.cpp.objcpp; path = slice_iter_obj.mm; sourceTree = "<group>"; };
		B1C705732CDBA31A00B3A649 /* document.mm */ = {isa = PBXFileReference; fileEncoding = 4; lastKnownFileType = sourcecode.cpp.objcpp; path = document.mm; sourceTree = "<group>"; };
		B1C705752CDBA31A00B3A649 /* info.mm */ = {isa = PBXFileReference; fileEncoding = 4; lastKnownFileType = sourcecode.cpp.objcpp; path = info.mm; sourceTree = "<group>"; };
		B1C705772CDBA31A00B3A649 /* iter_doc.mm */ = {isa = PBXFileReference; fileEncoding = 4; lastKnownFileType = sourcecode.cpp.objcpp; path = iter_doc.mm; sourceTree = "<group>"; };
		B1C705782CDBA31A00B3A649 /* slice_iter_doc.mm */ = {isa = PBXFileReference; fileEncoding = 4; lastKnownFileType = sourcecode.cpp.objcpp; path = slice_iter_doc.mm; sourceTree = "<group>"; };
		B1C7057A2CDBA31A00B3A649 /* doc_engine.mm */ = {isa = PBXFileReference; fileEncoding = 4; lastKnownFileType = sourcecode.cpp.objcpp; path = doc_engine.mm; sourceTree = "<group>"; };
		B1C7057C2CDBA31A00B3A649 /* processing_args.mm */ = {isa = PBXFileReference; fileEncoding = 4; lastKnownFileType = sourcecode.cpp.objcpp; path = processing_args.mm; sourceTree = "<group>"; };
		B1C7057E2CDBA31A00B3A649 /* doc_container.mm */ = {isa = PBXFileReference; fileEncoding = 4; lastKnownFileType = sourcecode.cpp.objcpp; path = doc_container.mm; sourceTree = "<group>"; };
		B1C705802CDBA31A00B3A649 /* doc_barcode_field.mm */ = {isa = PBXFileReference; fileEncoding = 4; lastKnownFileType = sourcecode.cpp.objcpp; path = doc_barcode_field.mm; sourceTree = "<group>"; };
		B1C705812CDBA31A00B3A649 /* doc_base_field_info.mm */ = {isa = PBXFileReference; fileEncoding = 4; lastKnownFileType = sourcecode.cpp.objcpp; path = doc_base_field_info.mm; sourceTree = "<group>"; };
		B1C705822CDBA31A00B3A649 /* doc_checkbox_field.mm */ = {isa = PBXFileReference; fileEncoding = 4; lastKnownFileType = sourcecode.cpp.objcpp; path = doc_checkbox_field.mm; sourceTree = "<group>"; };
		B1C705832CDBA31A00B3A649 /* doc_image_field.mm */ = {isa = PBXFileReference; fileEncoding = 4; lastKnownFileType = sourcecode.cpp.objcpp; path = doc_image_field.mm; sourceTree = "<group>"; };
		B1C705842CDBA31A00B3A649 /* doc_table_field.mm */ = {isa = PBXFileReference; fileEncoding = 4; lastKnownFileType = sourcecode.cpp.objcpp; path = doc_table_field.mm; sourceTree = "<group>"; };
		B1C705852CDBA31A00B3A649 /* doc_text_field.mm */ = {isa = PBXFileReference; fileEncoding = 4; lastKnownFileType = sourcecode.cpp.objcpp; path = doc_text_field.mm; sourceTree = "<group>"; };
		B1C705862CDBA31A00B3A649 /* forensic.mm */ = {isa = PBXFileReference; fileEncoding = 4; lastKnownFileType = sourcecode.cpp.objcpp; path = forensic.mm; sourceTree = "<group>"; };
		B1C705882CDBA31A00B3A649 /* barcode_iterator.mm */ = {isa = PBXFileReference; fileEncoding = 4; lastKnownFileType = sourcecode.cpp.objcpp; path = barcode_iterator.mm; sourceTree = "<group>"; };
		B1C705892CDBA31A00B3A649 /* checkbox_iterator.mm */ = {isa = PBXFileReference; fileEncoding = 4; lastKnownFileType = sourcecode.cpp.objcpp; path = checkbox_iterator.mm; sourceTree = "<group>"; };
		B1C7058A2CDBA31A00B3A649 /* forensic_iterator.mm */ = {isa = PBXFileReference; fileEncoding = 4; lastKnownFileType = sourcecode.cpp.objcpp; path = forensic_iterator.mm; sourceTree = "<group>"; };
		B1C7058B2CDBA31A00B3A649 /* image_iterator.mm */ = {isa = PBXFileReference; fileEncoding = 4; lastKnownFileType = sourcecode.cpp.objcpp; path = image_iterator.mm; sourceTree = "<group>"; };
		B1C7058C2CDBA31A00B3A649 /* table_iterator.mm */ = {isa = PBXFileReference; fileEncoding = 4; lastKnownFileType = sourcecode.cpp.objcpp; path = table_iterator.mm; sourceTree = "<group>"; };
		B1C7058D2CDBA31A00B3A649 /* text_iterator.mm */ = {isa = PBXFileReference; fileEncoding = 4; lastKnownFileType = sourcecode.cpp.objcpp; path = text_iterator.mm; sourceTree = "<group>"; };
		B1C7058F2CDBA31A00B3A649 /* graphical.mm */ = {isa = PBXFileReference; fileEncoding = 4; lastKnownFileType = sourcecode.cpp.objcpp; path = graphical.mm; sourceTree = "<group>"; };
		B1C705912CDBA31A00B3A649 /* doc_barcode_obj.mm */ = {isa = PBXFileReference; fileEncoding = 4; lastKnownFileType = sourcecode.cpp.objcpp; path = doc_barcode_obj.mm; sourceTree = "<group>"; };
		B1C705922CDBA31A00B3A649 /* doc_checkbox_obj.mm */ = {isa = PBXFileReference; fileEncoding = 4; lastKnownFileType = sourcecode.cpp.objcpp; path = doc_checkbox_obj.mm; sourceTree = "<group>"; };
		B1C705932CDBA31A00B3A649 /* doc_image_obj.mm */ = {isa = PBXFileReference; fileEncoding = 4; lastKnownFileType = sourcecode.cpp.objcpp; path = doc_image_obj.mm; sourceTree = "<group>"; };
		B1C705942CDBA31A00B3A649 /* doc_mark_obj.mm */ = {isa = PBXFileReference; fileEncoding = 4; lastKnownFileType = sourcecode.cpp.objcpp; path = doc_mark_obj.mm; sourceTree = "<group>"; };
		B1C705952CDBA31A00B3A649 /* doc_table_obj.mm */ = {isa = PBXFileReference; fileEncoding = 4; lastKnownFileType = sourcecode.cpp.objcpp; path = doc_table_obj.mm; sourceTree = "<group>"; };
		B1C705962CDBA31A00B3A649 /* doc_text_obj.mm */ = {isa = PBXFileReference; fileEncoding = 4; lastKnownFileType = sourcecode.cpp.objcpp; path = doc_text_obj.mm; sourceTree = "<group>"; };
		B1C705972CDBA31A00B3A649 /* line.mm */ = {isa = PBXFileReference; fileEncoding = 4; lastKnownFileType = sourcecode.cpp.objcpp; path = line.mm; sourceTree = "<group>"; };
		B1C705982CDBA31A00B3A649 /* meta.mm */ = {isa = PBXFileReference; fileEncoding = 4; lastKnownFileType = sourcecode.cpp.objcpp; path = meta.mm; sourceTree = "<group>"; };
		B1C705992CDBA31A00B3A649 /* multi_string_text.mm */ = {isa = PBXFileReference; fileEncoding = 4; lastKnownFileType = sourcecode.cpp.objcpp; path = multi_string_text.mm; sourceTree = "<group>"; };
		B1C7059A2CDBA31A00B3A649 /* template.mm */ = {isa = PBXFileReference; fileEncoding = 4; lastKnownFileType = sourcecode.cpp.objcpp; path = template.mm; sourceTree = "<group>"; };
		B1C7059B2CDBA31A00B3A649 /* zone.mm */ = {isa = PBXFileReference; fileEncoding = 4; lastKnownFileType = sourcecode.cpp.objcpp; path = zone.mm; sourceTree = "<group>"; };
		B1C7059D2CDBA31A00B3A649 /* doc_obj_collection.mm */ = {isa = PBXFileReference; fileEncoding = 4; lastKnownFileType = sourcecode.cpp.objcpp; path = doc_obj_collection.mm; sourceTree = "<group>"; };
		B1C7059F2CDBA31A00B3A649 /* iter_obj_collections.mm */ = {isa = PBXFileReference; fileEncoding = 4; lastKnownFileType = sourcecode.cpp.objcpp; path = iter_obj_collections.mm; sourceTree = "<group>"; };
		B1C705A02CDBA31A00B3A649 /* slice_iter_obj_collections.mm */ = {isa = PBXFileReference; fileEncoding = 4; lastKnownFileType = sourcecode.cpp.objcpp; path = slice_iter_obj_collections.mm; sourceTree = "<group>"; };
		B1C705A22CDBA31A00B3A649 /* doc_physical_document.mm */ = {isa = PBXFileReference; fileEncoding = 4; lastKnownFileType = sourcecode.cpp.objcpp; path = doc_physical_document.mm; sourceTree = "<group>"; };
		B1C705A42CDBA31A00B3A649 /* doc_physical_document_iterators.mm */ = {isa = PBXFileReference; fileEncoding = 4; lastKnownFileType = sourcecode.cpp.objcpp; path = doc_physical_document_iterators.mm; sourceTree = "<group>"; };
		B1C705A62CDBA31A00B3A649 /* processing_settings.mm */ = {isa = PBXFileReference; fileEncoding = 4; lastKnownFileType = sourcecode.cpp.objcpp; path = processing_settings.mm; sourceTree = "<group>"; };
		B1C705A82CDBA31A00B3A649 /* doc_result.mm */ = {isa = PBXFileReference; fileEncoding = 4; lastKnownFileType = sourcecode.cpp.objcpp; path = doc_result.mm; sourceTree = "<group>"; };
		B1C705AA2CDBA31A00B3A649 /* doc_session.mm */ = {isa = PBXFileReference; fileEncoding = 4; lastKnownFileType = sourcecode.cpp.objcpp; path = doc_session.mm; sourceTree = "<group>"; };
		B1C705AC2CDBA31A00B3A649 /* doc_session_settings.mm */ = {isa = PBXFileReference; fileEncoding = 4; lastKnownFileType = sourcecode.cpp.objcpp; path = doc_session_settings.mm; sourceTree = "<group>"; };
		B1C705AE2CDBA31A00B3A649 /* tags_collection.mm */ = {isa = PBXFileReference; fileEncoding = 4; lastKnownFileType = sourcecode.cpp.objcpp; path = tags_collection.mm; sourceTree = "<group>"; };
		B1C705B02CDBA31A00B3A649 /* doc_video_session.mm */ = {isa = PBXFileReference; fileEncoding = 4; lastKnownFileType = sourcecode.cpp.objcpp; path = doc_video_session.mm; sourceTree = "<group>"; };
		B1C705B22CDBA31A00B3A649 /* view.mm */ = {isa = PBXFileReference; fileEncoding = 4; lastKnownFileType = sourcecode.cpp.objcpp; path = view.mm; sourceTree = "<group>"; };
		B1C705B42CDBA31A00B3A649 /* doc_view_collection.mm */ = {isa = PBXFileReference; fileEncoding = 4; lastKnownFileType = sourcecode.cpp.objcpp; path = doc_view_collection.mm; sourceTree = "<group>"; };
		B1C705B62CDBA31A00B3A649 /* doc_view_iter.mm */ = {isa = PBXFileReference; fileEncoding = 4; lastKnownFileType = sourcecode.cpp.objcpp; path = doc_view_iter.mm; sourceTree = "<group>"; };
		B1C705B72CDBA31A00B3A649 /* doc_view_slice_iter.mm */ = {isa = PBXFileReference; fileEncoding = 4; lastKnownFileType = sourcecode.cpp.objcpp; path = doc_view_slice_iter.mm; sourceTree = "<group>"; };
		B1C705B92CDBA31A00B3A649 /* doc_proxy.mm */ = {isa = PBXFileReference; fileEncoding = 4; lastKnownFileType = sourcecode.cpp.objcpp; path = doc_proxy.mm; sourceTree = "<group>"; };
		F206C4B126B92C3C000B1621 /* SmartDocSampleViewController.swift */ = {isa = PBXFileReference; fileEncoding = 4; lastKnownFileType = sourcecode.swift; path = SmartDocSampleViewController.swift; sourceTree = "<group>"; };
		F206C4B326B92C3C000B1621 /* DocumentTypesListController.swift */ = {isa = PBXFileReference; fileEncoding = 4; lastKnownFileType = sourcecode.swift; path = DocumentTypesListController.swift; sourceTree = "<group>"; };
		F206C4B426B92C3C000B1621 /* DocumentTypeCell.swift */ = {isa = PBXFileReference; fileEncoding = 4; lastKnownFileType = sourcecode.swift; path = DocumentTypeCell.swift; sourceTree = "<group>"; };
		F206C4B526B92C3C000B1621 /* SmartDocSampleAppDelegate.swift */ = {isa = PBXFileReference; fileEncoding = 4; lastKnownFileType = sourcecode.swift; path = SmartDocSampleAppDelegate.swift; sourceTree = "<group>"; };
		F206C4B726B92C3C000B1621 /* FieldNameLabel.swift */ = {isa = PBXFileReference; fileEncoding = 4; lastKnownFileType = sourcecode.swift; path = FieldNameLabel.swift; sourceTree = "<group>"; };
		F206C4B826B92C3C000B1621 /* ImageViewCell.swift */ = {isa = PBXFileReference; fileEncoding = 4; lastKnownFileType = sourcecode.swift; path = ImageViewCell.swift; sourceTree = "<group>"; };
		F206C4B926B92C3C000B1621 /* TextFieldCell.swift */ = {isa = PBXFileReference; fileEncoding = 4; lastKnownFileType = sourcecode.swift; path = TextFieldCell.swift; sourceTree = "<group>"; };
		F206C4BA26B92C3C000B1621 /* Info.plist */ = {isa = PBXFileReference; fileEncoding = 4; lastKnownFileType = text.plist.xml; path = Info.plist; sourceTree = "<group>"; };
		F206C4C726B92C56000B1621 /* SmartDoc-Bridging-Header.h */ = {isa = PBXFileReference; fileEncoding = 4; lastKnownFileType = sourcecode.c.h; path = "SmartDoc-Bridging-Header.h"; sourceTree = "<group>"; };
		F206C4CA26B92C56000B1621 /* SmartDocEngineInstance.h */ = {isa = PBXFileReference; fileEncoding = 4; lastKnownFileType = sourcecode.c.h; path = SmartDocEngineInstance.h; sourceTree = "<group>"; };
		F206C4CC26B92C56000B1621 /* SmartDocEngineInstance.mm */ = {isa = PBXFileReference; fileEncoding = 4; lastKnownFileType = sourcecode.cpp.objcpp; path = SmartDocEngineInstance.mm; sourceTree = "<group>"; };
		F206C5B626B92CCE000B1621 /* libdocengine-universal.a */ = {isa = PBXFileReference; lastKnownFileType = archive.ar; name = "libdocengine-universal.a"; path = "../../SESmartDocumentEngineCore/lib/libdocengine-universal.a"; sourceTree = "<group>"; };
		F2F4874527637B8600CC1677 /* docengine.xcframework */ = {isa = PBXFileReference; lastKnownFileType = wrapper.xcframework; name = docengine.xcframework; path = ../../SESmartDocumentEngineCore/lib/docengine.xcframework; sourceTree = "<group>"; };
/* End PBXFileReference section */

/* Begin PBXFrameworksBuildPhase section */
		8402F2F51F7ACC9E00BAE922 /* Frameworks */ = {
			isa = PBXFrameworksBuildPhase;
			buildActionMask = 2147483647;
			files = (
				8402F3D91F7ACFAA00BAE922 /* CoreMedia.framework in Frameworks */,
				8402F3D71F7ACF8E00BAE922 /* CoreVideo.framework in Frameworks */,
				8402F3D51F7ACF6900BAE922 /* CoreFoundation.framework in Frameworks */,
				8402F3D31F7ACF5D00BAE922 /* CoreImage.framework in Frameworks */,
				A9C2658A2B4DD82A00E4DAB9 /* docengine.xcframework in Frameworks */,
				8402F3D11F7ACF4600BAE922 /* AVFoundation.framework in Frameworks */,
			);
			runOnlyForDeploymentPostprocessing = 0;
		};
/* End PBXFrameworksBuildPhase section */

/* Begin PBXGroup section */
		8402F2EF1F7ACC9E00BAE922 = {
			isa = PBXGroup;
			children = (
				A9C2658B2B4DD9D900E4DAB9 /* wrap */,
				A9C265872B4DD7FD00E4DAB9 /* data-zip */,
				F206C4C326B92C56000B1621 /* SESmartDoc */,
				F206C4B026B92C3C000B1621 /* SESmartDocSample */,
				8402F2F91F7ACC9F00BAE922 /* Products */,
				8402F3121F7ACE1100BAE922 /* Frameworks */,
			);
			sourceTree = "<group>";
		};
		8402F2F91F7ACC9F00BAE922 /* Products */ = {
			isa = PBXGroup;
			children = (
				8402F2F81F7ACC9F00BAE922 /* SESmartDocumentEngineSample.app */,
			);
			name = Products;
			sourceTree = "<group>";
		};
		8402F3121F7ACE1100BAE922 /* Frameworks */ = {
			isa = PBXGroup;
			children = (
				F2F4874527637B8600CC1677 /* docengine.xcframework */,
				A9C265892B4DD82A00E4DAB9 /* docengine.xcframework */,
				F206C5B626B92CCE000B1621 /* libdocengine-universal.a */,
				8402F3D81F7ACFAA00BAE922 /* CoreMedia.framework */,
				8402F3D61F7ACF8D00BAE922 /* CoreVideo.framework */,
				8402F3D41F7ACF6900BAE922 /* CoreFoundation.framework */,
				8402F3D21F7ACF5D00BAE922 /* CoreImage.framework */,
				8402F3D01F7ACF4600BAE922 /* AVFoundation.framework */,
			);
			name = Frameworks;
			sourceTree = "<group>";
		};
		A9C2658B2B4DD9D900E4DAB9 /* wrap */ = {
			isa = PBXGroup;
			children = (
				B1C705BB2CDBA31A00B3A649 /* objcdocengine */,
				A9C2658C2B4DD9D900E4DAB9 /* objcsecommon */,
			);
			name = wrap;
			path = ../../SESmartDocCore/wrap;
			sourceTree = "<group>";
		};
		A9C2658C2B4DD9D900E4DAB9 /* objcsecommon */ = {
			isa = PBXGroup;
			children = (
				A9C2658D2B4DD9D900E4DAB9 /* include_impl */,
				A9C265962B4DD9D900E4DAB9 /* include */,
				A9C2659F2B4DD9D900E4DAB9 /* src */,
			);
			path = objcsecommon;
			sourceTree = "<group>";
		};
		A9C2658D2B4DD9D900E4DAB9 /* include_impl */ = {
			isa = PBXGroup;
			children = (
				A9C2658E2B4DD9D900E4DAB9 /* objcsecommon_impl */,
			);
			path = include_impl;
			sourceTree = "<group>";
		};
		A9C2658E2B4DD9D900E4DAB9 /* objcsecommon_impl */ = {
			isa = PBXGroup;
			children = (
				A9C2658F2B4DD9D900E4DAB9 /* se_strings_set_impl.h */,
				A9C265902B4DD9D900E4DAB9 /* se_strings_iterator_impl.h */,
				A9C265912B4DD9D900E4DAB9 /* se_image_impl.h */,
				A9C265922B4DD9D900E4DAB9 /* se_geometry_impl.h */,
				A9C265932B4DD9D900E4DAB9 /* se_common_proxy_impl.h */,
				A9C265942B4DD9D900E4DAB9 /* se_string_impl.h */,
				A9C265952B4DD9D900E4DAB9 /* se_serialization_impl.h */,
			);
			path = objcsecommon_impl;
			sourceTree = "<group>";
		};
		A9C265962B4DD9D900E4DAB9 /* include */ = {
			isa = PBXGroup;
			children = (
				A9C265972B4DD9D900E4DAB9 /* objcsecommon */,
			);
			path = include;
			sourceTree = "<group>";
		};
		A9C265972B4DD9D900E4DAB9 /* objcsecommon */ = {
			isa = PBXGroup;
			children = (
				A9C265982B4DD9D900E4DAB9 /* se_strings_iterator.h */,
				A9C265992B4DD9D900E4DAB9 /* se_common.h */,
				A9C2659A2B4DD9D900E4DAB9 /* se_strings_set.h */,
				A9C2659B2B4DD9D900E4DAB9 /* se_string.h */,
				A9C2659C2B4DD9D900E4DAB9 /* se_serialization.h */,
				A9C2659D2B4DD9D900E4DAB9 /* se_geometry.h */,
				A9C2659E2B4DD9D900E4DAB9 /* se_image.h */,
			);
			path = objcsecommon;
			sourceTree = "<group>";
		};
		A9C2659F2B4DD9D900E4DAB9 /* src */ = {
			isa = PBXGroup;
			children = (
				A9C265A02B4DD9D900E4DAB9 /* se_image */,
				A9C265A22B4DD9D900E4DAB9 /* se_strings_iterator */,
				A9C265A62B4DD9D900E4DAB9 /* se_geometry */,
				A9C265AE2B4DD9D900E4DAB9 /* se_common_proxy.mm */,
				A9C265AF2B4DD9D900E4DAB9 /* se_strings_set */,
				A9C265B12B4DD9D900E4DAB9 /* se_string */,
				A9C265B62B4DD9D900E4DAB9 /* se_serialization */,
			);
			path = src;
			sourceTree = "<group>";
		};
		A9C265A02B4DD9D900E4DAB9 /* se_image */ = {
			isa = PBXGroup;
			children = (
				A9C265A12B4DD9D900E4DAB9 /* se_image.mm */,
			);
			path = se_image;
			sourceTree = "<group>";
		};
		A9C265A22B4DD9D900E4DAB9 /* se_strings_iterator */ = {
			isa = PBXGroup;
			children = (
				A9C265A32B4DD9D900E4DAB9 /* strings_set_iterator.mm */,
				A9C265A42B4DD9D900E4DAB9 /* strings_map_iterator.mm */,
				A9C265A52B4DD9D900E4DAB9 /* strings_vector_iterator.mm */,
			);
			path = se_strings_iterator;
			sourceTree = "<group>";
		};
		A9C265A62B4DD9D900E4DAB9 /* se_geometry */ = {
			isa = PBXGroup;
			children = (
				A9C265A72B4DD9D900E4DAB9 /* point.mm */,
				A9C265A82B4DD9D900E4DAB9 /* quads_map_iterator.mm */,
				A9C265A92B4DD9D900E4DAB9 /* projective_transform.mm */,
				A9C265AA2B4DD9D900E4DAB9 /* quad.mm */,
				A9C265AB2B4DD9D900E4DAB9 /* rect.mm */,
				A9C265AC2B4DD9D900E4DAB9 /* size.mm */,
				A9C265AD2B4DD9D900E4DAB9 /* poly.mm */,
			);
			path = se_geometry;
			sourceTree = "<group>";
		};
		A9C265AF2B4DD9D900E4DAB9 /* se_strings_set */ = {
			isa = PBXGroup;
			children = (
				A9C265B02B4DD9D900E4DAB9 /* set.mm */,
			);
			path = se_strings_set;
			sourceTree = "<group>";
		};
		A9C265B12B4DD9D900E4DAB9 /* se_string */ = {
			isa = PBXGroup;
			children = (
				A9C265B22B4DD9D900E4DAB9 /* ocr_char_variant.mm */,
				A9C265B32B4DD9D900E4DAB9 /* ocr_char.mm */,
				A9C265B42B4DD9D900E4DAB9 /* ocr_string.mm */,
				A9C265B52B4DD9D900E4DAB9 /* byte_string.mm */,
			);
			path = se_string;
			sourceTree = "<group>";
		};
		A9C265B62B4DD9D900E4DAB9 /* se_serialization */ = {
			isa = PBXGroup;
			children = (
				A9C265B72B4DD9D900E4DAB9 /* serializer.mm */,
				A9C265B82B4DD9D900E4DAB9 /* params.mm */,
			);
			path = se_serialization;
			sourceTree = "<group>";
		};
		B1C7054E2CDBA31A00B3A649 /* objcdocengine */ = {
			isa = PBXGroup;
			children = (
				B1C705342CDBA31A00B3A649 /* doc_basic_object.h */,
				B1C705352CDBA31A00B3A649 /* doc_basic_objects_iterator.h */,
				B1C705362CDBA31A00B3A649 /* doc_document_info.h */,
				B1C705372CDBA31A00B3A649 /* doc_document.h */,
				B1C705382CDBA31A00B3A649 /* doc_documents_iterator.h */,
				B1C705392CDBA31A00B3A649 /* doc_engine.h */,
				B1C7053A2CDBA31A00B3A649 /* doc_external_processor.h */,
				B1C7053B2CDBA31A00B3A649 /* doc_feedback.h */,
				B1C7053C2CDBA31A00B3A649 /* doc_fields_iterators.h */,
				B1C7053D2CDBA31A00B3A649 /* doc_fields.h */,
				B1C7053E2CDBA31A00B3A649 /* doc_forward_declarations.h */,
				B1C7053F2CDBA31A00B3A649 /* doc_graphical_structure.h */,
				B1C705402CDBA31A00B3A649 /* doc_objects_collection.h */,
				B1C705412CDBA31A00B3A649 /* doc_objects_collections_iterator.h */,
				B1C705422CDBA31A00B3A649 /* doc_objects.h */,
				B1C705432CDBA31A00B3A649 /* doc_physical_document_iterators.h */,
				B1C705442CDBA31A00B3A649 /* doc_physical_document.h */,
				B1C705452CDBA31A00B3A649 /* doc_processing_settings.h */,
				B1C705462CDBA31A00B3A649 /* doc_result.h */,
				B1C705472CDBA31A00B3A649 /* doc_session_settings.h */,
				B1C705482CDBA31A00B3A649 /* doc_session.h */,
				B1C705492CDBA31A00B3A649 /* doc_tags_collection.h */,
				B1C7054A2CDBA31A00B3A649 /* doc_video_session.h */,
				B1C7054B2CDBA31A00B3A649 /* doc_view.h */,
				B1C7054C2CDBA31A00B3A649 /* doc_views_collection.h */,
				B1C7054D2CDBA31A00B3A649 /* doc_views_iterator.h */,
			);
			path = objcdocengine;
			sourceTree = "<group>";
		};
		B1C7054F2CDBA31A00B3A649 /* include */ = {
			isa = PBXGroup;
			children = (
				B1C7054E2CDBA31A00B3A649 /* objcdocengine */,
			);
			path = include;
			sourceTree = "<group>";
		};
		B1C7056A2CDBA31A00B3A649 /* objcdocengine_impl */ = {
			isa = PBXGroup;
			children = (
				B1C705502CDBA31A00B3A649 /* doc_basic_object_impl.h */,
				B1C705512CDBA31A00B3A649 /* doc_basic_objects_iterator_impl.h */,
				B1C705522CDBA31A00B3A649 /* doc_document_impl.h */,
				B1C705532CDBA31A00B3A649 /* doc_document_info_impl.h */,
				B1C705542CDBA31A00B3A649 /* doc_documents_iterator_impl.h */,
				B1C705552CDBA31A00B3A649 /* doc_engine_impl.h */,
				B1C705562CDBA31A00B3A649 /* doc_external_processor_impl.h */,
				B1C705572CDBA31A00B3A649 /* doc_feedback_impl.h */,
				B1C705582CDBA31A00B3A649 /* doc_fields_impl.h */,
				B1C705592CDBA31A00B3A649 /* doc_fields_iterators_impl.h */,
				B1C7055A2CDBA31A00B3A649 /* doc_graphical_structure_impl.h */,
				B1C7055B2CDBA31A00B3A649 /* doc_objects_collection_impl.h */,
				B1C7055C2CDBA31A00B3A649 /* doc_objects_collections_iterator_impl.h */,
				B1C7055D2CDBA31A00B3A649 /* doc_objects_impl.h */,
				B1C7055E2CDBA31A00B3A649 /* doc_physical_document_impl.h */,
				B1C7055F2CDBA31A00B3A649 /* doc_physical_document_iterators_impl.h */,
				B1C705602CDBA31A00B3A649 /* doc_processing_settings_impl.h */,
				B1C705612CDBA31A00B3A649 /* doc_proxy_impl.h */,
				B1C705622CDBA31A00B3A649 /* doc_result_impl.h */,
				B1C705632CDBA31A00B3A649 /* doc_session_impl.h */,
				B1C705642CDBA31A00B3A649 /* doc_session_settings_impl.h */,
				B1C705652CDBA31A00B3A649 /* doc_tags_collection_impl.h */,
				B1C705662CDBA31A00B3A649 /* doc_video_session_impl.h */,
				B1C705672CDBA31A00B3A649 /* doc_view_impl.h */,
				B1C705682CDBA31A00B3A649 /* doc_views_collection_impl.h */,
				B1C705692CDBA31A00B3A649 /* doc_views_iterator_impl.h */,
			);
			path = objcdocengine_impl;
			sourceTree = "<group>";
		};
		B1C7056B2CDBA31A00B3A649 /* include_impl */ = {
			isa = PBXGroup;
			children = (
				B1C7056A2CDBA31A00B3A649 /* objcdocengine_impl */,
			);
			path = include_impl;
			sourceTree = "<group>";
		};
		B1C7056E2CDBA31A00B3A649 /* doc_basic_object */ = {
			isa = PBXGroup;
			children = (
				B1C7056C2CDBA31A00B3A649 /* base_object_info.mm */,
				B1C7056D2CDBA31A00B3A649 /* basic_object.mm */,
			);
			path = doc_basic_object;
			sourceTree = "<group>";
		};
		B1C705722CDBA31A00B3A649 /* doc_basic_objects_iterator */ = {
			isa = PBXGroup;
			children = (
				B1C7056F2CDBA31A00B3A649 /* cross_slice_iter.mm */,
				B1C705702CDBA31A00B3A649 /* iter_obj.mm */,
				B1C705712CDBA31A00B3A649 /* slice_iter_obj.mm */,
			);
			path = doc_basic_objects_iterator;
			sourceTree = "<group>";
		};
		B1C705742CDBA31A00B3A649 /* doc_document */ = {
			isa = PBXGroup;
			children = (
				B1C705732CDBA31A00B3A649 /* document.mm */,
			);
			path = doc_document;
			sourceTree = "<group>";
		};
		B1C705762CDBA31A00B3A649 /* doc_document_info */ = {
			isa = PBXGroup;
			children = (
				B1C705752CDBA31A00B3A649 /* info.mm */,
			);
			path = doc_document_info;
			sourceTree = "<group>";
		};
		B1C705792CDBA31A00B3A649 /* doc_documents_iterator */ = {
			isa = PBXGroup;
			children = (
				B1C705772CDBA31A00B3A649 /* iter_doc.mm */,
				B1C705782CDBA31A00B3A649 /* slice_iter_doc.mm */,
			);
			path = doc_documents_iterator;
			sourceTree = "<group>";
		};
		B1C7057B2CDBA31A00B3A649 /* doc_engine */ = {
			isa = PBXGroup;
			children = (
				B1C7057A2CDBA31A00B3A649 /* doc_engine.mm */,
			);
			path = doc_engine;
			sourceTree = "<group>";
		};
		B1C7057D2CDBA31A00B3A649 /* doc_external_processor */ = {
			isa = PBXGroup;
			children = (
				B1C7057C2CDBA31A00B3A649 /* processing_args.mm */,
			);
			path = doc_external_processor;
			sourceTree = "<group>";
		};
		B1C7057F2CDBA31A00B3A649 /* doc_feedback */ = {
			isa = PBXGroup;
			children = (
				B1C7057E2CDBA31A00B3A649 /* doc_container.mm */,
			);
			path = doc_feedback;
			sourceTree = "<group>";
		};
		B1C705872CDBA31A00B3A649 /* doc_fields */ = {
			isa = PBXGroup;
			children = (
				B1C705802CDBA31A00B3A649 /* doc_barcode_field.mm */,
				B1C705812CDBA31A00B3A649 /* doc_base_field_info.mm */,
				B1C705822CDBA31A00B3A649 /* doc_checkbox_field.mm */,
				B1C705832CDBA31A00B3A649 /* doc_image_field.mm */,
				B1C705842CDBA31A00B3A649 /* doc_table_field.mm */,
				B1C705852CDBA31A00B3A649 /* doc_text_field.mm */,
				B1C705862CDBA31A00B3A649 /* forensic.mm */,
			);
			path = doc_fields;
			sourceTree = "<group>";
		};
		B1C7058E2CDBA31A00B3A649 /* doc_fields_iterators */ = {
			isa = PBXGroup;
			children = (
				B1C705882CDBA31A00B3A649 /* barcode_iterator.mm */,
				B1C705892CDBA31A00B3A649 /* checkbox_iterator.mm */,
				B1C7058A2CDBA31A00B3A649 /* forensic_iterator.mm */,
				B1C7058B2CDBA31A00B3A649 /* image_iterator.mm */,
				B1C7058C2CDBA31A00B3A649 /* table_iterator.mm */,
				B1C7058D2CDBA31A00B3A649 /* text_iterator.mm */,
			);
			path = doc_fields_iterators;
			sourceTree = "<group>";
		};
		B1C705902CDBA31A00B3A649 /* doc_graphical_structure */ = {
			isa = PBXGroup;
			children = (
				B1C7058F2CDBA31A00B3A649 /* graphical.mm */,
			);
			path = doc_graphical_structure;
			sourceTree = "<group>";
		};
		B1C7059C2CDBA31A00B3A649 /* doc_objects */ = {
			isa = PBXGroup;
			children = (
				B1C705912CDBA31A00B3A649 /* doc_barcode_obj.mm */,
				B1C705922CDBA31A00B3A649 /* doc_checkbox_obj.mm */,
				B1C705932CDBA31A00B3A649 /* doc_image_obj.mm */,
				B1C705942CDBA31A00B3A649 /* doc_mark_obj.mm */,
				B1C705952CDBA31A00B3A649 /* doc_table_obj.mm */,
				B1C705962CDBA31A00B3A649 /* doc_text_obj.mm */,
				B1C705972CDBA31A00B3A649 /* line.mm */,
				B1C705982CDBA31A00B3A649 /* meta.mm */,
				B1C705992CDBA31A00B3A649 /* multi_string_text.mm */,
				B1C7059A2CDBA31A00B3A649 /* template.mm */,
				B1C7059B2CDBA31A00B3A649 /* zone.mm */,
			);
			path = doc_objects;
			sourceTree = "<group>";
		};
		B1C7059E2CDBA31A00B3A649 /* doc_objects_collection */ = {
			isa = PBXGroup;
			children = (
				B1C7059D2CDBA31A00B3A649 /* doc_obj_collection.mm */,
			);
			path = doc_objects_collection;
			sourceTree = "<group>";
		};
		B1C705A12CDBA31A00B3A649 /* doc_objects_collections_iterator */ = {
			isa = PBXGroup;
			children = (
				B1C7059F2CDBA31A00B3A649 /* iter_obj_collections.mm */,
				B1C705A02CDBA31A00B3A649 /* slice_iter_obj_collections.mm */,
			);
			path = doc_objects_collections_iterator;
			sourceTree = "<group>";
		};
		B1C705A32CDBA31A00B3A649 /* doc_physical_document */ = {
			isa = PBXGroup;
			children = (
				B1C705A22CDBA31A00B3A649 /* doc_physical_document.mm */,
			);
			path = doc_physical_document;
			sourceTree = "<group>";
		};
		B1C705A52CDBA31A00B3A649 /* doc_physical_document_iterators */ = {
			isa = PBXGroup;
			children = (
				B1C705A42CDBA31A00B3A649 /* doc_physical_document_iterators.mm */,
			);
			path = doc_physical_document_iterators;
			sourceTree = "<group>";
		};
		B1C705A72CDBA31A00B3A649 /* doc_processing_settings */ = {
			isa = PBXGroup;
			children = (
				B1C705A62CDBA31A00B3A649 /* processing_settings.mm */,
			);
			path = doc_processing_settings;
			sourceTree = "<group>";
		};
		B1C705A92CDBA31A00B3A649 /* doc_result */ = {
			isa = PBXGroup;
			children = (
				B1C705A82CDBA31A00B3A649 /* doc_result.mm */,
			);
			path = doc_result;
			sourceTree = "<group>";
		};
		B1C705AB2CDBA31A00B3A649 /* doc_session */ = {
			isa = PBXGroup;
			children = (
				B1C705AA2CDBA31A00B3A649 /* doc_session.mm */,
			);
			path = doc_session;
			sourceTree = "<group>";
		};
		B1C705AD2CDBA31A00B3A649 /* doc_session_settings */ = {
			isa = PBXGroup;
			children = (
				B1C705AC2CDBA31A00B3A649 /* doc_session_settings.mm */,
			);
			path = doc_session_settings;
			sourceTree = "<group>";
		};
		B1C705AF2CDBA31A00B3A649 /* doc_tags_collection */ = {
			isa = PBXGroup;
			children = (
				B1C705AE2CDBA31A00B3A649 /* tags_collection.mm */,
			);
			path = doc_tags_collection;
			sourceTree = "<group>";
		};
		B1C705B12CDBA31A00B3A649 /* doc_video_session */ = {
			isa = PBXGroup;
			children = (
				B1C705B02CDBA31A00B3A649 /* doc_video_session.mm */,
			);
			path = doc_video_session;
			sourceTree = "<group>";
		};
		B1C705B32CDBA31A00B3A649 /* doc_view */ = {
			isa = PBXGroup;
			children = (
				B1C705B22CDBA31A00B3A649 /* view.mm */,
			);
			path = doc_view;
			sourceTree = "<group>";
		};
		B1C705B52CDBA31A00B3A649 /* doc_views_collection */ = {
			isa = PBXGroup;
			children = (
				B1C705B42CDBA31A00B3A649 /* doc_view_collection.mm */,
			);
			path = doc_views_collection;
			sourceTree = "<group>";
		};
		B1C705B82CDBA31A00B3A649 /* doc_views_iterator */ = {
			isa = PBXGroup;
			children = (
				B1C705B62CDBA31A00B3A649 /* doc_view_iter.mm */,
				B1C705B72CDBA31A00B3A649 /* doc_view_slice_iter.mm */,
			);
			path = doc_views_iterator;
			sourceTree = "<group>";
		};
		B1C705BA2CDBA31A00B3A649 /* src */ = {
			isa = PBXGroup;
			children = (
				B1C7056E2CDBA31A00B3A649 /* doc_basic_object */,
				B1C705722CDBA31A00B3A649 /* doc_basic_objects_iterator */,
				B1C705742CDBA31A00B3A649 /* doc_document */,
				B1C705762CDBA31A00B3A649 /* doc_document_info */,
				B1C705792CDBA31A00B3A649 /* doc_documents_iterator */,
				B1C7057B2CDBA31A00B3A649 /* doc_engine */,
				B1C7057D2CDBA31A00B3A649 /* doc_external_processor */,
				B1C7057F2CDBA31A00B3A649 /* doc_feedback */,
				B1C705872CDBA31A00B3A649 /* doc_fields */,
				B1C7058E2CDBA31A00B3A649 /* doc_fields_iterators */,
				B1C705902CDBA31A00B3A649 /* doc_graphical_structure */,
				B1C7059C2CDBA31A00B3A649 /* doc_objects */,
				B1C7059E2CDBA31A00B3A649 /* doc_objects_collection */,
				B1C705A12CDBA31A00B3A649 /* doc_objects_collections_iterator */,
				B1C705A32CDBA31A00B3A649 /* doc_physical_document */,
				B1C705A52CDBA31A00B3A649 /* doc_physical_document_iterators */,
				B1C705A72CDBA31A00B3A649 /* doc_processing_settings */,
				B1C705A92CDBA31A00B3A649 /* doc_result */,
				B1C705AB2CDBA31A00B3A649 /* doc_session */,
				B1C705AD2CDBA31A00B3A649 /* doc_session_settings */,
				B1C705AF2CDBA31A00B3A649 /* doc_tags_collection */,
				B1C705B12CDBA31A00B3A649 /* doc_video_session */,
				B1C705B32CDBA31A00B3A649 /* doc_view */,
				B1C705B52CDBA31A00B3A649 /* doc_views_collection */,
				B1C705B82CDBA31A00B3A649 /* doc_views_iterator */,
				B1C705B92CDBA31A00B3A649 /* doc_proxy.mm */,
			);
			path = src;
			sourceTree = "<group>";
		};
		B1C705BB2CDBA31A00B3A649 /* objcdocengine */ = {
			isa = PBXGroup;
			children = (
				B1C7054F2CDBA31A00B3A649 /* include */,
				B1C7056B2CDBA31A00B3A649 /* include_impl */,
				B1C705BA2CDBA31A00B3A649 /* src */,
			);
			path = objcdocengine;
			sourceTree = "<group>";
		};
		F206C4B026B92C3C000B1621 /* SESmartDocSample */ = {
			isa = PBXGroup;
			children = (
				F206C4B126B92C3C000B1621 /* SmartDocSampleViewController.swift */,
				F206C4B226B92C3C000B1621 /* DocumentTypesTableViewController */,
				F206C4B526B92C3C000B1621 /* SmartDocSampleAppDelegate.swift */,
				F206C4B626B92C3C000B1621 /* ResultTableViewController */,
				F206C4BA26B92C3C000B1621 /* Info.plist */,
			);
			path = SESmartDocSample;
			sourceTree = "<group>";
		};
		F206C4B226B92C3C000B1621 /* DocumentTypesTableViewController */ = {
			isa = PBXGroup;
			children = (
				F206C4B326B92C3C000B1621 /* DocumentTypesListController.swift */,
				F206C4B426B92C3C000B1621 /* DocumentTypeCell.swift */,
			);
			path = DocumentTypesTableViewController;
			sourceTree = "<group>";
		};
		F206C4B626B92C3C000B1621 /* ResultTableViewController */ = {
			isa = PBXGroup;
			children = (
				F206C4B726B92C3C000B1621 /* FieldNameLabel.swift */,
				F206C4B826B92C3C000B1621 /* ImageViewCell.swift */,
				F206C4B926B92C3C000B1621 /* TextFieldCell.swift */,
			);
			path = ResultTableViewController;
			sourceTree = "<group>";
		};
		F206C4C326B92C56000B1621 /* SESmartDoc */ = {
			isa = PBXGroup;
			children = (
				F206C4C826B92C56000B1621 /* Core */,
				F206C4C726B92C56000B1621 /* SmartDoc-Bridging-Header.h */,
			);
			name = SESmartDoc;
			path = ../../SESmartDoc;
			sourceTree = "<group>";
		};
		F206C4C826B92C56000B1621 /* Core */ = {
			isa = PBXGroup;
			children = (
				F206C4CC26B92C56000B1621 /* SmartDocEngineInstance.mm */,
				F206C4CA26B92C56000B1621 /* SmartDocEngineInstance.h */,
			);
			path = Core;
			sourceTree = "<group>";
		};
/* End PBXGroup section */

/* Begin PBXNativeTarget section */
		8402F2F71F7ACC9E00BAE922 /* SESmartDocumentEngineSample */ = {
			isa = PBXNativeTarget;
			buildConfigurationList = 8402F30A1F7ACC9F00BAE922 /* Build configuration list for PBXNativeTarget "SESmartDocumentEngineSample" */;
			buildPhases = (
				8402F2F41F7ACC9E00BAE922 /* Sources */,
				8402F2F51F7ACC9E00BAE922 /* Frameworks */,
				8402F2F61F7ACC9E00BAE922 /* Resources */,
			);
			buildRules = (
			);
			dependencies = (
			);
			name = SESmartDocumentEngineSample;
			productName = "se-smart-id-swift";
			productReference = 8402F2F81F7ACC9F00BAE922 /* SESmartDocumentEngineSample.app */;
			productType = "com.apple.product-type.application";
		};
/* End PBXNativeTarget section */

/* Begin PBXProject section */
		8402F2F01F7ACC9E00BAE922 /* Project object */ = {
			isa = PBXProject;
			attributes = {
				LastSwiftUpdateCheck = 0900;
				LastUpgradeCheck = 1250;
				ORGANIZATIONNAME = com.smartengines;
				TargetAttributes = {
					8402F2F71F7ACC9E00BAE922 = {
						CreatedOnToolsVersion = 9.0;
						LastSwiftMigration = 1100;
						ProvisioningStyle = Automatic;
					};
				};
			};
			buildConfigurationList = 8402F2F31F7ACC9E00BAE922 /* Build configuration list for PBXProject "SESmartDocSample" */;
			compatibilityVersion = "Xcode 8.0";
			developmentRegion = en;
			hasScannedForEncodings = 0;
			knownRegions = (
				en,
				Base,
			);
			mainGroup = 8402F2EF1F7ACC9E00BAE922;
			productRefGroup = 8402F2F91F7ACC9F00BAE922 /* Products */;
			projectDirPath = "";
			projectRoot = "";
			targets = (
				8402F2F71F7ACC9E00BAE922 /* SESmartDocumentEngineSample */,
			);
		};
/* End PBXProject section */

/* Begin PBXResourcesBuildPhase section */
		8402F2F61F7ACC9E00BAE922 /* Resources */ = {
			isa = PBXResourcesBuildPhase;
			buildActionMask = 2147483647;
			files = (
				A9C265882B4DD7FD00E4DAB9 /* data-zip in Resources */,
			);
			runOnlyForDeploymentPostprocessing = 0;
		};
/* End PBXResourcesBuildPhase section */

/* Begin PBXSourcesBuildPhase section */
		8402F2F41F7ACC9E00BAE922 /* Sources */ = {
			isa = PBXSourcesBuildPhase;
			buildActionMask = 2147483647;
			files = (
				A9C266392B4DD9D900E4DAB9 /* se_image.mm in Sources */,
				B1C705BE2CDBA31A00B3A649 /* cross_slice_iter.mm in Sources */,
				F206C4BC26B92C3C000B1621 /* DocumentTypesListController.swift in Sources */,
				A9C266472B4DD9D900E4DAB9 /* ocr_char.mm in Sources */,
				A9C2664A2B4DD9D900E4DAB9 /* serializer.mm in Sources */,
				B1C705E12CDBA31A00B3A649 /* doc_obj_collection.mm in Sources */,
				B1C705C42CDBA31A00B3A649 /* slice_iter_doc.mm in Sources */,
				A9C2663B2B4DD9D900E4DAB9 /* strings_map_iterator.mm in Sources */,
				B1C705C72CDBA31A00B3A649 /* doc_container.mm in Sources */,
				B1C705C32CDBA31A00B3A649 /* iter_doc.mm in Sources */,
				B1C705EA2CDBA31A00B3A649 /* tags_collection.mm in Sources */,
				A9C2663C2B4DD9D900E4DAB9 /* strings_vector_iterator.mm in Sources */,
				B1C705D82CDBA31A00B3A649 /* doc_image_obj.mm in Sources */,
				B1C705E02CDBA31A00B3A649 /* zone.mm in Sources */,
				A9C2663F2B4DD9D900E4DAB9 /* projective_transform.mm in Sources */,
				A9C266412B4DD9D900E4DAB9 /* rect.mm in Sources */,
				B1C705E82CDBA31A00B3A649 /* doc_session.mm in Sources */,
				B1C705D12CDBA31A00B3A649 /* forensic_iterator.mm in Sources */,
				A9C266482B4DD9D900E4DAB9 /* ocr_string.mm in Sources */,
				B1C705D42CDBA31A00B3A649 /* text_iterator.mm in Sources */,
				B1C705BF2CDBA31A00B3A649 /* iter_obj.mm in Sources */,
				A9C266452B4DD9D900E4DAB9 /* set.mm in Sources */,
				B1C705DD2CDBA31A00B3A649 /* meta.mm in Sources */,
				B1C705C12CDBA31A00B3A649 /* document.mm in Sources */,
				B1C705D52CDBA31A00B3A649 /* graphical.mm in Sources */,
				A9C266422B4DD9D900E4DAB9 /* size.mm in Sources */,
				B1C705EC2CDBA31A00B3A649 /* view.mm in Sources */,
				B1C705F02CDBA31A00B3A649 /* doc_proxy.mm in Sources */,
				B1C705EE2CDBA31A00B3A649 /* doc_view_iter.mm in Sources */,
				A9C266492B4DD9D900E4DAB9 /* byte_string.mm in Sources */,
				B1C705CA2CDBA31A00B3A649 /* doc_checkbox_field.mm in Sources */,
				A9C266442B4DD9D900E4DAB9 /* se_common_proxy.mm in Sources */,
				B1C705E52CDBA31A00B3A649 /* doc_physical_document_iterators.mm in Sources */,
				F206C4BD26B92C3C000B1621 /* DocumentTypeCell.swift in Sources */,
				B1C705CD2CDBA31A00B3A649 /* doc_text_field.mm in Sources */,
				B1C705C82CDBA31A00B3A649 /* doc_barcode_field.mm in Sources */,
				B1C705C92CDBA31A00B3A649 /* doc_base_field_info.mm in Sources */,
				B1C705EF2CDBA31A00B3A649 /* doc_view_slice_iter.mm in Sources */,
				B1C705D72CDBA31A00B3A649 /* doc_checkbox_obj.mm in Sources */,
				B1C705CB2CDBA31A00B3A649 /* doc_image_field.mm in Sources */,
				B1C705DF2CDBA31A00B3A649 /* template.mm in Sources */,
				F206C4BF26B92C3C000B1621 /* FieldNameLabel.swift in Sources */,
				B1C705BC2CDBA31A00B3A649 /* base_object_info.mm in Sources */,
				F206C4BB26B92C3C000B1621 /* SmartDocSampleViewController.swift in Sources */,
				B1C705E32CDBA31A00B3A649 /* slice_iter_obj_collections.mm in Sources */,
				B1C705E62CDBA31A00B3A649 /* processing_settings.mm in Sources */,
				B1C705D02CDBA31A00B3A649 /* checkbox_iterator.mm in Sources */,
				B1C705DB2CDBA31A00B3A649 /* doc_text_obj.mm in Sources */,
				B1C705E92CDBA31A00B3A649 /* doc_session_settings.mm in Sources */,
				A9C2663A2B4DD9D900E4DAB9 /* strings_set_iterator.mm in Sources */,
				A9C266432B4DD9D900E4DAB9 /* poly.mm in Sources */,
				F206C4C026B92C3C000B1621 /* ImageViewCell.swift in Sources */,
				B1C705C02CDBA31A00B3A649 /* slice_iter_obj.mm in Sources */,
				B1C705E72CDBA31A00B3A649 /* doc_result.mm in Sources */,
				B1C705DC2CDBA31A00B3A649 /* line.mm in Sources */,
				A9C266402B4DD9D900E4DAB9 /* quad.mm in Sources */,
				F206C4C126B92C3C000B1621 /* TextFieldCell.swift in Sources */,
				F206C4BE26B92C3C000B1621 /* SmartDocSampleAppDelegate.swift in Sources */,
				B1C705D22CDBA31A00B3A649 /* image_iterator.mm in Sources */,
				B1C705C22CDBA31A00B3A649 /* info.mm in Sources */,
				B1C705CE2CDBA31A00B3A649 /* forensic.mm in Sources */,
				B1C705D32CDBA31A00B3A649 /* table_iterator.mm in Sources */,
				B1C705E42CDBA31A00B3A649 /* doc_physical_document.mm in Sources */,
				F206C4D026B92C56000B1621 /* SmartDocEngineInstance.mm in Sources */,
				B1C705C52CDBA31A00B3A649 /* doc_engine.mm in Sources */,
				A9C2664B2B4DD9D900E4DAB9 /* params.mm in Sources */,
				B1C705EB2CDBA31A00B3A649 /* doc_video_session.mm in Sources */,
				B1C705C62CDBA31A00B3A649 /* processing_args.mm in Sources */,
				B1C705D62CDBA31A00B3A649 /* doc_barcode_obj.mm in Sources */,
				A9C2663D2B4DD9D900E4DAB9 /* point.mm in Sources */,
				B1C705E22CDBA31A00B3A649 /* iter_obj_collections.mm in Sources */,
				A9C266462B4DD9D900E4DAB9 /* ocr_char_variant.mm in Sources */,
				A9C2663E2B4DD9D900E4DAB9 /* quads_map_iterator.mm in Sources */,
				B1C705DA2CDBA31A00B3A649 /* doc_table_obj.mm in Sources */,
				B1C705CC2CDBA31A00B3A649 /* doc_table_field.mm in Sources */,
				B1C705CF2CDBA31A00B3A649 /* barcode_iterator.mm in Sources */,
				B1C705ED2CDBA31A00B3A649 /* doc_view_collection.mm in Sources */,
				B1C705DE2CDBA31A00B3A649 /* multi_string_text.mm in Sources */,
				B1C705BD2CDBA31A00B3A649 /* basic_object.mm in Sources */,
				B1C705D92CDBA31A00B3A649 /* doc_mark_obj.mm in Sources */,
			);
			runOnlyForDeploymentPostprocessing = 0;
		};
/* End PBXSourcesBuildPhase section */

/* Begin XCBuildConfiguration section */
		8402F3081F7ACC9F00BAE922 /* Debug */ = {
			isa = XCBuildConfiguration;
			buildSettings = {
				ALWAYS_SEARCH_USER_PATHS = NO;
				CLANG_ANALYZER_NONNULL = YES;
				CLANG_ANALYZER_NUMBER_OBJECT_CONVERSION = YES_AGGRESSIVE;
				CLANG_CXX_LANGUAGE_STANDARD = "gnu++14";
				CLANG_CXX_LIBRARY = "libc++";
				CLANG_ENABLE_MODULES = YES;
				CLANG_ENABLE_OBJC_ARC = YES;
				CLANG_WARN_BLOCK_CAPTURE_AUTORELEASING = YES;
				CLANG_WARN_BOOL_CONVERSION = YES;
				CLANG_WARN_COMMA = YES;
				CLANG_WARN_CONSTANT_CONVERSION = YES;
				CLANG_WARN_DEPRECATED_OBJC_IMPLEMENTATIONS = YES;
				CLANG_WARN_DIRECT_OBJC_ISA_USAGE = YES_ERROR;
				CLANG_WARN_DOCUMENTATION_COMMENTS = YES;
				CLANG_WARN_EMPTY_BODY = YES;
				CLANG_WARN_ENUM_CONVERSION = YES;
				CLANG_WARN_INFINITE_RECURSION = YES;
				CLANG_WARN_INT_CONVERSION = YES;
				CLANG_WARN_NON_LITERAL_NULL_CONVERSION = YES;
				CLANG_WARN_OBJC_IMPLICIT_RETAIN_SELF = YES;
				CLANG_WARN_OBJC_LITERAL_CONVERSION = YES;
				CLANG_WARN_OBJC_ROOT_CLASS = YES_ERROR;
				CLANG_WARN_QUOTED_INCLUDE_IN_FRAMEWORK_HEADER = YES;
				CLANG_WARN_RANGE_LOOP_ANALYSIS = YES;
				CLANG_WARN_STRICT_PROTOTYPES = YES;
				CLANG_WARN_SUSPICIOUS_MOVE = YES;
				CLANG_WARN_UNGUARDED_AVAILABILITY = YES_AGGRESSIVE;
				CLANG_WARN_UNREACHABLE_CODE = YES;
				CLANG_WARN__DUPLICATE_METHOD_MATCH = YES;
				CODE_SIGN_IDENTITY = "iPhone Developer";
				COPY_PHASE_STRIP = NO;
				DEBUG_INFORMATION_FORMAT = dwarf;
				ENABLE_STRICT_OBJC_MSGSEND = YES;
				ENABLE_TESTABILITY = YES;
				GCC_C_LANGUAGE_STANDARD = gnu11;
				GCC_DYNAMIC_NO_PIC = NO;
				GCC_NO_COMMON_BLOCKS = YES;
				GCC_OPTIMIZATION_LEVEL = 0;
				GCC_PREPROCESSOR_DEFINITIONS = (
					"DEBUG=1",
					"$(inherited)",
				);
				GCC_WARN_64_TO_32_BIT_CONVERSION = YES;
				GCC_WARN_ABOUT_RETURN_TYPE = YES_ERROR;
				GCC_WARN_UNDECLARED_SELECTOR = YES;
				GCC_WARN_UNINITIALIZED_AUTOS = YES_AGGRESSIVE;
				GCC_WARN_UNUSED_FUNCTION = YES;
				GCC_WARN_UNUSED_VARIABLE = YES;
				IPHONEOS_DEPLOYMENT_TARGET = 12.0;
				MTL_ENABLE_DEBUG_INFO = YES;
				ONLY_ACTIVE_ARCH = YES;
				SDKROOT = iphoneos;
				SWIFT_ACTIVE_COMPILATION_CONDITIONS = DEBUG;
				SWIFT_OPTIMIZATION_LEVEL = "-Onone";
			};
			name = Debug;
		};
		8402F3091F7ACC9F00BAE922 /* Release */ = {
			isa = XCBuildConfiguration;
			buildSettings = {
				ALWAYS_SEARCH_USER_PATHS = NO;
				CLANG_ANALYZER_NONNULL = YES;
				CLANG_ANALYZER_NUMBER_OBJECT_CONVERSION = YES_AGGRESSIVE;
				CLANG_CXX_LANGUAGE_STANDARD = "gnu++14";
				CLANG_CXX_LIBRARY = "libc++";
				CLANG_ENABLE_MODULES = YES;
				CLANG_ENABLE_OBJC_ARC = YES;
				CLANG_WARN_BLOCK_CAPTURE_AUTORELEASING = YES;
				CLANG_WARN_BOOL_CONVERSION = YES;
				CLANG_WARN_COMMA = YES;
				CLANG_WARN_CONSTANT_CONVERSION = YES;
				CLANG_WARN_DEPRECATED_OBJC_IMPLEMENTATIONS = YES;
				CLANG_WARN_DIRECT_OBJC_ISA_USAGE = YES_ERROR;
				CLANG_WARN_DOCUMENTATION_COMMENTS = YES;
				CLANG_WARN_EMPTY_BODY = YES;
				CLANG_WARN_ENUM_CONVERSION = YES;
				CLANG_WARN_INFINITE_RECURSION = YES;
				CLANG_WARN_INT_CONVERSION = YES;
				CLANG_WARN_NON_LITERAL_NULL_CONVERSION = YES;
				CLANG_WARN_OBJC_IMPLICIT_RETAIN_SELF = YES;
				CLANG_WARN_OBJC_LITERAL_CONVERSION = YES;
				CLANG_WARN_OBJC_ROOT_CLASS = YES_ERROR;
				CLANG_WARN_QUOTED_INCLUDE_IN_FRAMEWORK_HEADER = YES;
				CLANG_WARN_RANGE_LOOP_ANALYSIS = YES;
				CLANG_WARN_STRICT_PROTOTYPES = YES;
				CLANG_WARN_SUSPICIOUS_MOVE = YES;
				CLANG_WARN_UNGUARDED_AVAILABILITY = YES_AGGRESSIVE;
				CLANG_WARN_UNREACHABLE_CODE = YES;
				CLANG_WARN__DUPLICATE_METHOD_MATCH = YES;
				CODE_SIGN_IDENTITY = "iPhone Developer";
				COPY_PHASE_STRIP = NO;
				DEBUG_INFORMATION_FORMAT = "dwarf-with-dsym";
				ENABLE_NS_ASSERTIONS = NO;
				ENABLE_STRICT_OBJC_MSGSEND = YES;
				GCC_C_LANGUAGE_STANDARD = gnu11;
				GCC_NO_COMMON_BLOCKS = YES;
				GCC_WARN_64_TO_32_BIT_CONVERSION = YES;
				GCC_WARN_ABOUT_RETURN_TYPE = YES_ERROR;
				GCC_WARN_UNDECLARED_SELECTOR = YES;
				GCC_WARN_UNINITIALIZED_AUTOS = YES_AGGRESSIVE;
				GCC_WARN_UNUSED_FUNCTION = YES;
				GCC_WARN_UNUSED_VARIABLE = YES;
				IPHONEOS_DEPLOYMENT_TARGET = 12.0;
				MTL_ENABLE_DEBUG_INFO = NO;
				SDKROOT = iphoneos;
				SWIFT_COMPILATION_MODE = wholemodule;
				SWIFT_OPTIMIZATION_LEVEL = "-O";
				VALIDATE_PRODUCT = YES;
			};
			name = Release;
		};
		8402F30B1F7ACC9F00BAE922 /* Debug */ = {
			isa = XCBuildConfiguration;
			buildSettings = {
				ASSETCATALOG_COMPILER_APPICON_NAME = AppIcon;
				CLANG_ENABLE_MODULES = YES;
				CODE_SIGN_STYLE = Automatic;
				DEFINES_MODULE = NO;
				DEVELOPMENT_TEAM = WYKYM6UTY3;
				ENABLE_BITCODE = NO;
				FRAMEWORK_SEARCH_PATHS = $SRCROOT/../../SESmartDocCore/lib;
				GCC_C_LANGUAGE_STANDARD = gnu99;
				HEADER_SEARCH_PATHS = (
					$SRCROOT/../../SESmartDocCore/include,
					$SRCROOT/../../SESmartDocCore/wrap/objcsecommon/include,
					$SRCROOT/../../SESmartDocCore/wrap/objcdocengine/include,
					$SRCROOT/../../SESmartDocCore/wrap/objcsecommon/include_impl,
					$SRCROOT/../../SESmartDocCore/wrap/objcdocengine/include_impl,
				);
				INFOPLIST_FILE = "$(SRCROOT)/SESmartDocSample/Info.plist";
				IPHONEOS_DEPLOYMENT_TARGET = 12.0;
				LD_RUNPATH_SEARCH_PATHS = (
					"$(inherited)",
					"@executable_path/Frameworks",
				);
				LIBRARY_SEARCH_PATHS = $SRCROOT/../../SESmartDocCore/lib;
				MARKETING_VERSION = 2.5.0;
				OTHER_SWIFT_FLAGS = "";
				PRODUCT_BUNDLE_IDENTIFIER = com.smartengines.docsample;
				PRODUCT_NAME = "$(TARGET_NAME)";
				SWIFT_OBJC_BRIDGING_HEADER = "../../SESmartDoc/SmartDoc-Bridging-Header.h";
				SWIFT_OPTIMIZATION_LEVEL = "-Onone";
				SWIFT_VERSION = 4.0;
				TARGETED_DEVICE_FAMILY = "1,2";
			};
			name = Debug;
		};
		8402F30C1F7ACC9F00BAE922 /* Release */ = {
			isa = XCBuildConfiguration;
			buildSettings = {
				ASSETCATALOG_COMPILER_APPICON_NAME = AppIcon;
				CLANG_ENABLE_MODULES = YES;
				CODE_SIGN_STYLE = Automatic;
				DEFINES_MODULE = NO;
				DEVELOPMENT_TEAM = WYKYM6UTY3;
				ENABLE_BITCODE = NO;
				FRAMEWORK_SEARCH_PATHS = $SRCROOT/../../SESmartDocCore/lib;
				GCC_C_LANGUAGE_STANDARD = gnu99;
				HEADER_SEARCH_PATHS = (
					$SRCROOT/../../SESmartDocCore/include,
					$SRCROOT/../../SESmartDocCore/wrap/objcsecommon/include,
					$SRCROOT/../../SESmartDocCore/wrap/objcdocengine/include,
					$SRCROOT/../../SESmartDocCore/wrap/objcsecommon/include_impl,
					$SRCROOT/../../SESmartDocCore/wrap/objcdocengine/include_impl,
				);
				INFOPLIST_FILE = "$(SRCROOT)/SESmartDocSample/Info.plist";
				IPHONEOS_DEPLOYMENT_TARGET = 12.0;
				LD_RUNPATH_SEARCH_PATHS = (
					"$(inherited)",
					"@executable_path/Frameworks",
				);
				LIBRARY_SEARCH_PATHS = $SRCROOT/../../SESmartDocCore/lib;
				MARKETING_VERSION = 2.5.0;
				OTHER_SWIFT_FLAGS = "";
				PRODUCT_BUNDLE_IDENTIFIER = com.smartengines.docsample;
				PRODUCT_NAME = "$(TARGET_NAME)";
				SWIFT_OBJC_BRIDGING_HEADER = "../../SESmartDoc/SmartDoc-Bridging-Header.h";
				SWIFT_VERSION = 4.0;
				TARGETED_DEVICE_FAMILY = "1,2";
			};
			name = Release;
		};
/* End XCBuildConfiguration section */

/* Begin XCConfigurationList section */
		8402F2F31F7ACC9E00BAE922 /* Build configuration list for PBXProject "SESmartDocSample" */ = {
			isa = XCConfigurationList;
			buildConfigurations = (
				8402F3081F7ACC9F00BAE922 /* Debug */,
				8402F3091F7ACC9F00BAE922 /* Release */,
			);
			defaultConfigurationIsVisible = 0;
			defaultConfigurationName = Release;
		};
		8402F30A1F7ACC9F00BAE922 /* Build configuration list for PBXNativeTarget "SESmartDocumentEngineSample" */ = {
			isa = XCConfigurationList;
			buildConfigurations = (
				8402F30B1F7ACC9F00BAE922 /* Debug */,
				8402F30C1F7ACC9F00BAE922 /* Release */,
			);
			defaultConfigurationIsVisible = 0;
			defaultConfigurationName = Release;
		};
/* End XCConfigurationList section */
	};
	rootObject = 8402F2F01F7ACC9E00BAE922 /* Project object */;
}
