// !$*UTF8*$!
{
	archiveVersion = 1;
	classes = {
	};
	objectVersion = 54;
	objects = {

/* Begin PBXBuildFile section */
		8402F3D11F7ACF4600BAE922 /* AVFoundation.framework in Frameworks */ = {isa = PBXBuildFile; fileRef = 8402F3D01F7ACF4600BAE922 /* AVFoundation.framework */; };
		8402F3D31F7ACF5D00BAE922 /* CoreImage.framework in Frameworks */ = {isa = PBXBuildFile; fileRef = 8402F3D21F7ACF5D00BAE922 /* CoreImage.framework */; };
		8402F3D51F7ACF6900BAE922 /* CoreFoundation.framework in Frameworks */ = {isa = PBXBuildFile; fileRef = 8402F3D41F7ACF6900BAE922 /* CoreFoundation.framework */; };
		8402F3D71F7ACF8E00BAE922 /* CoreVideo.framework in Frameworks */ = {isa = PBXBuildFile; fileRef = 8402F3D61F7ACF8D00BAE922 /* CoreVideo.framework */; };
		8402F3D91F7ACFAA00BAE922 /* CoreMedia.framework in Frameworks */ = {isa = PBXBuildFile; fileRef = 8402F3D81F7ACFAA00BAE922 /* CoreMedia.framework */; };
		A7B9DEFB2DC24C7F001EE7CF /* doc_forensic_check_obj.mm in Sources */ = {isa = PBXBuildFile; fileRef = A7B9DEF42DC24C7F001EE7CF /* doc_forensic_check_obj.mm */; };
		A7B9DEFC2DC24C7F001EE7CF /* doc_multi_string_text_obj.mm in Sources */ = {isa = PBXBuildFile; fileRef = A7B9DEF72DC24C7F001EE7CF /* doc_multi_string_text_obj.mm */; };
		A7B9DEFD2DC24C7F001EE7CF /* doc_zone_obj.mm in Sources */ = {isa = PBXBuildFile; fileRef = A7B9DEFA2DC24C7F001EE7CF /* doc_zone_obj.mm */; };
		A7B9DEFE2DC24C7F001EE7CF /* doc_template_obj.mm in Sources */ = {isa = PBXBuildFile; fileRef = A7B9DEF82DC24C7F001EE7CF /* doc_template_obj.mm */; };
		A7B9DEFF2DC24C7F001EE7CF /* doc_line_obj.mm in Sources */ = {isa = PBXBuildFile; fileRef = A7B9DEF52DC24C7F001EE7CF /* doc_line_obj.mm */; };
		A7B9DF002DC24C7F001EE7CF /* doc_text_line_obj.mm in Sources */ = {isa = PBXBuildFile; fileRef = A7B9DEF92DC24C7F001EE7CF /* doc_text_line_obj.mm */; };
		A7B9DF012DC24C7F001EE7CF /* doc_meta_obj.mm in Sources */ = {isa = PBXBuildFile; fileRef = A7B9DEF62DC24C7F001EE7CF /* doc_meta_obj.mm */; };
		A7B9DF042DC24CFC001EE7CF /* doc_forensic_check_field.mm in Sources */ = {isa = PBXBuildFile; fileRef = A7B9DF022DC24CFC001EE7CF /* doc_forensic_check_field.mm */; };
		A7B9DF052DC24CFC001EE7CF /* doc_forensic_field.mm in Sources */ = {isa = PBXBuildFile; fileRef = A7B9DF032DC24CFC001EE7CF /* doc_forensic_field.mm */; };
		A7B9DF0D2DC24D31001EE7CF /* doc_checkbox_iter.mm in Sources */ = {isa = PBXBuildFile; fileRef = A7B9DF072DC24D31001EE7CF /* doc_checkbox_iter.mm */; };
		A7B9DF0E2DC24D31001EE7CF /* doc_barcode_iter.mm in Sources */ = {isa = PBXBuildFile; fileRef = A7B9DF062DC24D31001EE7CF /* doc_barcode_iter.mm */; };
		A7B9DF0F2DC24D31001EE7CF /* doc_meta_iter.mm in Sources */ = {isa = PBXBuildFile; fileRef = A7B9DF0A2DC24D31001EE7CF /* doc_meta_iter.mm */; };
		A7B9DF102DC24D31001EE7CF /* doc_table_iter.mm in Sources */ = {isa = PBXBuildFile; fileRef = A7B9DF0B2DC24D31001EE7CF /* doc_table_iter.mm */; };
		A7B9DF112DC24D31001EE7CF /* doc_text_iter.mm in Sources */ = {isa = PBXBuildFile; fileRef = A7B9DF0C2DC24D31001EE7CF /* doc_text_iter.mm */; };
		A7B9DF122DC24D31001EE7CF /* doc_image_iter.mm in Sources */ = {isa = PBXBuildFile; fileRef = A7B9DF092DC24D31001EE7CF /* doc_image_iter.mm */; };
		A7B9DF132DC24D31001EE7CF /* doc_forensic_check_iter.mm in Sources */ = {isa = PBXBuildFile; fileRef = A7B9DF082DC24D31001EE7CF /* doc_forensic_check_iter.mm */; };
		A7B9DF152DC24D78001EE7CF /* forensic_check_iterator.mm in Sources */ = {isa = PBXBuildFile; fileRef = A7B9DF142DC24D78001EE7CF /* forensic_check_iterator.mm */; };
		A7CB1E4B2D847313007EAE6D /* base_object_info.mm in Sources */ = {isa = PBXBuildFile; fileRef = A7CB1DCA2D847313007EAE6D /* base_object_info.mm */; };
		A7CB1E4C2D847313007EAE6D /* basic_object.mm in Sources */ = {isa = PBXBuildFile; fileRef = A7CB1DCB2D847313007EAE6D /* basic_object.mm */; };
		A7CB1E4D2D847313007EAE6D /* cross_slice_iter.mm in Sources */ = {isa = PBXBuildFile; fileRef = A7CB1DCD2D847313007EAE6D /* cross_slice_iter.mm */; };
		A7CB1E4E2D847313007EAE6D /* iter_obj.mm in Sources */ = {isa = PBXBuildFile; fileRef = A7CB1DCE2D847313007EAE6D /* iter_obj.mm */; };
		A7CB1E4F2D847313007EAE6D /* slice_iter_obj.mm in Sources */ = {isa = PBXBuildFile; fileRef = A7CB1DCF2D847313007EAE6D /* slice_iter_obj.mm */; };
		A7CB1E502D847313007EAE6D /* document.mm in Sources */ = {isa = PBXBuildFile; fileRef = A7CB1DD12D847313007EAE6D /* document.mm */; };
		A7CB1E512D847313007EAE6D /* field_info.mm in Sources */ = {isa = PBXBuildFile; fileRef = A7CB1DD32D847313007EAE6D /* field_info.mm */; };
		A7CB1E522D847313007EAE6D /* iter_fields.mm in Sources */ = {isa = PBXBuildFile; fileRef = A7CB1DD52D847313007EAE6D /* iter_fields.mm */; };
		A7CB1E532D847313007EAE6D /* info.mm in Sources */ = {isa = PBXBuildFile; fileRef = A7CB1DD72D847313007EAE6D /* info.mm */; };
		A7CB1E542D847313007EAE6D /* iter_doc.mm in Sources */ = {isa = PBXBuildFile; fileRef = A7CB1DD92D847313007EAE6D /* iter_doc.mm */; };
		A7CB1E552D847313007EAE6D /* slice_iter_doc.mm in Sources */ = {isa = PBXBuildFile; fileRef = A7CB1DDA2D847313007EAE6D /* slice_iter_doc.mm */; };
		A7CB1E562D847313007EAE6D /* doc_engine.mm in Sources */ = {isa = PBXBuildFile; fileRef = A7CB1DDC2D847313007EAE6D /* doc_engine.mm */; };
		A7CB1E572D847313007EAE6D /* processing_args.mm in Sources */ = {isa = PBXBuildFile; fileRef = A7CB1DDE2D847313007EAE6D /* processing_args.mm */; };
		A7CB1E582D847313007EAE6D /* doc_container.mm in Sources */ = {isa = PBXBuildFile; fileRef = A7CB1DE02D847313007EAE6D /* doc_container.mm */; };
		A7CB1E592D847313007EAE6D /* doc_barcode_field.mm in Sources */ = {isa = PBXBuildFile; fileRef = A7CB1DE22D847313007EAE6D /* doc_barcode_field.mm */; };
		A7CB1E5A2D847313007EAE6D /* doc_base_field_info.mm in Sources */ = {isa = PBXBuildFile; fileRef = A7CB1DE32D847313007EAE6D /* doc_base_field_info.mm */; };
		A7CB1E5B2D847313007EAE6D /* doc_checkbox_field.mm in Sources */ = {isa = PBXBuildFile; fileRef = A7CB1DE42D847313007EAE6D /* doc_checkbox_field.mm */; };
		A7CB1E5C2D847313007EAE6D /* doc_image_field.mm in Sources */ = {isa = PBXBuildFile; fileRef = A7CB1DE52D847313007EAE6D /* doc_image_field.mm */; };
		A7CB1E5D2D847313007EAE6D /* doc_table_field.mm in Sources */ = {isa = PBXBuildFile; fileRef = A7CB1DE62D847313007EAE6D /* doc_table_field.mm */; };
		A7CB1E5E2D847313007EAE6D /* doc_text_field.mm in Sources */ = {isa = PBXBuildFile; fileRef = A7CB1DE72D847313007EAE6D /* doc_text_field.mm */; };
		A7CB1E602D847313007EAE6D /* barcode_iterator.mm in Sources */ = {isa = PBXBuildFile; fileRef = A7CB1DEA2D847313007EAE6D /* barcode_iterator.mm */; };
		A7CB1E612D847313007EAE6D /* checkbox_iterator.mm in Sources */ = {isa = PBXBuildFile; fileRef = A7CB1DEB2D847313007EAE6D /* checkbox_iterator.mm */; };
		A7CB1E622D847313007EAE6D /* forensic_iterator.mm in Sources */ = {isa = PBXBuildFile; fileRef = A7CB1DEC2D847313007EAE6D /* forensic_iterator.mm */; };
		A7CB1E632D847313007EAE6D /* image_iterator.mm in Sources */ = {isa = PBXBuildFile; fileRef = A7CB1DED2D847313007EAE6D /* image_iterator.mm */; };
		A7CB1E642D847313007EAE6D /* table_iterator.mm in Sources */ = {isa = PBXBuildFile; fileRef = A7CB1DEE2D847313007EAE6D /* table_iterator.mm */; };
		A7CB1E652D847313007EAE6D /* text_iterator.mm in Sources */ = {isa = PBXBuildFile; fileRef = A7CB1DEF2D847313007EAE6D /* text_iterator.mm */; };
		A7CB1E662D847313007EAE6D /* graphical.mm in Sources */ = {isa = PBXBuildFile; fileRef = A7CB1DF12D847313007EAE6D /* graphical.mm */; };
		A7CB1E672D847313007EAE6D /* doc_barcode_obj.mm in Sources */ = {isa = PBXBuildFile; fileRef = A7CB1DF32D847313007EAE6D /* doc_barcode_obj.mm */; };
		A7CB1E682D847313007EAE6D /* doc_checkbox_obj.mm in Sources */ = {isa = PBXBuildFile; fileRef = A7CB1DF42D847313007EAE6D /* doc_checkbox_obj.mm */; };
		A7CB1E692D847313007EAE6D /* doc_image_obj.mm in Sources */ = {isa = PBXBuildFile; fileRef = A7CB1DF52D847313007EAE6D /* doc_image_obj.mm */; };
		A7CB1E6A2D847313007EAE6D /* doc_mark_obj.mm in Sources */ = {isa = PBXBuildFile; fileRef = A7CB1DF62D847313007EAE6D /* doc_mark_obj.mm */; };
		A7CB1E6B2D847313007EAE6D /* doc_table_obj.mm in Sources */ = {isa = PBXBuildFile; fileRef = A7CB1DF72D847313007EAE6D /* doc_table_obj.mm */; };
		A7CB1E6C2D847313007EAE6D /* doc_text_obj.mm in Sources */ = {isa = PBXBuildFile; fileRef = A7CB1DF82D847313007EAE6D /* doc_text_obj.mm */; };
		A7CB1E722D847313007EAE6D /* doc_obj_collection.mm in Sources */ = {isa = PBXBuildFile; fileRef = A7CB1DFF2D847313007EAE6D /* doc_obj_collection.mm */; };
		A7CB1E732D847313007EAE6D /* iter_obj_collections.mm in Sources */ = {isa = PBXBuildFile; fileRef = A7CB1E012D847313007EAE6D /* iter_obj_collections.mm */; };
		A7CB1E742D847313007EAE6D /* slice_iter_obj_collections.mm in Sources */ = {isa = PBXBuildFile; fileRef = A7CB1E022D847313007EAE6D /* slice_iter_obj_collections.mm */; };
		A7CB1E752D847313007EAE6D /* doc_physical_document.mm in Sources */ = {isa = PBXBuildFile; fileRef = A7CB1E042D847313007EAE6D /* doc_physical_document.mm */; };
		A7CB1E762D847313007EAE6D /* doc_physical_document_iterators.mm in Sources */ = {isa = PBXBuildFile; fileRef = A7CB1E062D847313007EAE6D /* doc_physical_document_iterators.mm */; };
		A7CB1E772D847313007EAE6D /* processing_settings.mm in Sources */ = {isa = PBXBuildFile; fileRef = A7CB1E082D847313007EAE6D /* processing_settings.mm */; };
		A7CB1E782D847313007EAE6D /* doc_result.mm in Sources */ = {isa = PBXBuildFile; fileRef = A7CB1E0A2D847313007EAE6D /* doc_result.mm */; };
		A7CB1E792D847313007EAE6D /* doc_session.mm in Sources */ = {isa = PBXBuildFile; fileRef = A7CB1E0C2D847313007EAE6D /* doc_session.mm */; };
		A7CB1E7A2D847313007EAE6D /* doc_session_settings.mm in Sources */ = {isa = PBXBuildFile; fileRef = A7CB1E0E2D847313007EAE6D /* doc_session_settings.mm */; };
		A7CB1E7B2D847313007EAE6D /* tags_collection.mm in Sources */ = {isa = PBXBuildFile; fileRef = A7CB1E102D847313007EAE6D /* tags_collection.mm */; };
		A7CB1E7C2D847313007EAE6D /* doc_video_session.mm in Sources */ = {isa = PBXBuildFile; fileRef = A7CB1E122D847313007EAE6D /* doc_video_session.mm */; };
		A7CB1E7D2D847313007EAE6D /* view.mm in Sources */ = {isa = PBXBuildFile; fileRef = A7CB1E142D847313007EAE6D /* view.mm */; };
		A7CB1E7E2D847313007EAE6D /* doc_view_collection.mm in Sources */ = {isa = PBXBuildFile; fileRef = A7CB1E162D847313007EAE6D /* doc_view_collection.mm */; };
		A7CB1E7F2D847313007EAE6D /* doc_view_iter.mm in Sources */ = {isa = PBXBuildFile; fileRef = A7CB1E182D847313007EAE6D /* doc_view_iter.mm */; };
		A7CB1E802D847313007EAE6D /* doc_view_slice_iter.mm in Sources */ = {isa = PBXBuildFile; fileRef = A7CB1E192D847313007EAE6D /* doc_view_slice_iter.mm */; };
		A7CB1E812D847313007EAE6D /* doc_proxy.mm in Sources */ = {isa = PBXBuildFile; fileRef = A7CB1E1B2D847313007EAE6D /* doc_proxy.mm */; };
		A7CB1E822D847313007EAE6D /* point.mm in Sources */ = {isa = PBXBuildFile; fileRef = A7CB1E302D847313007EAE6D /* point.mm */; };
		A7CB1E832D847313007EAE6D /* poly.mm in Sources */ = {isa = PBXBuildFile; fileRef = A7CB1E312D847313007EAE6D /* poly.mm */; };
		A7CB1E842D847313007EAE6D /* projective_transform.mm in Sources */ = {isa = PBXBuildFile; fileRef = A7CB1E322D847313007EAE6D /* projective_transform.mm */; };
		A7CB1E852D847313007EAE6D /* quad.mm in Sources */ = {isa = PBXBuildFile; fileRef = A7CB1E332D847313007EAE6D /* quad.mm */; };
		A7CB1E862D847313007EAE6D /* quads_map_iterator.mm in Sources */ = {isa = PBXBuildFile; fileRef = A7CB1E342D847313007EAE6D /* quads_map_iterator.mm */; };
		A7CB1E872D847313007EAE6D /* rect.mm in Sources */ = {isa = PBXBuildFile; fileRef = A7CB1E352D847313007EAE6D /* rect.mm */; };
		A7CB1E882D847313007EAE6D /* size.mm in Sources */ = {isa = PBXBuildFile; fileRef = A7CB1E362D847313007EAE6D /* size.mm */; };
		A7CB1E892D847313007EAE6D /* se_image.mm in Sources */ = {isa = PBXBuildFile; fileRef = A7CB1E382D847313007EAE6D /* se_image.mm */; };
		A7CB1E8A2D847313007EAE6D /* params.mm in Sources */ = {isa = PBXBuildFile; fileRef = A7CB1E3A2D847313007EAE6D /* params.mm */; };
		A7CB1E8B2D847313007EAE6D /* serializer.mm in Sources */ = {isa = PBXBuildFile; fileRef = A7CB1E3B2D847313007EAE6D /* serializer.mm */; };
		A7CB1E8C2D847313007EAE6D /* byte_string.mm in Sources */ = {isa = PBXBuildFile; fileRef = A7CB1E3D2D847313007EAE6D /* byte_string.mm */; };
		A7CB1E8D2D847313007EAE6D /* ocr_char_variant.mm in Sources */ = {isa = PBXBuildFile; fileRef = A7CB1E3E2D847313007EAE6D /* ocr_char_variant.mm */; };
		A7CB1E8E2D847313007EAE6D /* ocr_char.mm in Sources */ = {isa = PBXBuildFile; fileRef = A7CB1E3F2D847313007EAE6D /* ocr_char.mm */; };
		A7CB1E8F2D847313007EAE6D /* ocr_string.mm in Sources */ = {isa = PBXBuildFile; fileRef = A7CB1E402D847313007EAE6D /* ocr_string.mm */; };
		A7CB1E902D847313007EAE6D /* strings_map_iterator.mm in Sources */ = {isa = PBXBuildFile; fileRef = A7CB1E422D847313007EAE6D /* strings_map_iterator.mm */; };
		A7CB1E912D847313007EAE6D /* strings_set_iterator.mm in Sources */ = {isa = PBXBuildFile; fileRef = A7CB1E432D847313007EAE6D /* strings_set_iterator.mm */; };
		A7CB1E922D847313007EAE6D /* strings_vector_iterator.mm in Sources */ = {isa = PBXBuildFile; fileRef = A7CB1E442D847313007EAE6D /* strings_vector_iterator.mm */; };
		A7CB1E932D847313007EAE6D /* set.mm in Sources */ = {isa = PBXBuildFile; fileRef = A7CB1E462D847313007EAE6D /* set.mm */; };
		A7CB1E942D847313007EAE6D /* se_common_proxy.mm in Sources */ = {isa = PBXBuildFile; fileRef = A7CB1E482D847313007EAE6D /* se_common_proxy.mm */; };
		A995B70C2E74F02C00620C73 /* docengine.xcframework in Frameworks */ = {isa = PBXBuildFile; fileRef = A995B70B2E74F02C00620C73 /* docengine.xcframework */; };
		A9C265882B4DD7FD00E4DAB9 /* data in Resources */ = {isa = PBXBuildFile; fileRef = A9C265872B4DD7FD00E4DAB9 /* data */; };
		F206C4BB26B92C3C000B1621 /* SmartDocSampleViewController.swift in Sources */ = {isa = PBXBuildFile; fileRef = F206C4B126B92C3C000B1621 /* SmartDocSampleViewController.swift */; };
		F206C4BC26B92C3C000B1621 /* DocumentTypesListController.swift in Sources */ = {isa = PBXBuildFile; fileRef = F206C4B326B92C3C000B1621 /* DocumentTypesListController.swift */; };
		F206C4BD26B92C3C000B1621 /* DocumentTypeCell.swift in Sources */ = {isa = PBXBuildFile; fileRef = F206C4B426B92C3C000B1621 /* DocumentTypeCell.swift */; };
		F206C4BE26B92C3C000B1621 /* SmartDocSampleAppDelegate.swift in Sources */ = {isa = PBXBuildFile; fileRef = F206C4B526B92C3C000B1621 /* SmartDocSampleAppDelegate.swift */; };
		F206C4BF26B92C3C000B1621 /* FieldNameLabel.swift in Sources */ = {isa = PBXBuildFile; fileRef = F206C4B726B92C3C000B1621 /* FieldNameLabel.swift */; };
		F206C4C026B92C3C000B1621 /* ImageViewCell.swift in Sources */ = {isa = PBXBuildFile; fileRef = F206C4B826B92C3C000B1621 /* ImageViewCell.swift */; };
		F206C4C126B92C3C000B1621 /* TextFieldCell.swift in Sources */ = {isa = PBXBuildFile; fileRef = F206C4B926B92C3C000B1621 /* TextFieldCell.swift */; };
		F206C4D026B92C56000B1621 /* SmartDocEngineInstance.mm in Sources */ = {isa = PBXBuildFile; fileRef = F206C4CC26B92C56000B1621 /* SmartDocEngineInstance.mm */; };
/* End PBXBuildFile section */

/* Begin PBXFileReference section */
		8402F2F81F7ACC9F00BAE922 /* SESmartDocumentEngineSample.app */ = {isa = PBXFileReference; explicitFileType = wrapper.application; includeInIndex = 0; path = SESmartDocumentEngineSample.app; sourceTree = BUILT_PRODUCTS_DIR; };
		8402F3D01F7ACF4600BAE922 /* AVFoundation.framework */ = {isa = PBXFileReference; lastKnownFileType = wrapper.framework; name = AVFoundation.framework; path = System/Library/Frameworks/AVFoundation.framework; sourceTree = SDKROOT; };
		8402F3D21F7ACF5D00BAE922 /* CoreImage.framework */ = {isa = PBXFileReference; lastKnownFileType = wrapper.framework; name = CoreImage.framework; path = System/Library/Frameworks/CoreImage.framework; sourceTree = SDKROOT; };
		8402F3D41F7ACF6900BAE922 /* CoreFoundation.framework */ = {isa = PBXFileReference; lastKnownFileType = wrapper.framework; name = CoreFoundation.framework; path = System/Library/Frameworks/CoreFoundation.framework; sourceTree = SDKROOT; };
		8402F3D61F7ACF8D00BAE922 /* CoreVideo.framework */ = {isa = PBXFileReference; lastKnownFileType = wrapper.framework; name = CoreVideo.framework; path = System/Library/Frameworks/CoreVideo.framework; sourceTree = SDKROOT; };
		8402F3D81F7ACFAA00BAE922 /* CoreMedia.framework */ = {isa = PBXFileReference; lastKnownFileType = wrapper.framework; name = CoreMedia.framework; path = System/Library/Frameworks/CoreMedia.framework; sourceTree = SDKROOT; };
		A7B9DEF42DC24C7F001EE7CF /* doc_forensic_check_obj.mm */ = {isa = PBXFileReference; lastKnownFileType = sourcecode.cpp.objcpp; path = doc_forensic_check_obj.mm; sourceTree = "<group>"; };
		A7B9DEF52DC24C7F001EE7CF /* doc_line_obj.mm */ = {isa = PBXFileReference; lastKnownFileType = sourcecode.cpp.objcpp; path = doc_line_obj.mm; sourceTree = "<group>"; };
		A7B9DEF62DC24C7F001EE7CF /* doc_meta_obj.mm */ = {isa = PBXFileReference; lastKnownFileType = sourcecode.cpp.objcpp; path = doc_meta_obj.mm; sourceTree = "<group>"; };
		A7B9DEF72DC24C7F001EE7CF /* doc_multi_string_text_obj.mm */ = {isa = PBXFileReference; lastKnownFileType = sourcecode.cpp.objcpp; path = doc_multi_string_text_obj.mm; sourceTree = "<group>"; };
		A7B9DEF82DC24C7F001EE7CF /* doc_template_obj.mm */ = {isa = PBXFileReference; lastKnownFileType = sourcecode.cpp.objcpp; path = doc_template_obj.mm; sourceTree = "<group>"; };
		A7B9DEF92DC24C7F001EE7CF /* doc_text_line_obj.mm */ = {isa = PBXFileReference; lastKnownFileType = sourcecode.cpp.objcpp; path = doc_text_line_obj.mm; sourceTree = "<group>"; };
		A7B9DEFA2DC24C7F001EE7CF /* doc_zone_obj.mm */ = {isa = PBXFileReference; lastKnownFileType = sourcecode.cpp.objcpp; path = doc_zone_obj.mm; sourceTree = "<group>"; };
		A7B9DF022DC24CFC001EE7CF /* doc_forensic_check_field.mm */ = {isa = PBXFileReference; lastKnownFileType = sourcecode.cpp.objcpp; path = doc_forensic_check_field.mm; sourceTree = "<group>"; };
		A7B9DF032DC24CFC001EE7CF /* doc_forensic_field.mm */ = {isa = PBXFileReference; lastKnownFileType = sourcecode.cpp.objcpp; path = doc_forensic_field.mm; sourceTree = "<group>"; };
		A7B9DF062DC24D31001EE7CF /* doc_barcode_iter.mm */ = {isa = PBXFileReference; lastKnownFileType = sourcecode.cpp.objcpp; path = doc_barcode_iter.mm; sourceTree = "<group>"; };
		A7B9DF072DC24D31001EE7CF /* doc_checkbox_iter.mm */ = {isa = PBXFileReference; lastKnownFileType = sourcecode.cpp.objcpp; path = doc_checkbox_iter.mm; sourceTree = "<group>"; };
		A7B9DF082DC24D31001EE7CF /* doc_forensic_check_iter.mm */ = {isa = PBXFileReference; lastKnownFileType = sourcecode.cpp.objcpp; path = doc_forensic_check_iter.mm; sourceTree = "<group>"; };
		A7B9DF092DC24D31001EE7CF /* doc_image_iter.mm */ = {isa = PBXFileReference; lastKnownFileType = sourcecode.cpp.objcpp; path = doc_image_iter.mm; sourceTree = "<group>"; };
		A7B9DF0A2DC24D31001EE7CF /* doc_meta_iter.mm */ = {isa = PBXFileReference; lastKnownFileType = sourcecode.cpp.objcpp; path = doc_meta_iter.mm; sourceTree = "<group>"; };
		A7B9DF0B2DC24D31001EE7CF /* doc_table_iter.mm */ = {isa = PBXFileReference; lastKnownFileType = sourcecode.cpp.objcpp; path = doc_table_iter.mm; sourceTree = "<group>"; };
		A7B9DF0C2DC24D31001EE7CF /* doc_text_iter.mm */ = {isa = PBXFileReference; lastKnownFileType = sourcecode.cpp.objcpp; path = doc_text_iter.mm; sourceTree = "<group>"; };
		A7B9DF142DC24D78001EE7CF /* forensic_check_iterator.mm */ = {isa = PBXFileReference; lastKnownFileType = sourcecode.cpp.objcpp; path = forensic_check_iterator.mm; sourceTree = "<group>"; };
		A7CB1D8E2D847313007EAE6D /* doc_basic_object.h */ = {isa = PBXFileReference; fileEncoding = 4; lastKnownFileType = sourcecode.c.h; path = doc_basic_object.h; sourceTree = "<group>"; };
		A7CB1D8F2D847313007EAE6D /* doc_basic_objects_iterator.h */ = {isa = PBXFileReference; fileEncoding = 4; lastKnownFileType = sourcecode.c.h; path = doc_basic_objects_iterator.h; sourceTree = "<group>"; };
		A7CB1D902D847313007EAE6D /* doc_document_field_info.h */ = {isa = PBXFileReference; fileEncoding = 4; lastKnownFileType = sourcecode.c.h; path = doc_document_field_info.h; sourceTree = "<group>"; };
		A7CB1D912D847313007EAE6D /* doc_document_fields_info_iterator.h */ = {isa = PBXFileReference; fileEncoding = 4; lastKnownFileType = sourcecode.c.h; path = doc_document_fields_info_iterator.h; sourceTree = "<group>"; };
		A7CB1D922D847313007EAE6D /* doc_document_info.h */ = {isa = PBXFileReference; fileEncoding = 4; lastKnownFileType = sourcecode.c.h; path = doc_document_info.h; sourceTree = "<group>"; };
		A7CB1D932D847313007EAE6D /* doc_document.h */ = {isa = PBXFileReference; fileEncoding = 4; lastKnownFileType = sourcecode.c.h; path = doc_document.h; sourceTree = "<group>"; };
		A7CB1D942D847313007EAE6D /* doc_documents_iterator.h */ = {isa = PBXFileReference; fileEncoding = 4; lastKnownFileType = sourcecode.c.h; path = doc_documents_iterator.h; sourceTree = "<group>"; };
		A7CB1D952D847313007EAE6D /* doc_engine.h */ = {isa = PBXFileReference; fileEncoding = 4; lastKnownFileType = sourcecode.c.h; path = doc_engine.h; sourceTree = "<group>"; };
		A7CB1D962D847313007EAE6D /* doc_external_processor.h */ = {isa = PBXFileReference; fileEncoding = 4; lastKnownFileType = sourcecode.c.h; path = doc_external_processor.h; sourceTree = "<group>"; };
		A7CB1D972D847313007EAE6D /* doc_feedback.h */ = {isa = PBXFileReference; fileEncoding = 4; lastKnownFileType = sourcecode.c.h; path = doc_feedback.h; sourceTree = "<group>"; };
		A7CB1D982D847313007EAE6D /* doc_fields_iterators.h */ = {isa = PBXFileReference; fileEncoding = 4; lastKnownFileType = sourcecode.c.h; path = doc_fields_iterators.h; sourceTree = "<group>"; };
		A7CB1D992D847313007EAE6D /* doc_fields.h */ = {isa = PBXFileReference; fileEncoding = 4; lastKnownFileType = sourcecode.c.h; path = doc_fields.h; sourceTree = "<group>"; };
		A7CB1D9A2D847313007EAE6D /* doc_forward_declarations.h */ = {isa = PBXFileReference; fileEncoding = 4; lastKnownFileType = sourcecode.c.h; path = doc_forward_declarations.h; sourceTree = "<group>"; };
		A7CB1D9B2D847313007EAE6D /* doc_graphical_structure.h */ = {isa = PBXFileReference; fileEncoding = 4; lastKnownFileType = sourcecode.c.h; path = doc_graphical_structure.h; sourceTree = "<group>"; };
		A7CB1D9C2D847313007EAE6D /* doc_objects_collection.h */ = {isa = PBXFileReference; fileEncoding = 4; lastKnownFileType = sourcecode.c.h; path = doc_objects_collection.h; sourceTree = "<group>"; };
		A7CB1D9D2D847313007EAE6D /* doc_objects_collections_iterator.h */ = {isa = PBXFileReference; fileEncoding = 4; lastKnownFileType = sourcecode.c.h; path = doc_objects_collections_iterator.h; sourceTree = "<group>"; };
		A7CB1D9E2D847313007EAE6D /* doc_objects.h */ = {isa = PBXFileReference; fileEncoding = 4; lastKnownFileType = sourcecode.c.h; path = doc_objects.h; sourceTree = "<group>"; };
		A7CB1D9F2D847313007EAE6D /* doc_physical_document_iterators.h */ = {isa = PBXFileReference; fileEncoding = 4; lastKnownFileType = sourcecode.c.h; path = doc_physical_document_iterators.h; sourceTree = "<group>"; };
		A7CB1DA02D847313007EAE6D /* doc_physical_document.h */ = {isa = PBXFileReference; fileEncoding = 4; lastKnownFileType = sourcecode.c.h; path = doc_physical_document.h; sourceTree = "<group>"; };
		A7CB1DA12D847313007EAE6D /* doc_processing_settings.h */ = {isa = PBXFileReference; fileEncoding = 4; lastKnownFileType = sourcecode.c.h; path = doc_processing_settings.h; sourceTree = "<group>"; };
		A7CB1DA22D847313007EAE6D /* doc_result.h */ = {isa = PBXFileReference; fileEncoding = 4; lastKnownFileType = sourcecode.c.h; path = doc_result.h; sourceTree = "<group>"; };
		A7CB1DA32D847313007EAE6D /* doc_session_settings.h */ = {isa = PBXFileReference; fileEncoding = 4; lastKnownFileType = sourcecode.c.h; path = doc_session_settings.h; sourceTree = "<group>"; };
		A7CB1DA42D847313007EAE6D /* doc_session.h */ = {isa = PBXFileReference; fileEncoding = 4; lastKnownFileType = sourcecode.c.h; path = doc_session.h; sourceTree = "<group>"; };
		A7CB1DA52D847313007EAE6D /* doc_tags_collection.h */ = {isa = PBXFileReference; fileEncoding = 4; lastKnownFileType = sourcecode.c.h; path = doc_tags_collection.h; sourceTree = "<group>"; };
		A7CB1DA62D847313007EAE6D /* doc_video_session.h */ = {isa = PBXFileReference; fileEncoding = 4; lastKnownFileType = sourcecode.c.h; path = doc_video_session.h; sourceTree = "<group>"; };
		A7CB1DA72D847313007EAE6D /* doc_view.h */ = {isa = PBXFileReference; fileEncoding = 4; lastKnownFileType = sourcecode.c.h; path = doc_view.h; sourceTree = "<group>"; };
		A7CB1DA82D847313007EAE6D /* doc_views_collection.h */ = {isa = PBXFileReference; fileEncoding = 4; lastKnownFileType = sourcecode.c.h; path = doc_views_collection.h; sourceTree = "<group>"; };
		A7CB1DA92D847313007EAE6D /* doc_views_iterator.h */ = {isa = PBXFileReference; fileEncoding = 4; lastKnownFileType = sourcecode.c.h; path = doc_views_iterator.h; sourceTree = "<group>"; };
		A7CB1DAC2D847313007EAE6D /* doc_basic_object_impl.h */ = {isa = PBXFileReference; fileEncoding = 4; lastKnownFileType = sourcecode.c.h; path = doc_basic_object_impl.h; sourceTree = "<group>"; };
		A7CB1DAD2D847313007EAE6D /* doc_basic_objects_iterator_impl.h */ = {isa = PBXFileReference; fileEncoding = 4; lastKnownFileType = sourcecode.c.h; path = doc_basic_objects_iterator_impl.h; sourceTree = "<group>"; };
		A7CB1DAE2D847313007EAE6D /* doc_document_fields_info_impl.h */ = {isa = PBXFileReference; fileEncoding = 4; lastKnownFileType = sourcecode.c.h; path = doc_document_fields_info_impl.h; sourceTree = "<group>"; };
		A7CB1DAF2D847313007EAE6D /* doc_document_fields_info_iterator_impl.h */ = {isa = PBXFileReference; fileEncoding = 4; lastKnownFileType = sourcecode.c.h; path = doc_document_fields_info_iterator_impl.h; sourceTree = "<group>"; };
		A7CB1DB02D847313007EAE6D /* doc_document_impl.h */ = {isa = PBXFileReference; fileEncoding = 4; lastKnownFileType = sourcecode.c.h; path = doc_document_impl.h; sourceTree = "<group>"; };
		A7CB1DB12D847313007EAE6D /* doc_document_info_impl.h */ = {isa = PBXFileReference; fileEncoding = 4; lastKnownFileType = sourcecode.c.h; path = doc_document_info_impl.h; sourceTree = "<group>"; };
		A7CB1DB22D847313007EAE6D /* doc_documents_iterator_impl.h */ = {isa = PBXFileReference; fileEncoding = 4; lastKnownFileType = sourcecode.c.h; path = doc_documents_iterator_impl.h; sourceTree = "<group>"; };
		A7CB1DB32D847313007EAE6D /* doc_engine_impl.h */ = {isa = PBXFileReference; fileEncoding = 4; lastKnownFileType = sourcecode.c.h; path = doc_engine_impl.h; sourceTree = "<group>"; };
		A7CB1DB42D847313007EAE6D /* doc_external_processor_impl.h */ = {isa = PBXFileReference; fileEncoding = 4; lastKnownFileType = sourcecode.c.h; path = doc_external_processor_impl.h; sourceTree = "<group>"; };
		A7CB1DB52D847313007EAE6D /* doc_feedback_impl.h */ = {isa = PBXFileReference; fileEncoding = 4; lastKnownFileType = sourcecode.c.h; path = doc_feedback_impl.h; sourceTree = "<group>"; };
		A7CB1DB62D847313007EAE6D /* doc_fields_impl.h */ = {isa = PBXFileReference; fileEncoding = 4; lastKnownFileType = sourcecode.c.h; path = doc_fields_impl.h; sourceTree = "<group>"; };
		A7CB1DB72D847313007EAE6D /* doc_fields_iterators_impl.h */ = {isa = PBXFileReference; fileEncoding = 4; lastKnownFileType = sourcecode.c.h; path = doc_fields_iterators_impl.h; sourceTree = "<group>"; };
		A7CB1DB82D847313007EAE6D /* doc_graphical_structure_impl.h */ = {isa = PBXFileReference; fileEncoding = 4; lastKnownFileType = sourcecode.c.h; path = doc_graphical_structure_impl.h; sourceTree = "<group>"; };
		A7CB1DB92D847313007EAE6D /* doc_objects_collection_impl.h */ = {isa = PBXFileReference; fileEncoding = 4; lastKnownFileType = sourcecode.c.h; path = doc_objects_collection_impl.h; sourceTree = "<group>"; };
		A7CB1DBA2D847313007EAE6D /* doc_objects_collections_iterator_impl.h */ = {isa = PBXFileReference; fileEncoding = 4; lastKnownFileType = sourcecode.c.h; path = doc_objects_collections_iterator_impl.h; sourceTree = "<group>"; };
		A7CB1DBB2D847313007EAE6D /* doc_objects_impl.h */ = {isa = PBXFileReference; fileEncoding = 4; lastKnownFileType = sourcecode.c.h; path = doc_objects_impl.h; sourceTree = "<group>"; };
		A7CB1DBC2D847313007EAE6D /* doc_physical_document_impl.h */ = {isa = PBXFileReference; fileEncoding = 4; lastKnownFileType = sourcecode.c.h; path = doc_physical_document_impl.h; sourceTree = "<group>"; };
		A7CB1DBD2D847313007EAE6D /* doc_physical_document_iterators_impl.h */ = {isa = PBXFileReference; fileEncoding = 4; lastKnownFileType = sourcecode.c.h; path = doc_physical_document_iterators_impl.h; sourceTree = "<group>"; };
		A7CB1DBE2D847313007EAE6D /* doc_processing_settings_impl.h */ = {isa = PBXFileReference; fileEncoding = 4; lastKnownFileType = sourcecode.c.h; path = doc_processing_settings_impl.h; sourceTree = "<group>"; };
		A7CB1DBF2D847313007EAE6D /* doc_proxy_impl.h */ = {isa = PBXFileReference; fileEncoding = 4; lastKnownFileType = sourcecode.c.h; path = doc_proxy_impl.h; sourceTree = "<group>"; };
		A7CB1DC02D847313007EAE6D /* doc_result_impl.h */ = {isa = PBXFileReference; fileEncoding = 4; lastKnownFileType = sourcecode.c.h; path = doc_result_impl.h; sourceTree = "<group>"; };
		A7CB1DC12D847313007EAE6D /* doc_session_impl.h */ = {isa = PBXFileReference; fileEncoding = 4; lastKnownFileType = sourcecode.c.h; path = doc_session_impl.h; sourceTree = "<group>"; };
		A7CB1DC22D847313007EAE6D /* doc_session_settings_impl.h */ = {isa = PBXFileReference; fileEncoding = 4; lastKnownFileType = sourcecode.c.h; path = doc_session_settings_impl.h; sourceTree = "<group>"; };
		A7CB1DC32D847313007EAE6D /* doc_tags_collection_impl.h */ = {isa = PBXFileReference; fileEncoding = 4; lastKnownFileType = sourcecode.c.h; path = doc_tags_collection_impl.h; sourceTree = "<group>"; };
		A7CB1DC42D847313007EAE6D /* doc_video_session_impl.h */ = {isa = PBXFileReference; fileEncoding = 4; lastKnownFileType = sourcecode.c.h; path = doc_video_session_impl.h; sourceTree = "<group>"; };
		A7CB1DC52D847313007EAE6D /* doc_view_impl.h */ = {isa = PBXFileReference; fileEncoding = 4; lastKnownFileType = sourcecode.c.h; path = doc_view_impl.h; sourceTree = "<group>"; };
		A7CB1DC62D847313007EAE6D /* doc_views_collection_impl.h */ = {isa = PBXFileReference; fileEncoding = 4; lastKnownFileType = sourcecode.c.h; path = doc_views_collection_impl.h; sourceTree = "<group>"; };
		A7CB1DC72D847313007EAE6D /* doc_views_iterator_impl.h */ = {isa = PBXFileReference; fileEncoding = 4; lastKnownFileType = sourcecode.c.h; path = doc_views_iterator_impl.h; sourceTree = "<group>"; };
		A7CB1DCA2D847313007EAE6D /* base_object_info.mm */ = {isa = PBXFileReference; fileEncoding = 4; lastKnownFileType = sourcecode.cpp.objcpp; path = base_object_info.mm; sourceTree = "<group>"; };
		A7CB1DCB2D847313007EAE6D /* basic_object.mm */ = {isa = PBXFileReference; fileEncoding = 4; lastKnownFileType = sourcecode.cpp.objcpp; path = basic_object.mm; sourceTree = "<group>"; };
		A7CB1DCD2D847313007EAE6D /* cross_slice_iter.mm */ = {isa = PBXFileReference; fileEncoding = 4; lastKnownFileType = sourcecode.cpp.objcpp; path = cross_slice_iter.mm; sourceTree = "<group>"; };
		A7CB1DCE2D847313007EAE6D /* iter_obj.mm */ = {isa = PBXFileReference; fileEncoding = 4; lastKnownFileType = sourcecode.cpp.objcpp; path = iter_obj.mm; sourceTree = "<group>"; };
		A7CB1DCF2D847313007EAE6D /* slice_iter_obj.mm */ = {isa = PBXFileReference; fileEncoding = 4; lastKnownFileType = sourcecode.cpp.objcpp; path = slice_iter_obj.mm; sourceTree = "<group>"; };
		A7CB1DD12D847313007EAE6D /* document.mm */ = {isa = PBXFileReference; fileEncoding = 4; lastKnownFileType = sourcecode.cpp.objcpp; path = document.mm; sourceTree = "<group>"; };
		A7CB1DD32D847313007EAE6D /* field_info.mm */ = {isa = PBXFileReference; fileEncoding = 4; lastKnownFileType = sourcecode.cpp.objcpp; path = field_info.mm; sourceTree = "<group>"; };
		A7CB1DD52D847313007EAE6D /* iter_fields.mm */ = {isa = PBXFileReference; fileEncoding = 4; lastKnownFileType = sourcecode.cpp.objcpp; path = iter_fields.mm; sourceTree = "<group>"; };
		A7CB1DD72D847313007EAE6D /* info.mm */ = {isa = PBXFileReference; fileEncoding = 4; lastKnownFileType = sourcecode.cpp.objcpp; path = info.mm; sourceTree = "<group>"; };
		A7CB1DD92D847313007EAE6D /* iter_doc.mm */ = {isa = PBXFileReference; fileEncoding = 4; lastKnownFileType = sourcecode.cpp.objcpp; path = iter_doc.mm; sourceTree = "<group>"; };
		A7CB1DDA2D847313007EAE6D /* slice_iter_doc.mm */ = {isa = PBXFileReference; fileEncoding = 4; lastKnownFileType = sourcecode.cpp.objcpp; path = slice_iter_doc.mm; sourceTree = "<group>"; };
		A7CB1DDC2D847313007EAE6D /* doc_engine.mm */ = {isa = PBXFileReference; fileEncoding = 4; lastKnownFileType = sourcecode.cpp.objcpp; path = doc_engine.mm; sourceTree = "<group>"; };
		A7CB1DDE2D847313007EAE6D /* processing_args.mm */ = {isa = PBXFileReference; fileEncoding = 4; lastKnownFileType = sourcecode.cpp.objcpp; path = processing_args.mm; sourceTree = "<group>"; };
		A7CB1DE02D847313007EAE6D /* doc_container.mm */ = {isa = PBXFileReference; fileEncoding = 4; lastKnownFileType = sourcecode.cpp.objcpp; path = doc_container.mm; sourceTree = "<group>"; };
		A7CB1DE22D847313007EAE6D /* doc_barcode_field.mm */ = {isa = PBXFileReference; fileEncoding = 4; lastKnownFileType = sourcecode.cpp.objcpp; path = doc_barcode_field.mm; sourceTree = "<group>"; };
		A7CB1DE32D847313007EAE6D /* doc_base_field_info.mm */ = {isa = PBXFileReference; fileEncoding = 4; lastKnownFileType = sourcecode.cpp.objcpp; path = doc_base_field_info.mm; sourceTree = "<group>"; };
		A7CB1DE42D847313007EAE6D /* doc_checkbox_field.mm */ = {isa = PBXFileReference; fileEncoding = 4; lastKnownFileType = sourcecode.cpp.objcpp; path = doc_checkbox_field.mm; sourceTree = "<group>"; };
		A7CB1DE52D847313007EAE6D /* doc_image_field.mm */ = {isa = PBXFileReference; fileEncoding = 4; lastKnownFileType = sourcecode.cpp.objcpp; path = doc_image_field.mm; sourceTree = "<group>"; };
		A7CB1DE62D847313007EAE6D /* doc_table_field.mm */ = {isa = PBXFileReference; fileEncoding = 4; lastKnownFileType = sourcecode.cpp.objcpp; path = doc_table_field.mm; sourceTree = "<group>"; };
		A7CB1DE72D847313007EAE6D /* doc_text_field.mm */ = {isa = PBXFileReference; fileEncoding = 4; lastKnownFileType = sourcecode.cpp.objcpp; path = doc_text_field.mm; sourceTree = "<group>"; };
		A7CB1DEA2D847313007EAE6D /* barcode_iterator.mm */ = {isa = PBXFileReference; fileEncoding = 4; lastKnownFileType = sourcecode.cpp.objcpp; path = barcode_iterator.mm; sourceTree = "<group>"; };
		A7CB1DEB2D847313007EAE6D /* checkbox_iterator.mm */ = {isa = PBXFileReference; fileEncoding = 4; lastKnownFileType = sourcecode.cpp.objcpp; path = checkbox_iterator.mm; sourceTree = "<group>"; };
		A7CB1DEC2D847313007EAE6D /* forensic_iterator.mm */ = {isa = PBXFileReference; fileEncoding = 4; lastKnownFileType = sourcecode.cpp.objcpp; path = forensic_iterator.mm; sourceTree = "<group>"; };
		A7CB1DED2D847313007EAE6D /* image_iterator.mm */ = {isa = PBXFileReference; fileEncoding = 4; lastKnownFileType = sourcecode.cpp.objcpp; path = image_iterator.mm; sourceTree = "<group>"; };
		A7CB1DEE2D847313007EAE6D /* table_iterator.mm */ = {isa = PBXFileReference; fileEncoding = 4; lastKnownFileType = sourcecode.cpp.objcpp; path = table_iterator.mm; sourceTree = "<group>"; };
		A7CB1DEF2D847313007EAE6D /* text_iterator.mm */ = {isa = PBXFileReference; fileEncoding = 4; lastKnownFileType = sourcecode.cpp.objcpp; path = text_iterator.mm; sourceTree = "<group>"; };
		A7CB1DF12D847313007EAE6D /* graphical.mm */ = {isa = PBXFileReference; fileEncoding = 4; lastKnownFileType = sourcecode.cpp.objcpp; path = graphical.mm; sourceTree = "<group>"; };
		A7CB1DF32D847313007EAE6D /* doc_barcode_obj.mm */ = {isa = PBXFileReference; fileEncoding = 4; lastKnownFileType = sourcecode.cpp.objcpp; path = doc_barcode_obj.mm; sourceTree = "<group>"; };
		A7CB1DF42D847313007EAE6D /* doc_checkbox_obj.mm */ = {isa = PBXFileReference; fileEncoding = 4; lastKnownFileType = sourcecode.cpp.objcpp; path = doc_checkbox_obj.mm; sourceTree = "<group>"; };
		A7CB1DF52D847313007EAE6D /* doc_image_obj.mm */ = {isa = PBXFileReference; fileEncoding = 4; lastKnownFileType = sourcecode.cpp.objcpp; path = doc_image_obj.mm; sourceTree = "<group>"; };
		A7CB1DF62D847313007EAE6D /* doc_mark_obj.mm */ = {isa = PBXFileReference; fileEncoding = 4; lastKnownFileType = sourcecode.cpp.objcpp; path = doc_mark_obj.mm; sourceTree = "<group>"; };
		A7CB1DF72D847313007EAE6D /* doc_table_obj.mm */ = {isa = PBXFileReference; fileEncoding = 4; lastKnownFileType = sourcecode.cpp.objcpp; path = doc_table_obj.mm; sourceTree = "<group>"; };
		A7CB1DF82D847313007EAE6D /* doc_text_obj.mm */ = {isa = PBXFileReference; fileEncoding = 4; lastKnownFileType = sourcecode.cpp.objcpp; path = doc_text_obj.mm; sourceTree = "<group>"; };
		A7CB1DFF2D847313007EAE6D /* doc_obj_collection.mm */ = {isa = PBXFileReference; fileEncoding = 4; lastKnownFileType = sourcecode.cpp.objcpp; path = doc_obj_collection.mm; sourceTree = "<group>"; };
		A7CB1E012D847313007EAE6D /* iter_obj_collections.mm */ = {isa = PBXFileReference; fileEncoding = 4; lastKnownFileType = sourcecode.cpp.objcpp; path = iter_obj_collections.mm; sourceTree = "<group>"; };
		A7CB1E022D847313007EAE6D /* slice_iter_obj_collections.mm */ = {isa = PBXFileReference; fileEncoding = 4; lastKnownFileType = sourcecode.cpp.objcpp; path = slice_iter_obj_collections.mm; sourceTree = "<group>"; };
		A7CB1E042D847313007EAE6D /* doc_physical_document.mm */ = {isa = PBXFileReference; fileEncoding = 4; lastKnownFileType = sourcecode.cpp.objcpp; path = doc_physical_document.mm; sourceTree = "<group>"; };
		A7CB1E062D847313007EAE6D /* doc_physical_document_iterators.mm */ = {isa = PBXFileReference; fileEncoding = 4; lastKnownFileType = sourcecode.cpp.objcpp; path = doc_physical_document_iterators.mm; sourceTree = "<group>"; };
		A7CB1E082D847313007EAE6D /* processing_settings.mm */ = {isa = PBXFileReference; fileEncoding = 4; lastKnownFileType = sourcecode.cpp.objcpp; path = processing_settings.mm; sourceTree = "<group>"; };
		A7CB1E0A2D847313007EAE6D /* doc_result.mm */ = {isa = PBXFileReference; fileEncoding = 4; lastKnownFileType = sourcecode.cpp.objcpp; path = doc_result.mm; sourceTree = "<group>"; };
		A7CB1E0C2D847313007EAE6D /* doc_session.mm */ = {isa = PBXFileReference; fileEncoding = 4; lastKnownFileType = sourcecode.cpp.objcpp; path = doc_session.mm; sourceTree = "<group>"; };
		A7CB1E0E2D847313007EAE6D /* doc_session_settings.mm */ = {isa = PBXFileReference; fileEncoding = 4; lastKnownFileType = sourcecode.cpp.objcpp; path = doc_session_settings.mm; sourceTree = "<group>"; };
		A7CB1E102D847313007EAE6D /* tags_collection.mm */ = {isa = PBXFileReference; fileEncoding = 4; lastKnownFileType = sourcecode.cpp.objcpp; path = tags_collection.mm; sourceTree = "<group>"; };
		A7CB1E122D847313007EAE6D /* doc_video_session.mm */ = {isa = PBXFileReference; fileEncoding = 4; lastKnownFileType = sourcecode.cpp.objcpp; path = doc_video_session.mm; sourceTree = "<group>"; };
		A7CB1E142D847313007EAE6D /* view.mm */ = {isa = PBXFileReference; fileEncoding = 4; lastKnownFileType = sourcecode.cpp.objcpp; path = view.mm; sourceTree = "<group>"; };
		A7CB1E162D847313007EAE6D /* doc_view_collection.mm */ = {isa = PBXFileReference; fileEncoding = 4; lastKnownFileType = sourcecode.cpp.objcpp; path = doc_view_collection.mm; sourceTree = "<group>"; };
		A7CB1E182D847313007EAE6D /* doc_view_iter.mm */ = {isa = PBXFileReference; fileEncoding = 4; lastKnownFileType = sourcecode.cpp.objcpp; path = doc_view_iter.mm; sourceTree = "<group>"; };
		A7CB1E192D847313007EAE6D /* doc_view_slice_iter.mm */ = {isa = PBXFileReference; fileEncoding = 4; lastKnownFileType = sourcecode.cpp.objcpp; path = doc_view_slice_iter.mm; sourceTree = "<group>"; };
		A7CB1E1B2D847313007EAE6D /* doc_proxy.mm */ = {isa = PBXFileReference; fileEncoding = 4; lastKnownFileType = sourcecode.cpp.objcpp; path = doc_proxy.mm; sourceTree = "<group>"; };
		A7CB1E1E2D847313007EAE6D /* se_common.h */ = {isa = PBXFileReference; fileEncoding = 4; lastKnownFileType = sourcecode.c.h; path = se_common.h; sourceTree = "<group>"; };
		A7CB1E1F2D847313007EAE6D /* se_geometry.h */ = {isa = PBXFileReference; fileEncoding = 4; lastKnownFileType = sourcecode.c.h; path = se_geometry.h; sourceTree = "<group>"; };
		A7CB1E202D847313007EAE6D /* se_image.h */ = {isa = PBXFileReference; fileEncoding = 4; lastKnownFileType = sourcecode.c.h; path = se_image.h; sourceTree = "<group>"; };
		A7CB1E212D847313007EAE6D /* se_serialization.h */ = {isa = PBXFileReference; fileEncoding = 4; lastKnownFileType = sourcecode.c.h; path = se_serialization.h; sourceTree = "<group>"; };
		A7CB1E222D847313007EAE6D /* se_string.h */ = {isa = PBXFileReference; fileEncoding = 4; lastKnownFileType = sourcecode.c.h; path = se_string.h; sourceTree = "<group>"; };
		A7CB1E232D847313007EAE6D /* se_strings_iterator.h */ = {isa = PBXFileReference; fileEncoding = 4; lastKnownFileType = sourcecode.c.h; path = se_strings_iterator.h; sourceTree = "<group>"; };
		A7CB1E242D847313007EAE6D /* se_strings_set.h */ = {isa = PBXFileReference; fileEncoding = 4; lastKnownFileType = sourcecode.c.h; path = se_strings_set.h; sourceTree = "<group>"; };
		A7CB1E272D847313007EAE6D /* se_common_proxy_impl.h */ = {isa = PBXFileReference; fileEncoding = 4; lastKnownFileType = sourcecode.c.h; path = se_common_proxy_impl.h; sourceTree = "<group>"; };
		A7CB1E282D847313007EAE6D /* se_geometry_impl.h */ = {isa = PBXFileReference; fileEncoding = 4; lastKnownFileType = sourcecode.c.h; path = se_geometry_impl.h; sourceTree = "<group>"; };
		A7CB1E292D847313007EAE6D /* se_image_impl.h */ = {isa = PBXFileReference; fileEncoding = 4; lastKnownFileType = sourcecode.c.h; path = se_image_impl.h; sourceTree = "<group>"; };
		A7CB1E2A2D847313007EAE6D /* se_serialization_impl.h */ = {isa = PBXFileReference; fileEncoding = 4; lastKnownFileType = sourcecode.c.h; path = se_serialization_impl.h; sourceTree = "<group>"; };
		A7CB1E2B2D847313007EAE6D /* se_string_impl.h */ = {isa = PBXFileReference; fileEncoding = 4; lastKnownFileType = sourcecode.c.h; path = se_string_impl.h; sourceTree = "<group>"; };
		A7CB1E2C2D847313007EAE6D /* se_strings_iterator_impl.h */ = {isa = PBXFileReference; fileEncoding = 4; lastKnownFileType = sourcecode.c.h; path = se_strings_iterator_impl.h; sourceTree = "<group>"; };
		A7CB1E2D2D847313007EAE6D /* se_strings_set_impl.h */ = {isa = PBXFileReference; fileEncoding = 4; lastKnownFileType = sourcecode.c.h; path = se_strings_set_impl.h; sourceTree = "<group>"; };
		A7CB1E302D847313007EAE6D /* point.mm */ = {isa = PBXFileReference; fileEncoding = 4; lastKnownFileType = sourcecode.cpp.objcpp; path = point.mm; sourceTree = "<group>"; };
		A7CB1E312D847313007EAE6D /* poly.mm */ = {isa = PBXFileReference; fileEncoding = 4; lastKnownFileType = sourcecode.cpp.objcpp; path = poly.mm; sourceTree = "<group>"; };
		A7CB1E322D847313007EAE6D /* projective_transform.mm */ = {isa = PBXFileReference; fileEncoding = 4; lastKnownFileType = sourcecode.cpp.objcpp; path = projective_transform.mm; sourceTree = "<group>"; };
		A7CB1E332D847313007EAE6D /* quad.mm */ = {isa = PBXFileReference; fileEncoding = 4; lastKnownFileType = sourcecode.cpp.objcpp; path = quad.mm; sourceTree = "<group>"; };
		A7CB1E342D847313007EAE6D /* quads_map_iterator.mm */ = {isa = PBXFileReference; fileEncoding = 4; lastKnownFileType = sourcecode.cpp.objcpp; path = quads_map_iterator.mm; sourceTree = "<group>"; };
		A7CB1E352D847313007EAE6D /* rect.mm */ = {isa = PBXFileReference; fileEncoding = 4; lastKnownFileType = sourcecode.cpp.objcpp; path = rect.mm; sourceTree = "<group>"; };
		A7CB1E362D847313007EAE6D /* size.mm */ = {isa = PBXFileReference; fileEncoding = 4; lastKnownFileType = sourcecode.cpp.objcpp; path = size.mm; sourceTree = "<group>"; };
		A7CB1E382D847313007EAE6D /* se_image.mm */ = {isa = PBXFileReference; fileEncoding = 4; lastKnownFileType = sourcecode.cpp.objcpp; path = se_image.mm; sourceTree = "<group>"; };
		A7CB1E3A2D847313007EAE6D /* params.mm */ = {isa = PBXFileReference; fileEncoding = 4; lastKnownFileType = sourcecode.cpp.objcpp; path = params.mm; sourceTree = "<group>"; };
		A7CB1E3B2D847313007EAE6D /* serializer.mm */ = {isa = PBXFileReference; fileEncoding = 4; lastKnownFileType = sourcecode.cpp.objcpp; path = serializer.mm; sourceTree = "<group>"; };
		A7CB1E3D2D847313007EAE6D /* byte_string.mm */ = {isa = PBXFileReference; fileEncoding = 4; lastKnownFileType = sourcecode.cpp.objcpp; path = byte_string.mm; sourceTree = "<group>"; };
		A7CB1E3E2D847313007EAE6D /* ocr_char_variant.mm */ = {isa = PBXFileReference; fileEncoding = 4; lastKnownFileType = sourcecode.cpp.objcpp; path = ocr_char_variant.mm; sourceTree = "<group>"; };
		A7CB1E3F2D847313007EAE6D /* ocr_char.mm */ = {isa = PBXFileReference; fileEncoding = 4; lastKnownFileType = sourcecode.cpp.objcpp; path = ocr_char.mm; sourceTree = "<group>"; };
		A7CB1E402D847313007EAE6D /* ocr_string.mm */ = {isa = PBXFileReference; fileEncoding = 4; lastKnownFileType = sourcecode.cpp.objcpp; path = ocr_string.mm; sourceTree = "<group>"; };
		A7CB1E422D847313007EAE6D /* strings_map_iterator.mm */ = {isa = PBXFileReference; fileEncoding = 4; lastKnownFileType = sourcecode.cpp.objcpp; path = strings_map_iterator.mm; sourceTree = "<group>"; };
		A7CB1E432D847313007EAE6D /* strings_set_iterator.mm */ = {isa = PBXFileReference; fileEncoding = 4; lastKnownFileType = sourcecode.cpp.objcpp; path = strings_set_iterator.mm; sourceTree = "<group>"; };
		A7CB1E442D847313007EAE6D /* strings_vector_iterator.mm */ = {isa = PBXFileReference; fileEncoding = 4; lastKnownFileType = sourcecode.cpp.objcpp; path = strings_vector_iterator.mm; sourceTree = "<group>"; };
		A7CB1E462D847313007EAE6D /* set.mm */ = {isa = PBXFileReference; fileEncoding = 4; lastKnownFileType = sourcecode.cpp.objcpp; path = set.mm; sourceTree = "<group>"; };
		A7CB1E482D847313007EAE6D /* se_common_proxy.mm */ = {isa = PBXFileReference; fileEncoding = 4; lastKnownFileType = sourcecode.cpp.objcpp; path = se_common_proxy.mm; sourceTree = "<group>"; };
		A995B70B2E74F02C00620C73 /* docengine.xcframework */ = {isa = PBXFileReference; lastKnownFileType = wrapper.xcframework; name = docengine.xcframework; path = ../../SESmartDocCore/lib/docengine.xcframework; sourceTree = "<group>"; };
		A9C265872B4DD7FD00E4DAB9 /* data */ = {isa = PBXFileReference; lastKnownFileType = folder; name = data; path = ../../SESmartDocCore/data; sourceTree = "<group>"; };
		F206C4B126B92C3C000B1621 /* SmartDocSampleViewController.swift */ = {isa = PBXFileReference; fileEncoding = 4; lastKnownFileType = sourcecode.swift; path = SmartDocSampleViewController.swift; sourceTree = "<group>"; };
		F206C4B326B92C3C000B1621 /* DocumentTypesListController.swift */ = {isa = PBXFileReference; fileEncoding = 4; lastKnownFileType = sourcecode.swift; path = DocumentTypesListController.swift; sourceTree = "<group>"; };
		F206C4B426B92C3C000B1621 /* DocumentTypeCell.swift */ = {isa = PBXFileReference; fileEncoding = 4; lastKnownFileType = sourcecode.swift; path = DocumentTypeCell.swift; sourceTree = "<group>"; };
		F206C4B526B92C3C000B1621 /* SmartDocSampleAppDelegate.swift */ = {isa = PBXFileReference; fileEncoding = 4; lastKnownFileType = sourcecode.swift; path = SmartDocSampleAppDelegate.swift; sourceTree = "<group>"; };
		F206C4B726B92C3C000B1621 /* FieldNameLabel.swift */ = {isa = PBXFileReference; fileEncoding = 4; lastKnownFileType = sourcecode.swift; path = FieldNameLabel.swift; sourceTree = "<group>"; };
		F206C4B826B92C3C000B1621 /* ImageViewCell.swift */ = {isa = PBXFileReference; fileEncoding = 4; lastKnownFileType = sourcecode.swift; path = ImageViewCell.swift; sourceTree = "<group>"; };
		F206C4B926B92C3C000B1621 /* TextFieldCell.swift */ = {isa = PBXFileReference; fileEncoding = 4; lastKnownFileType = sourcecode.swift; path = TextFieldCell.swift; sourceTree = "<group>"; };
		F206C4BA26B92C3C000B1621 /* Info.plist */ = {isa = PBXFileReference; fileEncoding = 4; lastKnownFileType = text.plist.xml; path = Info.plist; sourceTree = "<group>"; };
		F206C4C726B92C56000B1621 /* SmartDoc-Bridging-Header.h */ = {isa = PBXFileReference; fileEncoding = 4; lastKnownFileType = sourcecode.c.h; path = "SmartDoc-Bridging-Header.h"; sourceTree = "<group>"; };
		F206C4CA26B92C56000B1621 /* SmartDocEngineInstance.h */ = {isa = PBXFileReference; fileEncoding = 4; lastKnownFileType = sourcecode.c.h; path = SmartDocEngineInstance.h; sourceTree = "<group>"; };
		F206C4CC26B92C56000B1621 /* SmartDocEngineInstance.mm */ = {isa = PBXFileReference; fileEncoding = 4; lastKnownFileType = sourcecode.cpp.objcpp; path = SmartDocEngineInstance.mm; sourceTree = "<group>"; };
/* End PBXFileReference section */

/* Begin PBXFrameworksBuildPhase section */
		8402F2F51F7ACC9E00BAE922 /* Frameworks */ = {
			isa = PBXFrameworksBuildPhase;
			buildActionMask = 2147483647;
			files = (
				A995B70C2E74F02C00620C73 /* docengine.xcframework in Frameworks */,
				8402F3D91F7ACFAA00BAE922 /* CoreMedia.framework in Frameworks */,
				8402F3D71F7ACF8E00BAE922 /* CoreVideo.framework in Frameworks */,
				8402F3D51F7ACF6900BAE922 /* CoreFoundation.framework in Frameworks */,
				8402F3D31F7ACF5D00BAE922 /* CoreImage.framework in Frameworks */,
				8402F3D11F7ACF4600BAE922 /* AVFoundation.framework in Frameworks */,
			);
			runOnlyForDeploymentPostprocessing = 0;
		};
/* End PBXFrameworksBuildPhase section */

/* Begin PBXGroup section */
		8402F2EF1F7ACC9E00BAE922 = {
			isa = PBXGroup;
			children = (
				A9C2658B2B4DD9D900E4DAB9 /* wrap */,
				A9C265872B4DD7FD00E4DAB9 /* data */,
				F206C4C326B92C56000B1621 /* SESmartDoc */,
				F206C4B026B92C3C000B1621 /* SESmartDocSample */,
				8402F2F91F7ACC9F00BAE922 /* Products */,
				8402F3121F7ACE1100BAE922 /* Frameworks */,
			);
			sourceTree = "<group>";
		};
		8402F2F91F7ACC9F00BAE922 /* Products */ = {
			isa = PBXGroup;
			children = (
				8402F2F81F7ACC9F00BAE922 /* SESmartDocumentEngineSample.app */,
			);
			name = Products;
			sourceTree = "<group>";
		};
		8402F3121F7ACE1100BAE922 /* Frameworks */ = {
			isa = PBXGroup;
			children = (
				A995B70B2E74F02C00620C73 /* docengine.xcframework */,
				8402F3D81F7ACFAA00BAE922 /* CoreMedia.framework */,
				8402F3D61F7ACF8D00BAE922 /* CoreVideo.framework */,
				8402F3D41F7ACF6900BAE922 /* CoreFoundation.framework */,
				8402F3D21F7ACF5D00BAE922 /* CoreImage.framework */,
				8402F3D01F7ACF4600BAE922 /* AVFoundation.framework */,
			);
			name = Frameworks;
			sourceTree = "<group>";
		};
		A7CB1DAA2D847313007EAE6D /* objcdocengine */ = {
			isa = PBXGroup;
			children = (
				A7CB1D8E2D847313007EAE6D /* doc_basic_object.h */,
				A7CB1D8F2D847313007EAE6D /* doc_basic_objects_iterator.h */,
				A7CB1D902D847313007EAE6D /* doc_document_field_info.h */,
				A7CB1D912D847313007EAE6D /* doc_document_fields_info_iterator.h */,
				A7CB1D922D847313007EAE6D /* doc_document_info.h */,
				A7CB1D932D847313007EAE6D /* doc_document.h */,
				A7CB1D942D847313007EAE6D /* doc_documents_iterator.h */,
				A7CB1D952D847313007EAE6D /* doc_engine.h */,
				A7CB1D962D847313007EAE6D /* doc_external_processor.h */,
				A7CB1D972D847313007EAE6D /* doc_feedback.h */,
				A7CB1D982D847313007EAE6D /* doc_fields_iterators.h */,
				A7CB1D992D847313007EAE6D /* doc_fields.h */,
				A7CB1D9A2D847313007EAE6D /* doc_forward_declarations.h */,
				A7CB1D9B2D847313007EAE6D /* doc_graphical_structure.h */,
				A7CB1D9C2D847313007EAE6D /* doc_objects_collection.h */,
				A7CB1D9D2D847313007EAE6D /* doc_objects_collections_iterator.h */,
				A7CB1D9E2D847313007EAE6D /* doc_objects.h */,
				A7CB1D9F2D847313007EAE6D /* doc_physical_document_iterators.h */,
				A7CB1DA02D847313007EAE6D /* doc_physical_document.h */,
				A7CB1DA12D847313007EAE6D /* doc_processing_settings.h */,
				A7CB1DA22D847313007EAE6D /* doc_result.h */,
				A7CB1DA32D847313007EAE6D /* doc_session_settings.h */,
				A7CB1DA42D847313007EAE6D /* doc_session.h */,
				A7CB1DA52D847313007EAE6D /* doc_tags_collection.h */,
				A7CB1DA62D847313007EAE6D /* doc_video_session.h */,
				A7CB1DA72D847313007EAE6D /* doc_view.h */,
				A7CB1DA82D847313007EAE6D /* doc_views_collection.h */,
				A7CB1DA92D847313007EAE6D /* doc_views_iterator.h */,
			);
			path = objcdocengine;
			sourceTree = "<group>";
		};
		A7CB1DAB2D847313007EAE6D /* include */ = {
			isa = PBXGroup;
			children = (
				A7CB1DAA2D847313007EAE6D /* objcdocengine */,
			);
			path = include;
			sourceTree = "<group>";
		};
		A7CB1DC82D847313007EAE6D /* objcdocengine_impl */ = {
			isa = PBXGroup;
			children = (
				A7CB1DAC2D847313007EAE6D /* doc_basic_object_impl.h */,
				A7CB1DAD2D847313007EAE6D /* doc_basic_objects_iterator_impl.h */,
				A7CB1DAE2D847313007EAE6D /* doc_document_fields_info_impl.h */,
				A7CB1DAF2D847313007EAE6D /* doc_document_fields_info_iterator_impl.h */,
				A7CB1DB02D847313007EAE6D /* doc_document_impl.h */,
				A7CB1DB12D847313007EAE6D /* doc_document_info_impl.h */,
				A7CB1DB22D847313007EAE6D /* doc_documents_iterator_impl.h */,
				A7CB1DB32D847313007EAE6D /* doc_engine_impl.h */,
				A7CB1DB42D847313007EAE6D /* doc_external_processor_impl.h */,
				A7CB1DB52D847313007EAE6D /* doc_feedback_impl.h */,
				A7CB1DB62D847313007EAE6D /* doc_fields_impl.h */,
				A7CB1DB72D847313007EAE6D /* doc_fields_iterators_impl.h */,
				A7CB1DB82D847313007EAE6D /* doc_graphical_structure_impl.h */,
				A7CB1DB92D847313007EAE6D /* doc_objects_collection_impl.h */,
				A7CB1DBA2D847313007EAE6D /* doc_objects_collections_iterator_impl.h */,
				A7CB1DBB2D847313007EAE6D /* doc_objects_impl.h */,
				A7CB1DBC2D847313007EAE6D /* doc_physical_document_impl.h */,
				A7CB1DBD2D847313007EAE6D /* doc_physical_document_iterators_impl.h */,
				A7CB1DBE2D847313007EAE6D /* doc_processing_settings_impl.h */,
				A7CB1DBF2D847313007EAE6D /* doc_proxy_impl.h */,
				A7CB1DC02D847313007EAE6D /* doc_result_impl.h */,
				A7CB1DC12D847313007EAE6D /* doc_session_impl.h */,
				A7CB1DC22D847313007EAE6D /* doc_session_settings_impl.h */,
				A7CB1DC32D847313007EAE6D /* doc_tags_collection_impl.h */,
				A7CB1DC42D847313007EAE6D /* doc_video_session_impl.h */,
				A7CB1DC52D847313007EAE6D /* doc_view_impl.h */,
				A7CB1DC62D847313007EAE6D /* doc_views_collection_impl.h */,
				A7CB1DC72D847313007EAE6D /* doc_views_iterator_impl.h */,
			);
			path = objcdocengine_impl;
			sourceTree = "<group>";
		};
		A7CB1DC92D847313007EAE6D /* include_impl */ = {
			isa = PBXGroup;
			children = (
				A7CB1DC82D847313007EAE6D /* objcdocengine_impl */,
			);
			path = include_impl;
			sourceTree = "<group>";
		};
		A7CB1DCC2D847313007EAE6D /* doc_basic_object */ = {
			isa = PBXGroup;
			children = (
				A7CB1DCA2D847313007EAE6D /* base_object_info.mm */,
				A7CB1DCB2D847313007EAE6D /* basic_object.mm */,
			);
			path = doc_basic_object;
			sourceTree = "<group>";
		};
		A7CB1DD02D847313007EAE6D /* doc_basic_objects_iterator */ = {
			isa = PBXGroup;
			children = (
				A7B9DF062DC24D31001EE7CF /* doc_barcode_iter.mm */,
				A7B9DF072DC24D31001EE7CF /* doc_checkbox_iter.mm */,
				A7B9DF082DC24D31001EE7CF /* doc_forensic_check_iter.mm */,
				A7B9DF092DC24D31001EE7CF /* doc_image_iter.mm */,
				A7B9DF0A2DC24D31001EE7CF /* doc_meta_iter.mm */,
				A7B9DF0B2DC24D31001EE7CF /* doc_table_iter.mm */,
				A7B9DF0C2DC24D31001EE7CF /* doc_text_iter.mm */,
				A7CB1DCD2D847313007EAE6D /* cross_slice_iter.mm */,
				A7CB1DCE2D847313007EAE6D /* iter_obj.mm */,
				A7CB1DCF2D847313007EAE6D /* slice_iter_obj.mm */,
			);
			path = doc_basic_objects_iterator;
			sourceTree = "<group>";
		};
		A7CB1DD22D847313007EAE6D /* doc_document */ = {
			isa = PBXGroup;
			children = (
				A7CB1DD12D847313007EAE6D /* document.mm */,
			);
			path = doc_document;
			sourceTree = "<group>";
		};
		A7CB1DD42D847313007EAE6D /* doc_document_fields_info */ = {
			isa = PBXGroup;
			children = (
				A7CB1DD32D847313007EAE6D /* field_info.mm */,
			);
			path = doc_document_fields_info;
			sourceTree = "<group>";
		};
		A7CB1DD62D847313007EAE6D /* doc_document_fields_info_iterator */ = {
			isa = PBXGroup;
			children = (
				A7CB1DD52D847313007EAE6D /* iter_fields.mm */,
			);
			path = doc_document_fields_info_iterator;
			sourceTree = "<group>";
		};
		A7CB1DD82D847313007EAE6D /* doc_document_info */ = {
			isa = PBXGroup;
			children = (
				A7CB1DD72D847313007EAE6D /* info.mm */,
			);
			path = doc_document_info;
			sourceTree = "<group>";
		};
		A7CB1DDB2D847313007EAE6D /* doc_documents_iterator */ = {
			isa = PBXGroup;
			children = (
				A7CB1DD92D847313007EAE6D /* iter_doc.mm */,
				A7CB1DDA2D847313007EAE6D /* slice_iter_doc.mm */,
			);
			path = doc_documents_iterator;
			sourceTree = "<group>";
		};
		A7CB1DDD2D847313007EAE6D /* doc_engine */ = {
			isa = PBXGroup;
			children = (
				A7CB1DDC2D847313007EAE6D /* doc_engine.mm */,
			);
			path = doc_engine;
			sourceTree = "<group>";
		};
		A7CB1DDF2D847313007EAE6D /* doc_external_processor */ = {
			isa = PBXGroup;
			children = (
				A7CB1DDE2D847313007EAE6D /* processing_args.mm */,
			);
			path = doc_external_processor;
			sourceTree = "<group>";
		};
		A7CB1DE12D847313007EAE6D /* doc_feedback */ = {
			isa = PBXGroup;
			children = (
				A7CB1DE02D847313007EAE6D /* doc_container.mm */,
			);
			path = doc_feedback;
			sourceTree = "<group>";
		};
		A7CB1DE92D847313007EAE6D /* doc_fields */ = {
			isa = PBXGroup;
			children = (
				A7B9DF022DC24CFC001EE7CF /* doc_forensic_check_field.mm */,
				A7B9DF032DC24CFC001EE7CF /* doc_forensic_field.mm */,
				A7CB1DE22D847313007EAE6D /* doc_barcode_field.mm */,
				A7CB1DE32D847313007EAE6D /* doc_base_field_info.mm */,
				A7CB1DE42D847313007EAE6D /* doc_checkbox_field.mm */,
				A7CB1DE52D847313007EAE6D /* doc_image_field.mm */,
				A7CB1DE62D847313007EAE6D /* doc_table_field.mm */,
				A7CB1DE72D847313007EAE6D /* doc_text_field.mm */,
			);
			path = doc_fields;
			sourceTree = "<group>";
		};
		A7CB1DF02D847313007EAE6D /* doc_fields_iterators */ = {
			isa = PBXGroup;
			children = (
				A7B9DF142DC24D78001EE7CF /* forensic_check_iterator.mm */,
				A7CB1DEA2D847313007EAE6D /* barcode_iterator.mm */,
				A7CB1DEB2D847313007EAE6D /* checkbox_iterator.mm */,
				A7CB1DEC2D847313007EAE6D /* forensic_iterator.mm */,
				A7CB1DED2D847313007EAE6D /* image_iterator.mm */,
				A7CB1DEE2D847313007EAE6D /* table_iterator.mm */,
				A7CB1DEF2D847313007EAE6D /* text_iterator.mm */,
			);
			path = doc_fields_iterators;
			sourceTree = "<group>";
		};
		A7CB1DF22D847313007EAE6D /* doc_graphical_structure */ = {
			isa = PBXGroup;
			children = (
				A7CB1DF12D847313007EAE6D /* graphical.mm */,
			);
			path = doc_graphical_structure;
			sourceTree = "<group>";
		};
		A7CB1DFE2D847313007EAE6D /* doc_objects */ = {
			isa = PBXGroup;
			children = (
				A7B9DEF42DC24C7F001EE7CF /* doc_forensic_check_obj.mm */,
				A7B9DEF52DC24C7F001EE7CF /* doc_line_obj.mm */,
				A7B9DEF62DC24C7F001EE7CF /* doc_meta_obj.mm */,
				A7B9DEF72DC24C7F001EE7CF /* doc_multi_string_text_obj.mm */,
				A7B9DEF82DC24C7F001EE7CF /* doc_template_obj.mm */,
				A7B9DEF92DC24C7F001EE7CF /* doc_text_line_obj.mm */,
				A7B9DEFA2DC24C7F001EE7CF /* doc_zone_obj.mm */,
				A7CB1DF32D847313007EAE6D /* doc_barcode_obj.mm */,
				A7CB1DF42D847313007EAE6D /* doc_checkbox_obj.mm */,
				A7CB1DF52D847313007EAE6D /* doc_image_obj.mm */,
				A7CB1DF62D847313007EAE6D /* doc_mark_obj.mm */,
				A7CB1DF72D847313007EAE6D /* doc_table_obj.mm */,
				A7CB1DF82D847313007EAE6D /* doc_text_obj.mm */,
			);
			path = doc_objects;
			sourceTree = "<group>";
		};
		A7CB1E002D847313007EAE6D /* doc_objects_collection */ = {
			isa = PBXGroup;
			children = (
				A7CB1DFF2D847313007EAE6D /* doc_obj_collection.mm */,
			);
			path = doc_objects_collection;
			sourceTree = "<group>";
		};
		A7CB1E032D847313007EAE6D /* doc_objects_collections_iterator */ = {
			isa = PBXGroup;
			children = (
				A7CB1E012D847313007EAE6D /* iter_obj_collections.mm */,
				A7CB1E022D847313007EAE6D /* slice_iter_obj_collections.mm */,
			);
			path = doc_objects_collections_iterator;
			sourceTree = "<group>";
		};
		A7CB1E052D847313007EAE6D /* doc_physical_document */ = {
			isa = PBXGroup;
			children = (
				A7CB1E042D847313007EAE6D /* doc_physical_document.mm */,
			);
			path = doc_physical_document;
			sourceTree = "<group>";
		};
		A7CB1E072D847313007EAE6D /* doc_physical_document_iterators */ = {
			isa = PBXGroup;
			children = (
				A7CB1E062D847313007EAE6D /* doc_physical_document_iterators.mm */,
			);
			path = doc_physical_document_iterators;
			sourceTree = "<group>";
		};
		A7CB1E092D847313007EAE6D /* doc_processing_settings */ = {
			isa = PBXGroup;
			children = (
				A7CB1E082D847313007EAE6D /* processing_settings.mm */,
			);
			path = doc_processing_settings;
			sourceTree = "<group>";
		};
		A7CB1E0B2D847313007EAE6D /* doc_result */ = {
			isa = PBXGroup;
			children = (
				A7CB1E0A2D847313007EAE6D /* doc_result.mm */,
			);
			path = doc_result;
			sourceTree = "<group>";
		};
		A7CB1E0D2D847313007EAE6D /* doc_session */ = {
			isa = PBXGroup;
			children = (
				A7CB1E0C2D847313007EAE6D /* doc_session.mm */,
			);
			path = doc_session;
			sourceTree = "<group>";
		};
		A7CB1E0F2D847313007EAE6D /* doc_session_settings */ = {
			isa = PBXGroup;
			children = (
				A7CB1E0E2D847313007EAE6D /* doc_session_settings.mm */,
			);
			path = doc_session_settings;
			sourceTree = "<group>";
		};
		A7CB1E112D847313007EAE6D /* doc_tags_collection */ = {
			isa = PBXGroup;
			children = (
				A7CB1E102D847313007EAE6D /* tags_collection.mm */,
			);
			path = doc_tags_collection;
			sourceTree = "<group>";
		};
		A7CB1E132D847313007EAE6D /* doc_video_session */ = {
			isa = PBXGroup;
			children = (
				A7CB1E122D847313007EAE6D /* doc_video_session.mm */,
			);
			path = doc_video_session;
			sourceTree = "<group>";
		};
		A7CB1E152D847313007EAE6D /* doc_view */ = {
			isa = PBXGroup;
			children = (
				A7CB1E142D847313007EAE6D /* view.mm */,
			);
			path = doc_view;
			sourceTree = "<group>";
		};
		A7CB1E172D847313007EAE6D /* doc_views_collection */ = {
			isa = PBXGroup;
			children = (
				A7CB1E162D847313007EAE6D /* doc_view_collection.mm */,
			);
			path = doc_views_collection;
			sourceTree = "<group>";
		};
		A7CB1E1A2D847313007EAE6D /* doc_views_iterator */ = {
			isa = PBXGroup;
			children = (
				A7CB1E182D847313007EAE6D /* doc_view_iter.mm */,
				A7CB1E192D847313007EAE6D /* doc_view_slice_iter.mm */,
			);
			path = doc_views_iterator;
			sourceTree = "<group>";
		};
		A7CB1E1C2D847313007EAE6D /* src */ = {
			isa = PBXGroup;
			children = (
				A7CB1DCC2D847313007EAE6D /* doc_basic_object */,
				A7CB1DD02D847313007EAE6D /* doc_basic_objects_iterator */,
				A7CB1DD22D847313007EAE6D /* doc_document */,
				A7CB1DD42D847313007EAE6D /* doc_document_fields_info */,
				A7CB1DD62D847313007EAE6D /* doc_document_fields_info_iterator */,
				A7CB1DD82D847313007EAE6D /* doc_document_info */,
				A7CB1DDB2D847313007EAE6D /* doc_documents_iterator */,
				A7CB1DDD2D847313007EAE6D /* doc_engine */,
				A7CB1DDF2D847313007EAE6D /* doc_external_processor */,
				A7CB1DE12D847313007EAE6D /* doc_feedback */,
				A7CB1DE92D847313007EAE6D /* doc_fields */,
				A7CB1DF02D847313007EAE6D /* doc_fields_iterators */,
				A7CB1DF22D847313007EAE6D /* doc_graphical_structure */,
				A7CB1DFE2D847313007EAE6D /* doc_objects */,
				A7CB1E002D847313007EAE6D /* doc_objects_collection */,
				A7CB1E032D847313007EAE6D /* doc_objects_collections_iterator */,
				A7CB1E052D847313007EAE6D /* doc_physical_document */,
				A7CB1E072D847313007EAE6D /* doc_physical_document_iterators */,
				A7CB1E092D847313007EAE6D /* doc_processing_settings */,
				A7CB1E0B2D847313007EAE6D /* doc_result */,
				A7CB1E0D2D847313007EAE6D /* doc_session */,
				A7CB1E0F2D847313007EAE6D /* doc_session_settings */,
				A7CB1E112D847313007EAE6D /* doc_tags_collection */,
				A7CB1E132D847313007EAE6D /* doc_video_session */,
				A7CB1E152D847313007EAE6D /* doc_view */,
				A7CB1E172D847313007EAE6D /* doc_views_collection */,
				A7CB1E1A2D847313007EAE6D /* doc_views_iterator */,
				A7CB1E1B2D847313007EAE6D /* doc_proxy.mm */,
			);
			path = src;
			sourceTree = "<group>";
		};
		A7CB1E1D2D847313007EAE6D /* objcdocengine */ = {
			isa = PBXGroup;
			children = (
				A7CB1DAB2D847313007EAE6D /* include */,
				A7CB1DC92D847313007EAE6D /* include_impl */,
				A7CB1E1C2D847313007EAE6D /* src */,
			);
			path = objcdocengine;
			sourceTree = "<group>";
		};
		A7CB1E252D847313007EAE6D /* objcsecommon */ = {
			isa = PBXGroup;
			children = (
				A7CB1E1E2D847313007EAE6D /* se_common.h */,
				A7CB1E1F2D847313007EAE6D /* se_geometry.h */,
				A7CB1E202D847313007EAE6D /* se_image.h */,
				A7CB1E212D847313007EAE6D /* se_serialization.h */,
				A7CB1E222D847313007EAE6D /* se_string.h */,
				A7CB1E232D847313007EAE6D /* se_strings_iterator.h */,
				A7CB1E242D847313007EAE6D /* se_strings_set.h */,
			);
			path = objcsecommon;
			sourceTree = "<group>";
		};
		A7CB1E262D847313007EAE6D /* include */ = {
			isa = PBXGroup;
			children = (
				A7CB1E252D847313007EAE6D /* objcsecommon */,
			);
			path = include;
			sourceTree = "<group>";
		};
		A7CB1E2E2D847313007EAE6D /* objcsecommon_impl */ = {
			isa = PBXGroup;
			children = (
				A7CB1E272D847313007EAE6D /* se_common_proxy_impl.h */,
				A7CB1E282D847313007EAE6D /* se_geometry_impl.h */,
				A7CB1E292D847313007EAE6D /* se_image_impl.h */,
				A7CB1E2A2D847313007EAE6D /* se_serialization_impl.h */,
				A7CB1E2B2D847313007EAE6D /* se_string_impl.h */,
				A7CB1E2C2D847313007EAE6D /* se_strings_iterator_impl.h */,
				A7CB1E2D2D847313007EAE6D /* se_strings_set_impl.h */,
			);
			path = objcsecommon_impl;
			sourceTree = "<group>";
		};
		A7CB1E2F2D847313007EAE6D /* include_impl */ = {
			isa = PBXGroup;
			children = (
				A7CB1E2E2D847313007EAE6D /* objcsecommon_impl */,
			);
			path = include_impl;
			sourceTree = "<group>";
		};
		A7CB1E372D847313007EAE6D /* se_geometry */ = {
			isa = PBXGroup;
			children = (
				A7CB1E302D847313007EAE6D /* point.mm */,
				A7CB1E312D847313007EAE6D /* poly.mm */,
				A7CB1E322D847313007EAE6D /* projective_transform.mm */,
				A7CB1E332D847313007EAE6D /* quad.mm */,
				A7CB1E342D847313007EAE6D /* quads_map_iterator.mm */,
				A7CB1E352D847313007EAE6D /* rect.mm */,
				A7CB1E362D847313007EAE6D /* size.mm */,
			);
			path = se_geometry;
			sourceTree = "<group>";
		};
		A7CB1E392D847313007EAE6D /* se_image */ = {
			isa = PBXGroup;
			children = (
				A7CB1E382D847313007EAE6D /* se_image.mm */,
			);
			path = se_image;
			sourceTree = "<group>";
		};
		A7CB1E3C2D847313007EAE6D /* se_serialization */ = {
			isa = PBXGroup;
			children = (
				A7CB1E3A2D847313007EAE6D /* params.mm */,
				A7CB1E3B2D847313007EAE6D /* serializer.mm */,
			);
			path = se_serialization;
			sourceTree = "<group>";
		};
		A7CB1E412D847313007EAE6D /* se_string */ = {
			isa = PBXGroup;
			children = (
				A7CB1E3D2D847313007EAE6D /* byte_string.mm */,
				A7CB1E3E2D847313007EAE6D /* ocr_char_variant.mm */,
				A7CB1E3F2D847313007EAE6D /* ocr_char.mm */,
				A7CB1E402D847313007EAE6D /* ocr_string.mm */,
			);
			path = se_string;
			sourceTree = "<group>";
		};
		A7CB1E452D847313007EAE6D /* se_strings_iterator */ = {
			isa = PBXGroup;
			children = (
				A7CB1E422D847313007EAE6D /* strings_map_iterator.mm */,
				A7CB1E432D847313007EAE6D /* strings_set_iterator.mm */,
				A7CB1E442D847313007EAE6D /* strings_vector_iterator.mm */,
			);
			path = se_strings_iterator;
			sourceTree = "<group>";
		};
		A7CB1E472D847313007EAE6D /* se_strings_set */ = {
			isa = PBXGroup;
			children = (
				A7CB1E462D847313007EAE6D /* set.mm */,
			);
			path = se_strings_set;
			sourceTree = "<group>";
		};
		A7CB1E492D847313007EAE6D /* src */ = {
			isa = PBXGroup;
			children = (
				A7CB1E372D847313007EAE6D /* se_geometry */,
				A7CB1E392D847313007EAE6D /* se_image */,
				A7CB1E3C2D847313007EAE6D /* se_serialization */,
				A7CB1E412D847313007EAE6D /* se_string */,
				A7CB1E452D847313007EAE6D /* se_strings_iterator */,
				A7CB1E472D847313007EAE6D /* se_strings_set */,
				A7CB1E482D847313007EAE6D /* se_common_proxy.mm */,
			);
			path = src;
			sourceTree = "<group>";
		};
		A7CB1E4A2D847313007EAE6D /* objcsecommon */ = {
			isa = PBXGroup;
			children = (
				A7CB1E262D847313007EAE6D /* include */,
				A7CB1E2F2D847313007EAE6D /* include_impl */,
				A7CB1E492D847313007EAE6D /* src */,
			);
			path = objcsecommon;
			sourceTree = "<group>";
		};
		A9C2658B2B4DD9D900E4DAB9 /* wrap */ = {
			isa = PBXGroup;
			children = (
				A7CB1E1D2D847313007EAE6D /* objcdocengine */,
				A7CB1E4A2D847313007EAE6D /* objcsecommon */,
			);
			name = wrap;
			path = ../../SESmartDocCore/wrap;
			sourceTree = "<group>";
		};
		F206C4B026B92C3C000B1621 /* SESmartDocSample */ = {
			isa = PBXGroup;
			children = (
				F206C4B126B92C3C000B1621 /* SmartDocSampleViewController.swift */,
				F206C4B226B92C3C000B1621 /* DocumentTypesTableViewController */,
				F206C4B526B92C3C000B1621 /* SmartDocSampleAppDelegate.swift */,
				F206C4B626B92C3C000B1621 /* ResultTableViewController */,
				F206C4BA26B92C3C000B1621 /* Info.plist */,
			);
			path = SESmartDocSample;
			sourceTree = "<group>";
		};
		F206C4B226B92C3C000B1621 /* DocumentTypesTableViewController */ = {
			isa = PBXGroup;
			children = (
				F206C4B326B92C3C000B1621 /* DocumentTypesListController.swift */,
				F206C4B426B92C3C000B1621 /* DocumentTypeCell.swift */,
			);
			path = DocumentTypesTableViewController;
			sourceTree = "<group>";
		};
		F206C4B626B92C3C000B1621 /* ResultTableViewController */ = {
			isa = PBXGroup;
			children = (
				F206C4B726B92C3C000B1621 /* FieldNameLabel.swift */,
				F206C4B826B92C3C000B1621 /* ImageViewCell.swift */,
				F206C4B926B92C3C000B1621 /* TextFieldCell.swift */,
			);
			path = ResultTableViewController;
			sourceTree = "<group>";
		};
		F206C4C326B92C56000B1621 /* SESmartDoc */ = {
			isa = PBXGroup;
			children = (
				F206C4C826B92C56000B1621 /* Core */,
				F206C4C726B92C56000B1621 /* SmartDoc-Bridging-Header.h */,
			);
			name = SESmartDoc;
			path = ../../SESmartDoc;
			sourceTree = "<group>";
		};
		F206C4C826B92C56000B1621 /* Core */ = {
			isa = PBXGroup;
			children = (
				F206C4CC26B92C56000B1621 /* SmartDocEngineInstance.mm */,
				F206C4CA26B92C56000B1621 /* SmartDocEngineInstance.h */,
			);
			path = Core;
			sourceTree = "<group>";
		};
/* End PBXGroup section */

/* Begin PBXNativeTarget section */
		8402F2F71F7ACC9E00BAE922 /* SESmartDocumentEngineSample */ = {
			isa = PBXNativeTarget;
			buildConfigurationList = 8402F30A1F7ACC9F00BAE922 /* Build configuration list for PBXNativeTarget "SESmartDocumentEngineSample" */;
			buildPhases = (
				8402F2F41F7ACC9E00BAE922 /* Sources */,
				8402F2F51F7ACC9E00BAE922 /* Frameworks */,
				8402F2F61F7ACC9E00BAE922 /* Resources */,
			);
			buildRules = (
			);
			dependencies = (
			);
			name = SESmartDocumentEngineSample;
			productName = "se-smart-id-swift";
			productReference = 8402F2F81F7ACC9F00BAE922 /* SESmartDocumentEngineSample.app */;
			productType = "com.apple.product-type.application";
		};
/* End PBXNativeTarget section */

/* Begin PBXProject section */
		8402F2F01F7ACC9E00BAE922 /* Project object */ = {
			isa = PBXProject;
			attributes = {
				LastSwiftUpdateCheck = 0900;
				LastUpgradeCheck = 1250;
				ORGANIZATIONNAME = com.smartengines;
				TargetAttributes = {
					8402F2F71F7ACC9E00BAE922 = {
						CreatedOnToolsVersion = 9.0;
						LastSwiftMigration = 1100;
						ProvisioningStyle = Automatic;
					};
				};
			};
			buildConfigurationList = 8402F2F31F7ACC9E00BAE922 /* Build configuration list for PBXProject "SESmartDocSample" */;
			compatibilityVersion = "Xcode 8.0";
			developmentRegion = en;
			hasScannedForEncodings = 0;
			knownRegions = (
				en,
				Base,
			);
			mainGroup = 8402F2EF1F7ACC9E00BAE922;
			productRefGroup = 8402F2F91F7ACC9F00BAE922 /* Products */;
			projectDirPath = "";
			projectRoot = "";
			targets = (
				8402F2F71F7ACC9E00BAE922 /* SESmartDocumentEngineSample */,
			);
		};
/* End PBXProject section */

/* Begin PBXResourcesBuildPhase section */
		8402F2F61F7ACC9E00BAE922 /* Resources */ = {
			isa = PBXResourcesBuildPhase;
			buildActionMask = 2147483647;
			files = (
				A9C265882B4DD7FD00E4DAB9 /* data in Resources */,
			);
			runOnlyForDeploymentPostprocessing = 0;
		};
/* End PBXResourcesBuildPhase section */

/* Begin PBXSourcesBuildPhase section */
		8402F2F41F7ACC9E00BAE922 /* Sources */ = {
			isa = PBXSourcesBuildPhase;
			buildActionMask = 2147483647;
			files = (
				A7CB1E842D847313007EAE6D /* projective_transform.mm in Sources */,
				A7CB1E752D847313007EAE6D /* doc_physical_document.mm in Sources */,
				A7CB1E562D847313007EAE6D /* doc_engine.mm in Sources */,
				A7CB1E692D847313007EAE6D /* doc_image_obj.mm in Sources */,
				A7CB1E8A2D847313007EAE6D /* params.mm in Sources */,
				A7CB1E7F2D847313007EAE6D /* doc_view_iter.mm in Sources */,
				A7CB1E522D847313007EAE6D /* iter_fields.mm in Sources */,
				A7CB1E8E2D847313007EAE6D /* ocr_char.mm in Sources */,
				A7CB1E5E2D847313007EAE6D /* doc_text_field.mm in Sources */,
				A7CB1E942D847313007EAE6D /* se_common_proxy.mm in Sources */,
				A7CB1E662D847313007EAE6D /* graphical.mm in Sources */,
				F206C4BC26B92C3C000B1621 /* DocumentTypesListController.swift in Sources */,
				A7CB1E722D847313007EAE6D /* doc_obj_collection.mm in Sources */,
				A7CB1E612D847313007EAE6D /* checkbox_iterator.mm in Sources */,
				F206C4BD26B92C3C000B1621 /* DocumentTypeCell.swift in Sources */,
				A7CB1E642D847313007EAE6D /* table_iterator.mm in Sources */,
				A7CB1E902D847313007EAE6D /* strings_map_iterator.mm in Sources */,
				A7CB1E6A2D847313007EAE6D /* doc_mark_obj.mm in Sources */,
				A7CB1E632D847313007EAE6D /* image_iterator.mm in Sources */,
				A7CB1E782D847313007EAE6D /* doc_result.mm in Sources */,
				A7CB1E892D847313007EAE6D /* se_image.mm in Sources */,
				A7CB1E742D847313007EAE6D /* slice_iter_obj_collections.mm in Sources */,
				A7CB1E802D847313007EAE6D /* doc_view_slice_iter.mm in Sources */,
				A7CB1E5D2D847313007EAE6D /* doc_table_field.mm in Sources */,
				A7CB1E772D847313007EAE6D /* processing_settings.mm in Sources */,
				A7CB1E812D847313007EAE6D /* doc_proxy.mm in Sources */,
				A7CB1E912D847313007EAE6D /* strings_set_iterator.mm in Sources */,
				A7B9DF042DC24CFC001EE7CF /* doc_forensic_check_field.mm in Sources */,
				A7B9DF052DC24CFC001EE7CF /* doc_forensic_field.mm in Sources */,
				A7CB1E8B2D847313007EAE6D /* serializer.mm in Sources */,
				A7CB1E502D847313007EAE6D /* document.mm in Sources */,
				A7CB1E4B2D847313007EAE6D /* base_object_info.mm in Sources */,
				A7CB1E4C2D847313007EAE6D /* basic_object.mm in Sources */,
				A7CB1E652D847313007EAE6D /* text_iterator.mm in Sources */,
				F206C4BF26B92C3C000B1621 /* FieldNameLabel.swift in Sources */,
				A7CB1E762D847313007EAE6D /* doc_physical_document_iterators.mm in Sources */,
				A7CB1E7E2D847313007EAE6D /* doc_view_collection.mm in Sources */,
				A7CB1E602D847313007EAE6D /* barcode_iterator.mm in Sources */,
				A7CB1E7D2D847313007EAE6D /* view.mm in Sources */,
				A7B9DF0D2DC24D31001EE7CF /* doc_checkbox_iter.mm in Sources */,
				A7B9DF0E2DC24D31001EE7CF /* doc_barcode_iter.mm in Sources */,
				A7B9DF0F2DC24D31001EE7CF /* doc_meta_iter.mm in Sources */,
				A7B9DF102DC24D31001EE7CF /* doc_table_iter.mm in Sources */,
				A7B9DF112DC24D31001EE7CF /* doc_text_iter.mm in Sources */,
				A7B9DF122DC24D31001EE7CF /* doc_image_iter.mm in Sources */,
				A7B9DF132DC24D31001EE7CF /* doc_forensic_check_iter.mm in Sources */,
				A7CB1E6B2D847313007EAE6D /* doc_table_obj.mm in Sources */,
				A7CB1E732D847313007EAE6D /* iter_obj_collections.mm in Sources */,
				A7CB1E4E2D847313007EAE6D /* iter_obj.mm in Sources */,
				A7CB1E542D847313007EAE6D /* iter_doc.mm in Sources */,
				A7CB1E4F2D847313007EAE6D /* slice_iter_obj.mm in Sources */,
				A7CB1E852D847313007EAE6D /* quad.mm in Sources */,
				A7CB1E592D847313007EAE6D /* doc_barcode_field.mm in Sources */,
				A7CB1E5A2D847313007EAE6D /* doc_base_field_info.mm in Sources */,
				A7B9DF152DC24D78001EE7CF /* forensic_check_iterator.mm in Sources */,
				F206C4BB26B92C3C000B1621 /* SmartDocSampleViewController.swift in Sources */,
				A7CB1E7C2D847313007EAE6D /* doc_video_session.mm in Sources */,
				A7CB1E672D847313007EAE6D /* doc_barcode_obj.mm in Sources */,
				A7CB1E532D847313007EAE6D /* info.mm in Sources */,
				A7CB1E832D847313007EAE6D /* poly.mm in Sources */,
				A7CB1E552D847313007EAE6D /* slice_iter_doc.mm in Sources */,
				A7CB1E8F2D847313007EAE6D /* ocr_string.mm in Sources */,
				A7CB1E682D847313007EAE6D /* doc_checkbox_obj.mm in Sources */,
				A7CB1E7A2D847313007EAE6D /* doc_session_settings.mm in Sources */,
				A7CB1E5B2D847313007EAE6D /* doc_checkbox_field.mm in Sources */,
				A7CB1E5C2D847313007EAE6D /* doc_image_field.mm in Sources */,
				A7CB1E8D2D847313007EAE6D /* ocr_char_variant.mm in Sources */,
				F206C4C026B92C3C000B1621 /* ImageViewCell.swift in Sources */,
				A7CB1E882D847313007EAE6D /* size.mm in Sources */,
				A7CB1E932D847313007EAE6D /* set.mm in Sources */,
				A7B9DEFB2DC24C7F001EE7CF /* doc_forensic_check_obj.mm in Sources */,
				A7B9DEFC2DC24C7F001EE7CF /* doc_multi_string_text_obj.mm in Sources */,
				A7B9DEFD2DC24C7F001EE7CF /* doc_zone_obj.mm in Sources */,
				A7B9DEFE2DC24C7F001EE7CF /* doc_template_obj.mm in Sources */,
				A7B9DEFF2DC24C7F001EE7CF /* doc_line_obj.mm in Sources */,
				A7B9DF002DC24C7F001EE7CF /* doc_text_line_obj.mm in Sources */,
				A7B9DF012DC24C7F001EE7CF /* doc_meta_obj.mm in Sources */,
				A7CB1E8C2D847313007EAE6D /* byte_string.mm in Sources */,
				F206C4C126B92C3C000B1621 /* TextFieldCell.swift in Sources */,
				A7CB1E792D847313007EAE6D /* doc_session.mm in Sources */,
				A7CB1E6C2D847313007EAE6D /* doc_text_obj.mm in Sources */,
				A7CB1E582D847313007EAE6D /* doc_container.mm in Sources */,
				F206C4BE26B92C3C000B1621 /* SmartDocSampleAppDelegate.swift in Sources */,
				A7CB1E512D847313007EAE6D /* field_info.mm in Sources */,
				A7CB1E922D847313007EAE6D /* strings_vector_iterator.mm in Sources */,
				A7CB1E862D847313007EAE6D /* quads_map_iterator.mm in Sources */,
				A7CB1E822D847313007EAE6D /* point.mm in Sources */,
				A7CB1E872D847313007EAE6D /* rect.mm in Sources */,
				A7CB1E7B2D847313007EAE6D /* tags_collection.mm in Sources */,
				A7CB1E4D2D847313007EAE6D /* cross_slice_iter.mm in Sources */,
				A7CB1E572D847313007EAE6D /* processing_args.mm in Sources */,
				A7CB1E622D847313007EAE6D /* forensic_iterator.mm in Sources */,
				F206C4D026B92C56000B1621 /* SmartDocEngineInstance.mm in Sources */,
			);
			runOnlyForDeploymentPostprocessing = 0;
		};
/* End PBXSourcesBuildPhase section */

/* Begin XCBuildConfiguration section */
		8402F3081F7ACC9F00BAE922 /* Debug */ = {
			isa = XCBuildConfiguration;
			buildSettings = {
				ALWAYS_SEARCH_USER_PATHS = NO;
				CLANG_ANALYZER_NONNULL = YES;
				CLANG_ANALYZER_NUMBER_OBJECT_CONVERSION = YES_AGGRESSIVE;
				CLANG_CXX_LANGUAGE_STANDARD = "gnu++14";
				CLANG_CXX_LIBRARY = "libc++";
				CLANG_ENABLE_MODULES = YES;
				CLANG_ENABLE_OBJC_ARC = YES;
				CLANG_WARN_BLOCK_CAPTURE_AUTORELEASING = YES;
				CLANG_WARN_BOOL_CONVERSION = YES;
				CLANG_WARN_COMMA = YES;
				CLANG_WARN_CONSTANT_CONVERSION = YES;
				CLANG_WARN_DEPRECATED_OBJC_IMPLEMENTATIONS = YES;
				CLANG_WARN_DIRECT_OBJC_ISA_USAGE = YES_ERROR;
				CLANG_WARN_DOCUMENTATION_COMMENTS = YES;
				CLANG_WARN_EMPTY_BODY = YES;
				CLANG_WARN_ENUM_CONVERSION = YES;
				CLANG_WARN_INFINITE_RECURSION = YES;
				CLANG_WARN_INT_CONVERSION = YES;
				CLANG_WARN_NON_LITERAL_NULL_CONVERSION = YES;
				CLANG_WARN_OBJC_IMPLICIT_RETAIN_SELF = YES;
				CLANG_WARN_OBJC_LITERAL_CONVERSION = YES;
				CLANG_WARN_OBJC_ROOT_CLASS = YES_ERROR;
				CLANG_WARN_QUOTED_INCLUDE_IN_FRAMEWORK_HEADER = YES;
				CLANG_WARN_RANGE_LOOP_ANALYSIS = YES;
				CLANG_WARN_STRICT_PROTOTYPES = YES;
				CLANG_WARN_SUSPICIOUS_MOVE = YES;
				CLANG_WARN_UNGUARDED_AVAILABILITY = YES_AGGRESSIVE;
				CLANG_WARN_UNREACHABLE_CODE = YES;
				CLANG_WARN__DUPLICATE_METHOD_MATCH = YES;
				CODE_SIGN_IDENTITY = "iPhone Developer";
				COPY_PHASE_STRIP = NO;
				DEBUG_INFORMATION_FORMAT = dwarf;
				ENABLE_STRICT_OBJC_MSGSEND = YES;
				ENABLE_TESTABILITY = YES;
				GCC_C_LANGUAGE_STANDARD = gnu11;
				GCC_DYNAMIC_NO_PIC = NO;
				GCC_NO_COMMON_BLOCKS = YES;
				GCC_OPTIMIZATION_LEVEL = 0;
				GCC_PREPROCESSOR_DEFINITIONS = (
					"DEBUG=1",
					"$(inherited)",
				);
				GCC_WARN_64_TO_32_BIT_CONVERSION = YES;
				GCC_WARN_ABOUT_RETURN_TYPE = YES_ERROR;
				GCC_WARN_UNDECLARED_SELECTOR = YES;
				GCC_WARN_UNINITIALIZED_AUTOS = YES_AGGRESSIVE;
				GCC_WARN_UNUSED_FUNCTION = YES;
				GCC_WARN_UNUSED_VARIABLE = YES;
				IPHONEOS_DEPLOYMENT_TARGET = 12.0;
				MTL_ENABLE_DEBUG_INFO = YES;
				ONLY_ACTIVE_ARCH = YES;
				SDKROOT = iphoneos;
				SWIFT_ACTIVE_COMPILATION_CONDITIONS = DEBUG;
				SWIFT_OPTIMIZATION_LEVEL = "-Onone";
			};
			name = Debug;
		};
		8402F3091F7ACC9F00BAE922 /* Release */ = {
			isa = XCBuildConfiguration;
			buildSettings = {
				ALWAYS_SEARCH_USER_PATHS = NO;
				CLANG_ANALYZER_NONNULL = YES;
				CLANG_ANALYZER_NUMBER_OBJECT_CONVERSION = YES_AGGRESSIVE;
				CLANG_CXX_LANGUAGE_STANDARD = "gnu++14";
				CLANG_CXX_LIBRARY = "libc++";
				CLANG_ENABLE_MODULES = YES;
				CLANG_ENABLE_OBJC_ARC = YES;
				CLANG_WARN_BLOCK_CAPTURE_AUTORELEASING = YES;
				CLANG_WARN_BOOL_CONVERSION = YES;
				CLANG_WARN_COMMA = YES;
				CLANG_WARN_CONSTANT_CONVERSION = YES;
				CLANG_WARN_DEPRECATED_OBJC_IMPLEMENTATIONS = YES;
				CLANG_WARN_DIRECT_OBJC_ISA_USAGE = YES_ERROR;
				CLANG_WARN_DOCUMENTATION_COMMENTS = YES;
				CLANG_WARN_EMPTY_BODY = YES;
				CLANG_WARN_ENUM_CONVERSION = YES;
				CLANG_WARN_INFINITE_RECURSION = YES;
				CLANG_WARN_INT_CONVERSION = YES;
				CLANG_WARN_NON_LITERAL_NULL_CONVERSION = YES;
				CLANG_WARN_OBJC_IMPLICIT_RETAIN_SELF = YES;
				CLANG_WARN_OBJC_LITERAL_CONVERSION = YES;
				CLANG_WARN_OBJC_ROOT_CLASS = YES_ERROR;
				CLANG_WARN_QUOTED_INCLUDE_IN_FRAMEWORK_HEADER = YES;
				CLANG_WARN_RANGE_LOOP_ANALYSIS = YES;
				CLANG_WARN_STRICT_PROTOTYPES = YES;
				CLANG_WARN_SUSPICIOUS_MOVE = YES;
				CLANG_WARN_UNGUARDED_AVAILABILITY = YES_AGGRESSIVE;
				CLANG_WARN_UNREACHABLE_CODE = YES;
				CLANG_WARN__DUPLICATE_METHOD_MATCH = YES;
				CODE_SIGN_IDENTITY = "iPhone Developer";
				COPY_PHASE_STRIP = NO;
				DEBUG_INFORMATION_FORMAT = "dwarf-with-dsym";
				ENABLE_NS_ASSERTIONS = NO;
				ENABLE_STRICT_OBJC_MSGSEND = YES;
				GCC_C_LANGUAGE_STANDARD = gnu11;
				GCC_NO_COMMON_BLOCKS = YES;
				GCC_WARN_64_TO_32_BIT_CONVERSION = YES;
				GCC_WARN_ABOUT_RETURN_TYPE = YES_ERROR;
				GCC_WARN_UNDECLARED_SELECTOR = YES;
				GCC_WARN_UNINITIALIZED_AUTOS = YES_AGGRESSIVE;
				GCC_WARN_UNUSED_FUNCTION = YES;
				GCC_WARN_UNUSED_VARIABLE = YES;
				IPHONEOS_DEPLOYMENT_TARGET = 12.0;
				MTL_ENABLE_DEBUG_INFO = NO;
				SDKROOT = iphoneos;
				SWIFT_COMPILATION_MODE = wholemodule;
				SWIFT_OPTIMIZATION_LEVEL = "-O";
				VALIDATE_PRODUCT = YES;
			};
			name = Release;
		};
		8402F30B1F7ACC9F00BAE922 /* Debug */ = {
			isa = XCBuildConfiguration;
			buildSettings = {
				ASSETCATALOG_COMPILER_APPICON_NAME = AppIcon;
				CLANG_ENABLE_MODULES = YES;
				CODE_SIGN_STYLE = Automatic;
				DEFINES_MODULE = NO;
				DEVELOPMENT_TEAM = KYUW7Q2N5Q;
				ENABLE_BITCODE = NO;
				FRAMEWORK_SEARCH_PATHS = $SRCROOT/../../SESmartDocCore/lib;
				GCC_C_LANGUAGE_STANDARD = gnu99;
				HEADER_SEARCH_PATHS = (
					$SRCROOT/../../SESmartDocCore/include,
					$SRCROOT/../../SESmartDocCore/wrap/objcsecommon/include,
					$SRCROOT/../../SESmartDocCore/wrap/objcdocengine/include,
					$SRCROOT/../../SESmartDocCore/wrap/objcsecommon/include_impl,
					$SRCROOT/../../SESmartDocCore/wrap/objcdocengine/include_impl,
				);
				INFOPLIST_FILE = "$(SRCROOT)/SESmartDocSample/Info.plist";
				IPHONEOS_DEPLOYMENT_TARGET = 12.0;
				LD_RUNPATH_SEARCH_PATHS = (
					"$(inherited)",
					"@executable_path/Frameworks",
				);
				LIBRARY_SEARCH_PATHS = $SRCROOT/../../SESmartDocCore/lib;
				MARKETING_VERSION = 3.1.0;
				OTHER_SWIFT_FLAGS = "";
				PRODUCT_BUNDLE_IDENTIFIER = com.smartengines.docsample;
				PRODUCT_NAME = "$(TARGET_NAME)";
				SWIFT_OBJC_BRIDGING_HEADER = "../../SESmartDoc/SmartDoc-Bridging-Header.h";
				SWIFT_OPTIMIZATION_LEVEL = "-Onone";
				SWIFT_VERSION = 4.0;
				TARGETED_DEVICE_FAMILY = "1,2";
			};
			name = Debug;
		};
		8402F30C1F7ACC9F00BAE922 /* Release */ = {
			isa = XCBuildConfiguration;
			buildSettings = {
				ASSETCATALOG_COMPILER_APPICON_NAME = AppIcon;
				CLANG_ENABLE_MODULES = YES;
				CODE_SIGN_STYLE = Automatic;
				DEFINES_MODULE = NO;
				DEVELOPMENT_TEAM = KYUW7Q2N5Q;
				ENABLE_BITCODE = NO;
				FRAMEWORK_SEARCH_PATHS = $SRCROOT/../../SESmartDocCore/lib;
				GCC_C_LANGUAGE_STANDARD = gnu99;
				HEADER_SEARCH_PATHS = (
					$SRCROOT/../../SESmartDocCore/include,
					$SRCROOT/../../SESmartDocCore/wrap/objcsecommon/include,
					$SRCROOT/../../SESmartDocCore/wrap/objcdocengine/include,
					$SRCROOT/../../SESmartDocCore/wrap/objcsecommon/include_impl,
					$SRCROOT/../../SESmartDocCore/wrap/objcdocengine/include_impl,
				);
				INFOPLIST_FILE = "$(SRCROOT)/SESmartDocSample/Info.plist";
				IPHONEOS_DEPLOYMENT_TARGET = 12.0;
				LD_RUNPATH_SEARCH_PATHS = (
					"$(inherited)",
					"@executable_path/Frameworks",
				);
				LIBRARY_SEARCH_PATHS = $SRCROOT/../../SESmartDocCore/lib;
				MARKETING_VERSION = 3.1.0;
				OTHER_SWIFT_FLAGS = "";
				PRODUCT_BUNDLE_IDENTIFIER = com.smartengines.docsample;
				PRODUCT_NAME = "$(TARGET_NAME)";
				SWIFT_OBJC_BRIDGING_HEADER = "../../SESmartDoc/SmartDoc-Bridging-Header.h";
				SWIFT_VERSION = 4.0;
				TARGETED_DEVICE_FAMILY = "1,2";
			};
			name = Release;
		};
/* End XCBuildConfiguration section */

/* Begin XCConfigurationList section */
		8402F2F31F7ACC9E00BAE922 /* Build configuration list for PBXProject "SESmartDocSample" */ = {
			isa = XCConfigurationList;
			buildConfigurations = (
				8402F3081F7ACC9F00BAE922 /* Debug */,
				8402F3091F7ACC9F00BAE922 /* Release */,
			);
			defaultConfigurationIsVisible = 0;
			defaultConfigurationName = Release;
		};
		8402F30A1F7ACC9F00BAE922 /* Build configuration list for PBXNativeTarget "SESmartDocumentEngineSample" */ = {
			isa = XCConfigurationList;
			buildConfigurations = (
				8402F30B1F7ACC9F00BAE922 /* Debug */,
				8402F30C1F7ACC9F00BAE922 /* Release */,
			);
			defaultConfigurationIsVisible = 0;
			defaultConfigurationName = Release;
		};
/* End XCConfigurationList section */
	};
	rootObject = 8402F2F01F7ACC9E00BAE922 /* Project object */;
}
